{
  "version": 4,
  "terraform_version": "1.5.7",
  "serial": 22,
  "lineage": "4585fcca-d6a1-8a85-c00a-0bc1e288a954",
  "outputs": {
    "dashboard_files": {
      "value": [
        "franky_testing_main_dashboard.yaml"
      ],
      "type": [
        "set",
        "string"
      ]
    },
    "dashboard_json": {
      "value": {
        "franky_testing_main_dashboard": {
          "description": "FrankyTesting dashboard with configurable groups",
          "layout_type": "ordered",
          "notify_list": [],
          "reflow_type": "fixed",
          "tags": [],
          "template_variables": [
            {
              "available_values": [],
              "default": "prod",
              "name": "env",
              "prefix": "env"
            },
            {
              "available_values": [],
              "default": "asset-accounting",
              "name": "team",
              "prefix": "team"
            },
            {
              "available_values": [],
              "default": "prod-asset-accounting",
              "name": "namespace",
              "prefix": "namespace"
            },
            {
              "available_values": [],
              "default": "asset-accounting-backend",
              "name": "service",
              "prefix": "service"
            },
            {
              "available_values": [],
              "default": "*",
              "name": "account",
              "prefix": "aws_account"
            },
            {
              "available_values": [],
              "default": "*",
              "name": "region",
              "prefix": "region"
            },
            {
              "available_values": [],
              "default": "prod-asset-accounting-20241109-01-0",
              "name": "dbinstance",
              "prefix": "dbinstanceidentifier"
            },
            {
              "available_values": [],
              "default": "*",
              "name": "dbcluster",
              "prefix": "dbclusteridentifier"
            }
          ],
          "title": "[FrankyTesting] Main Dashboard 222222I think we don't need to...",
          "widgets": [
            {
              "definition": {
                "layout_type": "ordered",
                "show_title": true,
                "title": "[FrankyTesting] System Load \u0026 Disk",
                "type": "group",
                "widgets": [
                  {
                    "definition": {
                      "requests": [
                        {
                          "display_type": "line",
                          "on_right_yaxis": false,
                          "queries": [
                            {
                              "data_source": "metrics",
                              "name": "query1",
                              "query": "sum:system.load.1{*} by {host}"
                            }
                          ],
                          "response_format": "timeseries"
                        }
                      ],
                      "show_legend": false,
                      "title": "[System] Load by Host",
                      "type": "timeseries"
                    },
                    "layout": {
                      "height": 3,
                      "width": 6,
                      "x": 0,
                      "y": 0
                    }
                  },
                  {
                    "definition": {
                      "requests": [
                        {
                          "display_type": "line",
                          "on_right_yaxis": false,
                          "queries": [
                            {
                              "data_source": "metrics",
                              "name": "query1",
                              "query": "sum:system.disk.used{*} by {host,device}"
                            }
                          ],
                          "response_format": "timeseries"
                        }
                      ],
                      "show_legend": false,
                      "title": "[System] Disk Usage by Host and Device",
                      "type": "timeseries"
                    },
                    "layout": {
                      "height": 3,
                      "width": 6,
                      "x": 6,
                      "y": 0
                    }
                  }
                ]
              },
              "layout": {
                "height": 4,
                "width": 12,
                "x": 0,
                "y": 0
              }
            },
            {
              "definition": {
                "layout_type": "ordered",
                "show_title": true,
                "title": "[Custom][FrankyTesting] Business Metrics",
                "type": "group",
                "widgets": [
                  {
                    "definition": {
                      "requests": [
                        {
                          "display_type": "line",
                          "on_right_yaxis": false,
                          "queries": [
                            {
                              "data_source": "metrics",
                              "name": "query1",
                              "query": "sum:app.franky.transactions{*} by {service}"
                            }
                          ],
                          "response_format": "timeseries"
                        }
                      ],
                      "show_legend": false,
                      "title": "[Custom][FrankyTesting] Transaction Volume by Service",
                      "type": "timeseries"
                    },
                    "layout": {
                      "height": 3,
                      "width": 6,
                      "x": 0,
                      "y": 0
                    }
                  },
                  {
                    "definition": {
                      "requests": [
                        {
                          "display_type": "line",
                          "on_right_yaxis": false,
                          "queries": [
                            {
                              "data_source": "metrics",
                              "name": "query1",
                              "query": "avg:app.franky.revenue{*} by {service}"
                            }
                          ],
                          "response_format": "timeseries"
                        }
                      ],
                      "show_legend": false,
                      "title": "[Custom][FrankyTesting] Revenue by Service",
                      "type": "timeseries"
                    },
                    "layout": {
                      "height": 3,
                      "width": 6,
                      "x": 6,
                      "y": 0
                    }
                  }
                ]
              },
              "layout": {
                "height": 4,
                "width": 12,
                "x": 0,
                "y": 4
              }
            },
            {
              "definition": {
                "background_color": "vivid_blue",
                "layout_type": "ordered",
                "show_title": true,
                "title": "Services",
                "type": "group",
                "widgets": [
                  {
                    "definition": {
                      "background_color": "blue",
                      "content": "## Health \u0026 Event",
                      "font_size": "36",
                      "has_padding": true,
                      "show_tick": true,
                      "text_align": "center",
                      "tick_edge": "left",
                      "tick_pos": "50%",
                      "type": "note",
                      "vertical_align": "center"
                    },
                    "id": 1736323808171077,
                    "layout": {
                      "height": 1,
                      "width": 12,
                      "x": 0,
                      "y": 0
                    }
                  },
                  {
                    "definition": {
                      "color_preference": "background",
                      "count": 50,
                      "display_format": "countsAndList",
                      "hide_zero_counts": true,
                      "last_triggered_format": "relative",
                      "query": "$team $env",
                      "show_last_triggered": false,
                      "show_priority": true,
                      "show_status": true,
                      "sort": "status,asc",
                      "start": 0,
                      "summary_type": "monitors",
                      "title": "Service Monitors",
                      "type": "manage_status"
                    },
                    "id": 3833959094031737,
                    "layout": {
                      "height": 3,
                      "width": 5,
                      "x": 2,
                      "y": 1
                    }
                  },
                  {
                    "definition": {
                      "requests": [
                        {
                          "query": {
                            "data_source": "service_map",
                            "filters": [
                              "$env"
                            ],
                            "query_string": "service:($service.value)",
                            "service": "$service"
                          },
                          "request_type": "topology"
                        }
                      ],
                      "title": "Dependency Map",
                      "title_align": "left",
                      "title_size": "16",
                      "type": "topology_map"
                    },
                    "id": 106805208976973,
                    "layout": {
                      "height": 3,
                      "width": 5,
                      "x": 7,
                      "y": 1
                    }
                  },
                  {
                    "definition": {
                      "background_color": "orange",
                      "content": "## Resource Utilization",
                      "font_size": "36",
                      "has_padding": true,
                      "show_tick": true,
                      "text_align": "center",
                      "tick_edge": "left",
                      "tick_pos": "50%",
                      "type": "note",
                      "vertical_align": "center"
                    },
                    "id": 7074867250317244,
                    "layout": {
                      "height": 1,
                      "width": 10,
                      "x": 2,
                      "y": 4
                    }
                  },
                  {
                    "definition": {
                      "legend_columns": [
                        "avg",
                        "min",
                        "max",
                        "value",
                        "sum"
                      ],
                      "legend_layout": "auto",
                      "markers": [
                        {
                          "display_type": "ok dashed",
                          "label": "y \u003e 2",
                          "value": "y \u003e 2"
                        },
                        {
                          "display_type": "error dashed",
                          "label": "y \u003c 2",
                          "value": "y \u003c 2"
                        }
                      ],
                      "requests": [
                        {
                          "display_type": "bars",
                          "formulas": [
                            {
                              "formula": "query1"
                            }
                          ],
                          "queries": [
                            {
                              "data_source": "metrics",
                              "name": "query1",
                              "query": "sum:kubernetes.pods.running{$env,kube_namespace:$namespace.value, $service} by {kube_app_name}"
                            }
                          ],
                          "response_format": "timeseries",
                          "style": {
                            "color_order": "shuffled",
                            "line_type": "solid",
                            "line_width": "normal",
                            "order_by": "values",
                            "palette": "dog_classic"
                          }
                        }
                      ],
                      "show_legend": true,
                      "title": "Pods Number",
                      "title_align": "left",
                      "title_size": "16",
                      "type": "timeseries"
                    },
                    "id": 2129964225235122,
                    "layout": {
                      "height": 2,
                      "width": 5,
                      "x": 2,
                      "y": 5
                    }
                  },
                  {
                    "definition": {
                      "legend_columns": [
                        "avg",
                        "min",
                        "max",
                        "value",
                        "sum"
                      ],
                      "legend_layout": "auto",
                      "markers": [
                        {
                          "display_type": "error dashed",
                          "label": "y \u003e 2",
                          "value": "y \u003e 2"
                        },
                        {
                          "display_type": "ok dashed",
                          "label": "y \u003c 2",
                          "value": "y \u003c 2"
                        }
                      ],
                      "requests": [
                        {
                          "display_type": "bars",
                          "formulas": [
                            {
                              "formula": "query1"
                            }
                          ],
                          "queries": [
                            {
                              "data_source": "metrics",
                              "name": "query1",
                              "query": "sum:kubernetes.containers.restarts{$env,service:asset-accounting-backend} by {kube_container_name}"
                            }
                          ],
                          "response_format": "timeseries",
                          "style": {
                            "color_order": "shuffled",
                            "line_type": "solid",
                            "line_width": "normal",
                            "order_by": "values",
                            "palette": "dog_classic"
                          }
                        }
                      ],
                      "show_legend": true,
                      "title": "Pods Restart",
                      "title_align": "left",
                      "title_size": "16",
                      "type": "timeseries"
                    },
                    "id": 6780386267187339,
                    "layout": {
                      "height": 2,
                      "width": 5,
                      "x": 7,
                      "y": 5
                    }
                  },
                  {
                    "definition": {
                      "legend_columns": [
                        "avg",
                        "min",
                        "max",
                        "value",
                        "sum"
                      ],
                      "legend_layout": "auto",
                      "markers": [
                        {
                          "display_type": "ok dashed",
                          "label": "y \u003c 4831838208",
                          "value": "y \u003c 4831838208"
                        },
                        {
                          "display_type": "warning dashed",
                          "label": "4831838208 \u003c y \u003c 5368709120",
                          "value": "4831838208 \u003c y \u003c 5368709120"
                        },
                        {
                          "display_type": "error dashed",
                          "label": "y \u003e 5368709120",
                          "value": "y \u003e 5368709120"
                        }
                      ],
                      "requests": [
                        {
                          "display_type": "line",
                          "formulas": [
                            {
                              "alias": "mem_usage",
                              "formula": "query1"
                            },
                            {
                              "alias": "mem_request",
                              "formula": "query2"
                            }
                          ],
                          "queries": [
                            {
                              "data_source": "metrics",
                              "name": "query1",
                              "query": "avg:kubernetes.memory.usage{kube_namespace:$namespace.value,$env,service:$service.value} by {display_container_name}"
                            },
                            {
                              "data_source": "metrics",
                              "name": "query2",
                              "query": "max:kubernetes.memory.requests{kube_namespace:$namespace.value,$env,service:$service.value} by {container_name}"
                            }
                          ],
                          "response_format": "timeseries",
                          "style": {
                            "color_order": "shuffled",
                            "line_type": "solid",
                            "line_width": "normal",
                            "order_by": "values",
                            "palette": "dog_classic"
                          }
                        }
                      ],
                      "show_legend": true,
                      "title": "Memory (remove)",
                      "title_align": "left",
                      "title_size": "16",
                      "type": "timeseries"
                    },
                    "id": 300813272500088,
                    "layout": {
                      "height": 2,
                      "width": 5,
                      "x": 2,
                      "y": 7
                    }
                  },
                  {
                    "definition": {
                      "legend_columns": [
                        "avg",
                        "min",
                        "max",
                        "value",
                        "sum"
                      ],
                      "legend_layout": "auto",
                      "markers": [
                        {
                          "display_type": "ok dashed",
                          "label": " 75% ",
                          "value": "y \u003c 0.75"
                        },
                        {
                          "display_type": "warning dashed",
                          "label": " 75%-85% ",
                          "value": "0.75 \u003c y \u003c 0.85"
                        },
                        {
                          "display_type": "error dashed",
                          "label": " 85% ",
                          "value": "y \u003e 0.85"
                        }
                      ],
                      "requests": [
                        {
                          "display_type": "line",
                          "formulas": [
                            {
                              "formula": "query1"
                            }
                          ],
                          "queries": [
                            {
                              "data_source": "metrics",
                              "name": "query1",
                              "query": "avg:kubernetes.memory.usage_pct{kube_namespace:*asset-accounting*,container_name:aa-backend,$env} by {display_container_name}"
                            }
                          ],
                          "response_format": "timeseries",
                          "style": {
                            "color_order": "shuffled",
                            "line_type": "solid",
                            "line_width": "normal",
                            "order_by": "values",
                            "palette": "dog_classic"
                          }
                        }
                      ],
                      "show_legend": true,
                      "title": "Memory Percent",
                      "title_align": "left",
                      "title_size": "16",
                      "type": "timeseries"
                    },
                    "id": 6981182833900402,
                    "layout": {
                      "height": 2,
                      "width": 5,
                      "x": 7,
                      "y": 7
                    }
                  },
                  {
                    "definition": {
                      "legend_columns": [
                        "avg",
                        "min",
                        "max",
                        "value",
                        "sum"
                      ],
                      "legend_layout": "auto",
                      "markers": [
                        {
                          "display_type": "ok dashed",
                          "label": "y \u003c 1.6",
                          "value": "y \u003c 1.6"
                        },
                        {
                          "display_type": "warning dashed",
                          "label": "1.6 \u003c y \u003c 1.8",
                          "value": "1.6 \u003c y \u003c 1.8"
                        },
                        {
                          "display_type": "error dashed",
                          "label": "y \u003e 1.8",
                          "value": "y \u003e 1.8"
                        }
                      ],
                      "requests": [
                        {
                          "display_type": "line",
                          "formulas": [
                            {
                              "alias": "cpu_usage",
                              "formula": "query1"
                            },
                            {
                              "alias": "cpu_request",
                              "formula": "query2",
                              "style": {
                                "palette": "red"
                              }
                            }
                          ],
                          "queries": [
                            {
                              "data_source": "metrics",
                              "name": "query1",
                              "query": "avg:kubernetes.cpu.usage.total{$env,$service,kube_namespace:$namespace.value} by {display_container_name}"
                            },
                            {
                              "data_source": "metrics",
                              "name": "query2",
                              "query": "max:kubernetes.cpu.requests{$env,$service,kube_namespace:$namespace.value} by {container_name}"
                            }
                          ],
                          "response_format": "timeseries",
                          "style": {
                            "color_order": "shuffled",
                            "line_type": "solid",
                            "line_width": "normal",
                            "order_by": "values",
                            "palette": "dog_classic"
                          }
                        }
                      ],
                      "show_legend": true,
                      "title": "CPU (change to percentage)",
                      "title_align": "left",
                      "title_size": "16",
                      "type": "timeseries"
                    },
                    "id": 286630901699322,
                    "layout": {
                      "height": 2,
                      "width": 5,
                      "x": 2,
                      "y": 9
                    }
                  },
                  {
                    "definition": {
                      "legend_columns": [
                        "avg",
                        "min",
                        "max",
                        "value",
                        "sum"
                      ],
                      "legend_layout": "auto",
                      "markers": [],
                      "requests": [
                        {
                          "display_type": "line",
                          "formulas": [
                            {
                              "alias": "cpu_usage",
                              "formula": "query1",
                              "style": {
                                "palette": "dog_classic"
                              }
                            },
                            {
                              "alias": "cpu_request",
                              "formula": "query2"
                            }
                          ],
                          "queries": [
                            {
                              "data_source": "metrics",
                              "name": "query1",
                              "query": "avg:kubernetes.io.read_bytes{kube_namespace:*asset-accounting*,container_name:aa-backend,$env} by {display_container_name}"
                            },
                            {
                              "data_source": "metrics",
                              "name": "query2",
                              "query": "avg:kubernetes.io.write_bytes{kube_namespace:*asset-accounting*,container_name:aa-backend,$env} by {display_container_name}"
                            }
                          ],
                          "response_format": "timeseries",
                          "style": {
                            "color_order": "shuffled",
                            "line_type": "solid",
                            "line_width": "normal",
                            "order_by": "values",
                            "palette": "dog_classic"
                          }
                        }
                      ],
                      "show_legend": true,
                      "title": "Disk IO Read/Write",
                      "title_align": "left",
                      "title_size": "16",
                      "type": "timeseries"
                    },
                    "id": 5871113813390191,
                    "layout": {
                      "height": 2,
                      "width": 5,
                      "x": 7,
                      "y": 9
                    }
                  },
                  {
                    "definition": {
                      "legend_columns": [
                        "avg",
                        "min",
                        "max",
                        "value",
                        "sum"
                      ],
                      "legend_layout": "auto",
                      "markers": [],
                      "requests": [
                        {
                          "display_type": "line",
                          "formulas": [
                            {
                              "alias": "receive",
                              "formula": "query1"
                            },
                            {
                              "alias": "transmit",
                              "formula": "query2"
                            }
                          ],
                          "queries": [
                            {
                              "data_source": "metrics",
                              "name": "query1",
                              "query": "sum:kubernetes.network.rx_bytes{$env, $service}"
                            },
                            {
                              "data_source": "metrics",
                              "name": "query2",
                              "query": "sum:kubernetes.network.tx_bytes{$env, $service}"
                            }
                          ],
                          "response_format": "timeseries",
                          "style": {
                            "color_order": "shuffled",
                            "line_type": "solid",
                            "line_width": "normal",
                            "order_by": "values",
                            "palette": "dog_classic"
                          }
                        }
                      ],
                      "show_legend": true,
                      "title": "Network Receive and Transmit",
                      "title_align": "left",
                      "title_size": "16",
                      "type": "timeseries"
                    },
                    "id": 5454379352059804,
                    "layout": {
                      "height": 2,
                      "width": 5,
                      "x": 2,
                      "y": 11
                    }
                  },
                  {
                    "definition": {
                      "legend_columns": [
                        "avg",
                        "min",
                        "max",
                        "value",
                        "sum"
                      ],
                      "legend_layout": "auto",
                      "markers": [],
                      "requests": [
                        {
                          "display_type": "line",
                          "formulas": [
                            {
                              "alias": "receive",
                              "formula": "query1"
                            },
                            {
                              "alias": "transmit",
                              "formula": "query2"
                            }
                          ],
                          "queries": [
                            {
                              "data_source": "metrics",
                              "name": "query1",
                              "query": "sum:kubernetes.network.rx_errors{$env, $service}"
                            },
                            {
                              "data_source": "metrics",
                              "name": "query2",
                              "query": "sum:kubernetes.network.tx_errors{$env, $service}"
                            }
                          ],
                          "response_format": "timeseries",
                          "style": {
                            "color_order": "shuffled",
                            "line_type": "solid",
                            "line_width": "normal",
                            "order_by": "values",
                            "palette": "dog_classic"
                          }
                        }
                      ],
                      "show_legend": true,
                      "title": "Network Errors Receive and Transmit",
                      "title_align": "left",
                      "title_size": "16",
                      "type": "timeseries"
                    },
                    "id": 8883377818799084,
                    "layout": {
                      "height": 2,
                      "width": 5,
                      "x": 7,
                      "y": 11
                    }
                  },
                  {
                    "definition": {
                      "background_color": "pink",
                      "content": "## Application performance",
                      "font_size": "36",
                      "has_padding": true,
                      "show_tick": true,
                      "text_align": "center",
                      "tick_edge": "left",
                      "tick_pos": "50%",
                      "type": "note",
                      "vertical_align": "center"
                    },
                    "id": 1127155075950384,
                    "layout": {
                      "height": 1,
                      "width": 10,
                      "x": 2,
                      "y": 13
                    }
                  },
                  {
                    "definition": {
                      "autoscale": false,
                      "precision": 4,
                      "requests": [
                        {
                          "conditional_formats": [
                            {
                              "comparator": "\u003e=",
                              "palette": "white_on_yellow",
                              "value": 0.001
                            },
                            {
                              "comparator": "\u003e=",
                              "palette": "white_on_red",
                              "value": 0.003
                            },
                            {
                              "comparator": "\u003c",
                              "palette": "white_on_green",
                              "value": 0.001
                            }
                          ],
                          "formulas": [
                            {
                              "formula": "((query1 + query2) / query3) * 100"
                            }
                          ],
                          "queries": [
                            {
                              "aggregator": "sum",
                              "data_source": "metrics",
                              "name": "query1",
                              "query": "sum:aws.applicationelb.httpcode_elb_5xx{ingress.k8s.aws/stack:*asset-accounting/aa-alb-public,$env}.as_count()"
                            },
                            {
                              "aggregator": "sum",
                              "data_source": "metrics",
                              "name": "query2",
                              "query": "sum:aws.applicationelb.httpcode_target_5xx{ingress.k8s.aws/stack:*asset-accounting/aa-alb-public,$env}.as_count()"
                            },
                            {
                              "aggregator": "sum",
                              "data_source": "metrics",
                              "name": "query3",
                              "query": "sum:aws.applicationelb.request_count{ingress.k8s.aws/stack:*asset-accounting/aa-alb-public,$env}.as_count()"
                            }
                          ],
                          "response_format": "scalar"
                        }
                      ],
                      "text_align": "center",
                      "timeseries_background": {
                        "type": "area",
                        "yaxis": {
                          "include_zero": false
                        }
                      },
                      "title": "ALB: API Error Rate",
                      "title_align": "left",
                      "title_size": "16",
                      "type": "query_value"
                    },
                    "id": 87152102965845,
                    "layout": {
                      "height": 2,
                      "width": 5,
                      "x": 2,
                      "y": 14
                    }
                  },
                  {
                    "definition": {
                      "autoscale": true,
                      "precision": 2,
                      "requests": [
                        {
                          "conditional_formats": [
                            {
                              "comparator": "\u003e=",
                              "palette": "white_on_yellow",
                              "value": 0.2
                            },
                            {
                              "comparator": "\u003e=",
                              "palette": "white_on_red",
                              "value": 0.5
                            },
                            {
                              "comparator": "\u003c",
                              "palette": "white_on_green",
                              "value": 2
                            }
                          ],
                          "formulas": [
                            {
                              "formula": "query1"
                            }
                          ],
                          "queries": [
                            {
                              "aggregator": "avg",
                              "data_source": "metrics",
                              "name": "query1",
                              "query": "avg:aws.applicationelb.target_response_time.p95{$env,ingress.k8s.aws/stack:*asset-accounting/aa-alb-public}"
                            }
                          ],
                          "response_format": "scalar"
                        }
                      ],
                      "timeseries_background": {
                        "type": "area",
                        "yaxis": {
                          "include_zero": false
                        }
                      },
                      "title": "ALB: API latency P95",
                      "title_align": "left",
                      "title_size": "16",
                      "type": "query_value"
                    },
                    "id": 3115870752647582,
                    "layout": {
                      "height": 2,
                      "width": 5,
                      "x": 7,
                      "y": 14
                    }
                  },
                  {
                    "definition": {
                      "legend_columns": [
                        "avg",
                        "min",
                        "max",
                        "value",
                        "sum"
                      ],
                      "legend_layout": "auto",
                      "requests": [
                        {
                          "display_type": "bars",
                          "formulas": [
                            {
                              "alias": "alb",
                              "formula": "query1"
                            }
                          ],
                          "queries": [
                            {
                              "data_source": "metrics",
                              "name": "query1",
                              "query": "avg:aws.applicationelb.request_count{$env,$team} by {loadbalancer}.as_count()"
                            }
                          ],
                          "response_format": "timeseries",
                          "style": {
                            "palette": "blue"
                          }
                        }
                      ],
                      "show_legend": true,
                      "title": "ALB: Request Count (remove)",
                      "title_align": "left",
                      "title_size": "16",
                      "type": "timeseries"
                    },
                    "id": 5666851836132190,
                    "layout": {
                      "height": 2,
                      "width": 5,
                      "x": 2,
                      "y": 16
                    }
                  },
                  {
                    "definition": {
                      "autoscale": true,
                      "precision": 2,
                      "requests": [
                        {
                          "formulas": [
                            {
                              "formula": "query1"
                            }
                          ],
                          "queries": [
                            {
                              "aggregator": "max",
                              "data_source": "metrics",
                              "name": "query1",
                              "query": "sum:aws.applicationelb.request_count{$env,$team}.as_rate()"
                            }
                          ],
                          "response_format": "scalar"
                        }
                      ],
                      "timeseries_background": {
                        "type": "area"
                      },
                      "title": "ALB: Request Rate",
                      "title_align": "left",
                      "title_size": "16",
                      "type": "query_value"
                    },
                    "id": 1305836082603362,
                    "layout": {
                      "height": 2,
                      "width": 5,
                      "x": 7,
                      "y": 16
                    }
                  },
                  {
                    "definition": {
                      "legend_columns": [
                        "avg",
                        "min",
                        "max",
                        "value",
                        "sum"
                      ],
                      "legend_layout": "auto",
                      "requests": [
                        {
                          "display_type": "bars",
                          "formulas": [
                            {
                              "formula": "query1"
                            }
                          ],
                          "queries": [
                            {
                              "data_source": "metrics",
                              "name": "query1",
                              "query": "sum:trace.http.request.hits.by_http_status{$env,service:asset-accounting-backend} by {http.status_code}.as_count()"
                            }
                          ],
                          "response_format": "timeseries",
                          "style": {
                            "color_order": "shuffled",
                            "line_type": "solid",
                            "line_width": "normal",
                            "order_by": "values",
                            "order_reverse": false,
                            "palette": "semantic"
                          }
                        }
                      ],
                      "show_legend": true,
                      "title": "Application: Request Hits By Http Status (remove)",
                      "title_align": "left",
                      "title_size": "16",
                      "type": "timeseries"
                    },
                    "id": 1997678994766062,
                    "layout": {
                      "height": 3,
                      "width": 5,
                      "x": 2,
                      "y": 18
                    }
                  },
                  {
                    "definition": {
                      "hide_total": false,
                      "legend": {
                        "type": "automatic"
                      },
                      "requests": [
                        {
                          "formulas": [
                            {
                              "formula": "query1"
                            }
                          ],
                          "queries": [
                            {
                              "aggregator": "last",
                              "data_source": "metrics",
                              "name": "query1",
                              "query": "sum:trace.http.request.hits.by_http_status{service:asset-accounting-backend,$env} by {http.status_code}.as_count()"
                            }
                          ],
                          "response_format": "scalar",
                          "sort": {
                            "count": 500,
                            "order_by": [
                              {
                                "index": 0,
                                "order": "desc",
                                "type": "formula"
                              }
                            ]
                          },
                          "style": {
                            "palette": "semantic"
                          }
                        }
                      ],
                      "title": "Application: Distribution of HTTP response codes",
                      "title_align": "left",
                      "title_size": "16",
                      "type": "sunburst"
                    },
                    "id": 2600285935494018,
                    "layout": {
                      "height": 3,
                      "width": 5,
                      "x": 7,
                      "y": 18
                    }
                  },
                  {
                    "definition": {
                      "legend_columns": [
                        "avg",
                        "min",
                        "max",
                        "value",
                        "sum"
                      ],
                      "legend_layout": "auto",
                      "requests": [
                        {
                          "display_type": "bars",
                          "formulas": [
                            {
                              "formula": "query1"
                            },
                            {
                              "formula": "query2"
                            }
                          ],
                          "queries": [
                            {
                              "data_source": "metrics",
                              "name": "query1",
                              "query": "sum:trace.http.request.hits{$env,service:asset-accounting-backend}.as_count()"
                            },
                            {
                              "data_source": "metrics",
                              "name": "query2",
                              "query": "avg:aws.applicationelb.request_count{$env,$team} by {loadbalancer}.as_count()"
                            }
                          ],
                          "response_format": "timeseries",
                          "style": {
                            "color_order": "shuffled",
                            "line_type": "solid",
                            "line_width": "normal",
                            "order_by": "values",
                            "order_reverse": false,
                            "palette": "cool"
                          }
                        }
                      ],
                      "show_legend": true,
                      "title": "Application: Request Hits (need to be updated)",
                      "title_align": "left",
                      "title_size": "16",
                      "type": "timeseries"
                    },
                    "id": 165366499120846,
                    "layout": {
                      "height": 2,
                      "width": 5,
                      "x": 2,
                      "y": 21
                    }
                  },
                  {
                    "definition": {
                      "requests": [
                        {
                          "conditional_formats": [
                            {
                              "comparator": "\u003c=",
                              "palette": "white_on_green",
                              "value": 0.2
                            },
                            {
                              "comparator": "\u003c=",
                              "palette": "white_on_yellow",
                              "value": 0.5
                            },
                            {
                              "comparator": "\u003e",
                              "palette": "white_on_red",
                              "value": 0.5
                            }
                          ],
                          "formulas": [
                            {
                              "formula": "query1"
                            }
                          ],
                          "queries": [
                            {
                              "aggregator": "avg",
                              "data_source": "metrics",
                              "name": "query1",
                              "query": "avg:trace.http.request{$env,service:asset-accounting-backend*} by {resource_name}"
                            }
                          ],
                          "response_format": "scalar",
                          "sort": {
                            "count": 10,
                            "order_by": [
                              {
                                "index": 0,
                                "order": "desc",
                                "type": "formula"
                              }
                            ]
                          }
                        }
                      ],
                      "style": {
                        "display": {
                          "legend": "automatic",
                          "type": "stacked"
                        },
                        "palette": "dog_classic",
                        "scaling": "absolute"
                      },
                      "title": "Application: Request Latency Top 10",
                      "title_align": "left",
                      "title_size": "16",
                      "type": "toplist"
                    },
                    "id": 5371479232141822,
                    "layout": {
                      "height": 2,
                      "width": 5,
                      "x": 7,
                      "y": 21
                    }
                  }
                ]
              },
              "layout": {
                "height": 15,
                "width": 12,
                "x": 0,
                "y": 8
              }
            },
            {
              "definition": {
                "has_search_bar": "auto",
                "requests": [
                  {
                    "formulas": [
                      {
                        "alias": "CPU requests",
                        "cell_display_mode": "number",
                        "formula": "query1"
                      },
                      {
                        "alias": "CPU usage",
                        "cell_display_mode": "number",
                        "formula": "query7"
                      },
                      {
                        "alias": "MEM requests",
                        "formula": "query5"
                      },
                      {
                        "alias": "MEM usage",
                        "formula": "query8"
                      },
                      {
                        "alias": "% CPU requests",
                        "conditional_formats": [
                          {
                            "comparator": "\u003c",
                            "palette": "white_on_red",
                            "value": 60
                          }
                        ],
                        "formula": "query7 / (query1 * 1000000000) * 100"
                      },
                      {
                        "alias": "% MEM requests",
                        "conditional_formats": [
                          {
                            "comparator": "\u003c",
                            "palette": "white_on_red",
                            "value": 60
                          }
                        ],
                        "formula": "query8 / query5 * 100"
                      }
                    ],
                    "queries": [
                      {
                        "aggregator": "avg",
                        "data_source": "metrics",
                        "name": "query1",
                        "query": "sum:kubernetes.cpu.requests{$env,kube_namespace:$namespace.value} by {kube_namespace,env,kube_deployment,kube_stateful_set}"
                      },
                      {
                        "aggregator": "avg",
                        "data_source": "metrics",
                        "name": "query7",
                        "query": "sum:kubernetes.cpu.usage.total{$env,kube_namespace:$namespace.value} by {kube_namespace,env,kube_deployment,kube_stateful_set}"
                      },
                      {
                        "aggregator": "avg",
                        "data_source": "metrics",
                        "name": "query5",
                        "query": "sum:kubernetes.memory.requests{$env,kube_namespace:$namespace.value} by {kube_namespace,env,kube_deployment,kube_stateful_set}"
                      },
                      {
                        "aggregator": "avg",
                        "data_source": "metrics",
                        "name": "query8",
                        "query": "sum:kubernetes.memory.usage{$env,kube_namespace:$namespace.value} by {kube_namespace,env,kube_deployment,kube_stateful_set}"
                      },
                      {
                        "aggregator": "avg",
                        "data_source": "metrics",
                        "name": "query2",
                        "query": "sum:kubernetes.cpu.limits{$env,kube_namespace:$namespace.value} by {kube_namespace,env,kube_deployment,kube_stateful_set}"
                      },
                      {
                        "aggregator": "avg",
                        "data_source": "metrics",
                        "name": "query6",
                        "query": "sum:kubernetes.memory.limits{$env,kube_namespace:$namespace.value} by {kube_namespace,env,kube_deployment,kube_stateful_set}"
                      }
                    ],
                    "response_format": "scalar",
                    "sort": {
                      "count": 500,
                      "order_by": [
                        {
                          "index": 0,
                          "order": "desc",
                          "type": "formula"
                        }
                      ]
                    }
                  }
                ],
                "title": "CPU and Mem by Kubernetes Objects",
                "title_align": "left",
                "title_size": "16",
                "type": "query_table"
              },
              "layout": {
                "height": 50,
                "width": 12,
                "x": 0,
                "y": 30
              }
            }
          ]
        }
      },
      "type": [
        "object",
        {
          "franky_testing_main_dashboard": [
            "object",
            {
              "description": "string",
              "layout_type": "string",
              "notify_list": [
                "tuple",
                []
              ],
              "reflow_type": "string",
              "tags": [
                "tuple",
                []
              ],
              "template_variables": [
                "tuple",
                [
                  [
                    "object",
                    {
                      "available_values": [
                        "tuple",
                        []
                      ],
                      "default": "string",
                      "name": "string",
                      "prefix": "string"
                    }
                  ],
                  [
                    "object",
                    {
                      "available_values": [
                        "tuple",
                        []
                      ],
                      "default": "string",
                      "name": "string",
                      "prefix": "string"
                    }
                  ],
                  [
                    "object",
                    {
                      "available_values": [
                        "tuple",
                        []
                      ],
                      "default": "string",
                      "name": "string",
                      "prefix": "string"
                    }
                  ],
                  [
                    "object",
                    {
                      "available_values": [
                        "tuple",
                        []
                      ],
                      "default": "string",
                      "name": "string",
                      "prefix": "string"
                    }
                  ],
                  [
                    "object",
                    {
                      "available_values": [
                        "tuple",
                        []
                      ],
                      "default": "string",
                      "name": "string",
                      "prefix": "string"
                    }
                  ],
                  [
                    "object",
                    {
                      "available_values": [
                        "tuple",
                        []
                      ],
                      "default": "string",
                      "name": "string",
                      "prefix": "string"
                    }
                  ],
                  [
                    "object",
                    {
                      "available_values": [
                        "tuple",
                        []
                      ],
                      "default": "string",
                      "name": "string",
                      "prefix": "string"
                    }
                  ],
                  [
                    "object",
                    {
                      "available_values": [
                        "tuple",
                        []
                      ],
                      "default": "string",
                      "name": "string",
                      "prefix": "string"
                    }
                  ]
                ]
              ],
              "title": "string",
              "widgets": [
                "tuple",
                [
                  [
                    "object",
                    {
                      "definition": [
                        "object",
                        {
                          "layout_type": "string",
                          "show_title": "bool",
                          "title": "string",
                          "type": "string",
                          "widgets": [
                            "tuple",
                            [
                              [
                                "object",
                                {
                                  "definition": [
                                    "object",
                                    {
                                      "requests": [
                                        "tuple",
                                        [
                                          [
                                            "object",
                                            {
                                              "display_type": "string",
                                              "on_right_yaxis": "bool",
                                              "queries": [
                                                "tuple",
                                                [
                                                  [
                                                    "object",
                                                    {
                                                      "data_source": "string",
                                                      "name": "string",
                                                      "query": "string"
                                                    }
                                                  ]
                                                ]
                                              ],
                                              "response_format": "string"
                                            }
                                          ]
                                        ]
                                      ],
                                      "show_legend": "bool",
                                      "title": "string",
                                      "type": "string"
                                    }
                                  ],
                                  "layout": [
                                    "object",
                                    {
                                      "height": "number",
                                      "width": "number",
                                      "x": "number",
                                      "y": "number"
                                    }
                                  ]
                                }
                              ],
                              [
                                "object",
                                {
                                  "definition": [
                                    "object",
                                    {
                                      "requests": [
                                        "tuple",
                                        [
                                          [
                                            "object",
                                            {
                                              "display_type": "string",
                                              "on_right_yaxis": "bool",
                                              "queries": [
                                                "tuple",
                                                [
                                                  [
                                                    "object",
                                                    {
                                                      "data_source": "string",
                                                      "name": "string",
                                                      "query": "string"
                                                    }
                                                  ]
                                                ]
                                              ],
                                              "response_format": "string"
                                            }
                                          ]
                                        ]
                                      ],
                                      "show_legend": "bool",
                                      "title": "string",
                                      "type": "string"
                                    }
                                  ],
                                  "layout": [
                                    "object",
                                    {
                                      "height": "number",
                                      "width": "number",
                                      "x": "number",
                                      "y": "number"
                                    }
                                  ]
                                }
                              ]
                            ]
                          ]
                        }
                      ],
                      "layout": [
                        "object",
                        {
                          "height": "number",
                          "width": "number",
                          "x": "number",
                          "y": "number"
                        }
                      ]
                    }
                  ],
                  [
                    "object",
                    {
                      "definition": [
                        "object",
                        {
                          "layout_type": "string",
                          "show_title": "bool",
                          "title": "string",
                          "type": "string",
                          "widgets": [
                            "tuple",
                            [
                              [
                                "object",
                                {
                                  "definition": [
                                    "object",
                                    {
                                      "requests": [
                                        "tuple",
                                        [
                                          [
                                            "object",
                                            {
                                              "display_type": "string",
                                              "on_right_yaxis": "bool",
                                              "queries": [
                                                "tuple",
                                                [
                                                  [
                                                    "object",
                                                    {
                                                      "data_source": "string",
                                                      "name": "string",
                                                      "query": "string"
                                                    }
                                                  ]
                                                ]
                                              ],
                                              "response_format": "string"
                                            }
                                          ]
                                        ]
                                      ],
                                      "show_legend": "bool",
                                      "title": "string",
                                      "type": "string"
                                    }
                                  ],
                                  "layout": [
                                    "object",
                                    {
                                      "height": "number",
                                      "width": "number",
                                      "x": "number",
                                      "y": "number"
                                    }
                                  ]
                                }
                              ],
                              [
                                "object",
                                {
                                  "definition": [
                                    "object",
                                    {
                                      "requests": [
                                        "tuple",
                                        [
                                          [
                                            "object",
                                            {
                                              "display_type": "string",
                                              "on_right_yaxis": "bool",
                                              "queries": [
                                                "tuple",
                                                [
                                                  [
                                                    "object",
                                                    {
                                                      "data_source": "string",
                                                      "name": "string",
                                                      "query": "string"
                                                    }
                                                  ]
                                                ]
                                              ],
                                              "response_format": "string"
                                            }
                                          ]
                                        ]
                                      ],
                                      "show_legend": "bool",
                                      "title": "string",
                                      "type": "string"
                                    }
                                  ],
                                  "layout": [
                                    "object",
                                    {
                                      "height": "number",
                                      "width": "number",
                                      "x": "number",
                                      "y": "number"
                                    }
                                  ]
                                }
                              ]
                            ]
                          ]
                        }
                      ],
                      "layout": [
                        "object",
                        {
                          "height": "number",
                          "width": "number",
                          "x": "number",
                          "y": "number"
                        }
                      ]
                    }
                  ],
                  [
                    "object",
                    {
                      "definition": [
                        "object",
                        {
                          "background_color": "string",
                          "layout_type": "string",
                          "show_title": "bool",
                          "title": "string",
                          "type": "string",
                          "widgets": [
                            "tuple",
                            [
                              [
                                "object",
                                {
                                  "definition": [
                                    "object",
                                    {
                                      "background_color": "string",
                                      "content": "string",
                                      "font_size": "string",
                                      "has_padding": "bool",
                                      "show_tick": "bool",
                                      "text_align": "string",
                                      "tick_edge": "string",
                                      "tick_pos": "string",
                                      "type": "string",
                                      "vertical_align": "string"
                                    }
                                  ],
                                  "id": "number",
                                  "layout": [
                                    "object",
                                    {
                                      "height": "number",
                                      "width": "number",
                                      "x": "number",
                                      "y": "number"
                                    }
                                  ]
                                }
                              ],
                              [
                                "object",
                                {
                                  "definition": [
                                    "object",
                                    {
                                      "color_preference": "string",
                                      "count": "number",
                                      "display_format": "string",
                                      "hide_zero_counts": "bool",
                                      "last_triggered_format": "string",
                                      "query": "string",
                                      "show_last_triggered": "bool",
                                      "show_priority": "bool",
                                      "show_status": "bool",
                                      "sort": "string",
                                      "start": "number",
                                      "summary_type": "string",
                                      "title": "string",
                                      "type": "string"
                                    }
                                  ],
                                  "id": "number",
                                  "layout": [
                                    "object",
                                    {
                                      "height": "number",
                                      "width": "number",
                                      "x": "number",
                                      "y": "number"
                                    }
                                  ]
                                }
                              ],
                              [
                                "object",
                                {
                                  "definition": [
                                    "object",
                                    {
                                      "requests": [
                                        "tuple",
                                        [
                                          [
                                            "object",
                                            {
                                              "query": [
                                                "object",
                                                {
                                                  "data_source": "string",
                                                  "filters": [
                                                    "tuple",
                                                    [
                                                      "string"
                                                    ]
                                                  ],
                                                  "query_string": "string",
                                                  "service": "string"
                                                }
                                              ],
                                              "request_type": "string"
                                            }
                                          ]
                                        ]
                                      ],
                                      "title": "string",
                                      "title_align": "string",
                                      "title_size": "string",
                                      "type": "string"
                                    }
                                  ],
                                  "id": "number",
                                  "layout": [
                                    "object",
                                    {
                                      "height": "number",
                                      "width": "number",
                                      "x": "number",
                                      "y": "number"
                                    }
                                  ]
                                }
                              ],
                              [
                                "object",
                                {
                                  "definition": [
                                    "object",
                                    {
                                      "background_color": "string",
                                      "content": "string",
                                      "font_size": "string",
                                      "has_padding": "bool",
                                      "show_tick": "bool",
                                      "text_align": "string",
                                      "tick_edge": "string",
                                      "tick_pos": "string",
                                      "type": "string",
                                      "vertical_align": "string"
                                    }
                                  ],
                                  "id": "number",
                                  "layout": [
                                    "object",
                                    {
                                      "height": "number",
                                      "width": "number",
                                      "x": "number",
                                      "y": "number"
                                    }
                                  ]
                                }
                              ],
                              [
                                "object",
                                {
                                  "definition": [
                                    "object",
                                    {
                                      "legend_columns": [
                                        "tuple",
                                        [
                                          "string",
                                          "string",
                                          "string",
                                          "string",
                                          "string"
                                        ]
                                      ],
                                      "legend_layout": "string",
                                      "markers": [
                                        "tuple",
                                        [
                                          [
                                            "object",
                                            {
                                              "display_type": "string",
                                              "label": "string",
                                              "value": "string"
                                            }
                                          ],
                                          [
                                            "object",
                                            {
                                              "display_type": "string",
                                              "label": "string",
                                              "value": "string"
                                            }
                                          ]
                                        ]
                                      ],
                                      "requests": [
                                        "tuple",
                                        [
                                          [
                                            "object",
                                            {
                                              "display_type": "string",
                                              "formulas": [
                                                "tuple",
                                                [
                                                  [
                                                    "object",
                                                    {
                                                      "formula": "string"
                                                    }
                                                  ]
                                                ]
                                              ],
                                              "queries": [
                                                "tuple",
                                                [
                                                  [
                                                    "object",
                                                    {
                                                      "data_source": "string",
                                                      "name": "string",
                                                      "query": "string"
                                                    }
                                                  ]
                                                ]
                                              ],
                                              "response_format": "string",
                                              "style": [
                                                "object",
                                                {
                                                  "color_order": "string",
                                                  "line_type": "string",
                                                  "line_width": "string",
                                                  "order_by": "string",
                                                  "palette": "string"
                                                }
                                              ]
                                            }
                                          ]
                                        ]
                                      ],
                                      "show_legend": "bool",
                                      "title": "string",
                                      "title_align": "string",
                                      "title_size": "string",
                                      "type": "string"
                                    }
                                  ],
                                  "id": "number",
                                  "layout": [
                                    "object",
                                    {
                                      "height": "number",
                                      "width": "number",
                                      "x": "number",
                                      "y": "number"
                                    }
                                  ]
                                }
                              ],
                              [
                                "object",
                                {
                                  "definition": [
                                    "object",
                                    {
                                      "legend_columns": [
                                        "tuple",
                                        [
                                          "string",
                                          "string",
                                          "string",
                                          "string",
                                          "string"
                                        ]
                                      ],
                                      "legend_layout": "string",
                                      "markers": [
                                        "tuple",
                                        [
                                          [
                                            "object",
                                            {
                                              "display_type": "string",
                                              "label": "string",
                                              "value": "string"
                                            }
                                          ],
                                          [
                                            "object",
                                            {
                                              "display_type": "string",
                                              "label": "string",
                                              "value": "string"
                                            }
                                          ]
                                        ]
                                      ],
                                      "requests": [
                                        "tuple",
                                        [
                                          [
                                            "object",
                                            {
                                              "display_type": "string",
                                              "formulas": [
                                                "tuple",
                                                [
                                                  [
                                                    "object",
                                                    {
                                                      "formula": "string"
                                                    }
                                                  ]
                                                ]
                                              ],
                                              "queries": [
                                                "tuple",
                                                [
                                                  [
                                                    "object",
                                                    {
                                                      "data_source": "string",
                                                      "name": "string",
                                                      "query": "string"
                                                    }
                                                  ]
                                                ]
                                              ],
                                              "response_format": "string",
                                              "style": [
                                                "object",
                                                {
                                                  "color_order": "string",
                                                  "line_type": "string",
                                                  "line_width": "string",
                                                  "order_by": "string",
                                                  "palette": "string"
                                                }
                                              ]
                                            }
                                          ]
                                        ]
                                      ],
                                      "show_legend": "bool",
                                      "title": "string",
                                      "title_align": "string",
                                      "title_size": "string",
                                      "type": "string"
                                    }
                                  ],
                                  "id": "number",
                                  "layout": [
                                    "object",
                                    {
                                      "height": "number",
                                      "width": "number",
                                      "x": "number",
                                      "y": "number"
                                    }
                                  ]
                                }
                              ],
                              [
                                "object",
                                {
                                  "definition": [
                                    "object",
                                    {
                                      "legend_columns": [
                                        "tuple",
                                        [
                                          "string",
                                          "string",
                                          "string",
                                          "string",
                                          "string"
                                        ]
                                      ],
                                      "legend_layout": "string",
                                      "markers": [
                                        "tuple",
                                        [
                                          [
                                            "object",
                                            {
                                              "display_type": "string",
                                              "label": "string",
                                              "value": "string"
                                            }
                                          ],
                                          [
                                            "object",
                                            {
                                              "display_type": "string",
                                              "label": "string",
                                              "value": "string"
                                            }
                                          ],
                                          [
                                            "object",
                                            {
                                              "display_type": "string",
                                              "label": "string",
                                              "value": "string"
                                            }
                                          ]
                                        ]
                                      ],
                                      "requests": [
                                        "tuple",
                                        [
                                          [
                                            "object",
                                            {
                                              "display_type": "string",
                                              "formulas": [
                                                "tuple",
                                                [
                                                  [
                                                    "object",
                                                    {
                                                      "alias": "string",
                                                      "formula": "string"
                                                    }
                                                  ],
                                                  [
                                                    "object",
                                                    {
                                                      "alias": "string",
                                                      "formula": "string"
                                                    }
                                                  ]
                                                ]
                                              ],
                                              "queries": [
                                                "tuple",
                                                [
                                                  [
                                                    "object",
                                                    {
                                                      "data_source": "string",
                                                      "name": "string",
                                                      "query": "string"
                                                    }
                                                  ],
                                                  [
                                                    "object",
                                                    {
                                                      "data_source": "string",
                                                      "name": "string",
                                                      "query": "string"
                                                    }
                                                  ]
                                                ]
                                              ],
                                              "response_format": "string",
                                              "style": [
                                                "object",
                                                {
                                                  "color_order": "string",
                                                  "line_type": "string",
                                                  "line_width": "string",
                                                  "order_by": "string",
                                                  "palette": "string"
                                                }
                                              ]
                                            }
                                          ]
                                        ]
                                      ],
                                      "show_legend": "bool",
                                      "title": "string",
                                      "title_align": "string",
                                      "title_size": "string",
                                      "type": "string"
                                    }
                                  ],
                                  "id": "number",
                                  "layout": [
                                    "object",
                                    {
                                      "height": "number",
                                      "width": "number",
                                      "x": "number",
                                      "y": "number"
                                    }
                                  ]
                                }
                              ],
                              [
                                "object",
                                {
                                  "definition": [
                                    "object",
                                    {
                                      "legend_columns": [
                                        "tuple",
                                        [
                                          "string",
                                          "string",
                                          "string",
                                          "string",
                                          "string"
                                        ]
                                      ],
                                      "legend_layout": "string",
                                      "markers": [
                                        "tuple",
                                        [
                                          [
                                            "object",
                                            {
                                              "display_type": "string",
                                              "label": "string",
                                              "value": "string"
                                            }
                                          ],
                                          [
                                            "object",
                                            {
                                              "display_type": "string",
                                              "label": "string",
                                              "value": "string"
                                            }
                                          ],
                                          [
                                            "object",
                                            {
                                              "display_type": "string",
                                              "label": "string",
                                              "value": "string"
                                            }
                                          ]
                                        ]
                                      ],
                                      "requests": [
                                        "tuple",
                                        [
                                          [
                                            "object",
                                            {
                                              "display_type": "string",
                                              "formulas": [
                                                "tuple",
                                                [
                                                  [
                                                    "object",
                                                    {
                                                      "formula": "string"
                                                    }
                                                  ]
                                                ]
                                              ],
                                              "queries": [
                                                "tuple",
                                                [
                                                  [
                                                    "object",
                                                    {
                                                      "data_source": "string",
                                                      "name": "string",
                                                      "query": "string"
                                                    }
                                                  ]
                                                ]
                                              ],
                                              "response_format": "string",
                                              "style": [
                                                "object",
                                                {
                                                  "color_order": "string",
                                                  "line_type": "string",
                                                  "line_width": "string",
                                                  "order_by": "string",
                                                  "palette": "string"
                                                }
                                              ]
                                            }
                                          ]
                                        ]
                                      ],
                                      "show_legend": "bool",
                                      "title": "string",
                                      "title_align": "string",
                                      "title_size": "string",
                                      "type": "string"
                                    }
                                  ],
                                  "id": "number",
                                  "layout": [
                                    "object",
                                    {
                                      "height": "number",
                                      "width": "number",
                                      "x": "number",
                                      "y": "number"
                                    }
                                  ]
                                }
                              ],
                              [
                                "object",
                                {
                                  "definition": [
                                    "object",
                                    {
                                      "legend_columns": [
                                        "tuple",
                                        [
                                          "string",
                                          "string",
                                          "string",
                                          "string",
                                          "string"
                                        ]
                                      ],
                                      "legend_layout": "string",
                                      "markers": [
                                        "tuple",
                                        [
                                          [
                                            "object",
                                            {
                                              "display_type": "string",
                                              "label": "string",
                                              "value": "string"
                                            }
                                          ],
                                          [
                                            "object",
                                            {
                                              "display_type": "string",
                                              "label": "string",
                                              "value": "string"
                                            }
                                          ],
                                          [
                                            "object",
                                            {
                                              "display_type": "string",
                                              "label": "string",
                                              "value": "string"
                                            }
                                          ]
                                        ]
                                      ],
                                      "requests": [
                                        "tuple",
                                        [
                                          [
                                            "object",
                                            {
                                              "display_type": "string",
                                              "formulas": [
                                                "tuple",
                                                [
                                                  [
                                                    "object",
                                                    {
                                                      "alias": "string",
                                                      "formula": "string"
                                                    }
                                                  ],
                                                  [
                                                    "object",
                                                    {
                                                      "alias": "string",
                                                      "formula": "string",
                                                      "style": [
                                                        "object",
                                                        {
                                                          "palette": "string"
                                                        }
                                                      ]
                                                    }
                                                  ]
                                                ]
                                              ],
                                              "queries": [
                                                "tuple",
                                                [
                                                  [
                                                    "object",
                                                    {
                                                      "data_source": "string",
                                                      "name": "string",
                                                      "query": "string"
                                                    }
                                                  ],
                                                  [
                                                    "object",
                                                    {
                                                      "data_source": "string",
                                                      "name": "string",
                                                      "query": "string"
                                                    }
                                                  ]
                                                ]
                                              ],
                                              "response_format": "string",
                                              "style": [
                                                "object",
                                                {
                                                  "color_order": "string",
                                                  "line_type": "string",
                                                  "line_width": "string",
                                                  "order_by": "string",
                                                  "palette": "string"
                                                }
                                              ]
                                            }
                                          ]
                                        ]
                                      ],
                                      "show_legend": "bool",
                                      "title": "string",
                                      "title_align": "string",
                                      "title_size": "string",
                                      "type": "string"
                                    }
                                  ],
                                  "id": "number",
                                  "layout": [
                                    "object",
                                    {
                                      "height": "number",
                                      "width": "number",
                                      "x": "number",
                                      "y": "number"
                                    }
                                  ]
                                }
                              ],
                              [
                                "object",
                                {
                                  "definition": [
                                    "object",
                                    {
                                      "legend_columns": [
                                        "tuple",
                                        [
                                          "string",
                                          "string",
                                          "string",
                                          "string",
                                          "string"
                                        ]
                                      ],
                                      "legend_layout": "string",
                                      "markers": [
                                        "tuple",
                                        []
                                      ],
                                      "requests": [
                                        "tuple",
                                        [
                                          [
                                            "object",
                                            {
                                              "display_type": "string",
                                              "formulas": [
                                                "tuple",
                                                [
                                                  [
                                                    "object",
                                                    {
                                                      "alias": "string",
                                                      "formula": "string",
                                                      "style": [
                                                        "object",
                                                        {
                                                          "palette": "string"
                                                        }
                                                      ]
                                                    }
                                                  ],
                                                  [
                                                    "object",
                                                    {
                                                      "alias": "string",
                                                      "formula": "string"
                                                    }
                                                  ]
                                                ]
                                              ],
                                              "queries": [
                                                "tuple",
                                                [
                                                  [
                                                    "object",
                                                    {
                                                      "data_source": "string",
                                                      "name": "string",
                                                      "query": "string"
                                                    }
                                                  ],
                                                  [
                                                    "object",
                                                    {
                                                      "data_source": "string",
                                                      "name": "string",
                                                      "query": "string"
                                                    }
                                                  ]
                                                ]
                                              ],
                                              "response_format": "string",
                                              "style": [
                                                "object",
                                                {
                                                  "color_order": "string",
                                                  "line_type": "string",
                                                  "line_width": "string",
                                                  "order_by": "string",
                                                  "palette": "string"
                                                }
                                              ]
                                            }
                                          ]
                                        ]
                                      ],
                                      "show_legend": "bool",
                                      "title": "string",
                                      "title_align": "string",
                                      "title_size": "string",
                                      "type": "string"
                                    }
                                  ],
                                  "id": "number",
                                  "layout": [
                                    "object",
                                    {
                                      "height": "number",
                                      "width": "number",
                                      "x": "number",
                                      "y": "number"
                                    }
                                  ]
                                }
                              ],
                              [
                                "object",
                                {
                                  "definition": [
                                    "object",
                                    {
                                      "legend_columns": [
                                        "tuple",
                                        [
                                          "string",
                                          "string",
                                          "string",
                                          "string",
                                          "string"
                                        ]
                                      ],
                                      "legend_layout": "string",
                                      "markers": [
                                        "tuple",
                                        []
                                      ],
                                      "requests": [
                                        "tuple",
                                        [
                                          [
                                            "object",
                                            {
                                              "display_type": "string",
                                              "formulas": [
                                                "tuple",
                                                [
                                                  [
                                                    "object",
                                                    {
                                                      "alias": "string",
                                                      "formula": "string"
                                                    }
                                                  ],
                                                  [
                                                    "object",
                                                    {
                                                      "alias": "string",
                                                      "formula": "string"
                                                    }
                                                  ]
                                                ]
                                              ],
                                              "queries": [
                                                "tuple",
                                                [
                                                  [
                                                    "object",
                                                    {
                                                      "data_source": "string",
                                                      "name": "string",
                                                      "query": "string"
                                                    }
                                                  ],
                                                  [
                                                    "object",
                                                    {
                                                      "data_source": "string",
                                                      "name": "string",
                                                      "query": "string"
                                                    }
                                                  ]
                                                ]
                                              ],
                                              "response_format": "string",
                                              "style": [
                                                "object",
                                                {
                                                  "color_order": "string",
                                                  "line_type": "string",
                                                  "line_width": "string",
                                                  "order_by": "string",
                                                  "palette": "string"
                                                }
                                              ]
                                            }
                                          ]
                                        ]
                                      ],
                                      "show_legend": "bool",
                                      "title": "string",
                                      "title_align": "string",
                                      "title_size": "string",
                                      "type": "string"
                                    }
                                  ],
                                  "id": "number",
                                  "layout": [
                                    "object",
                                    {
                                      "height": "number",
                                      "width": "number",
                                      "x": "number",
                                      "y": "number"
                                    }
                                  ]
                                }
                              ],
                              [
                                "object",
                                {
                                  "definition": [
                                    "object",
                                    {
                                      "legend_columns": [
                                        "tuple",
                                        [
                                          "string",
                                          "string",
                                          "string",
                                          "string",
                                          "string"
                                        ]
                                      ],
                                      "legend_layout": "string",
                                      "markers": [
                                        "tuple",
                                        []
                                      ],
                                      "requests": [
                                        "tuple",
                                        [
                                          [
                                            "object",
                                            {
                                              "display_type": "string",
                                              "formulas": [
                                                "tuple",
                                                [
                                                  [
                                                    "object",
                                                    {
                                                      "alias": "string",
                                                      "formula": "string"
                                                    }
                                                  ],
                                                  [
                                                    "object",
                                                    {
                                                      "alias": "string",
                                                      "formula": "string"
                                                    }
                                                  ]
                                                ]
                                              ],
                                              "queries": [
                                                "tuple",
                                                [
                                                  [
                                                    "object",
                                                    {
                                                      "data_source": "string",
                                                      "name": "string",
                                                      "query": "string"
                                                    }
                                                  ],
                                                  [
                                                    "object",
                                                    {
                                                      "data_source": "string",
                                                      "name": "string",
                                                      "query": "string"
                                                    }
                                                  ]
                                                ]
                                              ],
                                              "response_format": "string",
                                              "style": [
                                                "object",
                                                {
                                                  "color_order": "string",
                                                  "line_type": "string",
                                                  "line_width": "string",
                                                  "order_by": "string",
                                                  "palette": "string"
                                                }
                                              ]
                                            }
                                          ]
                                        ]
                                      ],
                                      "show_legend": "bool",
                                      "title": "string",
                                      "title_align": "string",
                                      "title_size": "string",
                                      "type": "string"
                                    }
                                  ],
                                  "id": "number",
                                  "layout": [
                                    "object",
                                    {
                                      "height": "number",
                                      "width": "number",
                                      "x": "number",
                                      "y": "number"
                                    }
                                  ]
                                }
                              ],
                              [
                                "object",
                                {
                                  "definition": [
                                    "object",
                                    {
                                      "background_color": "string",
                                      "content": "string",
                                      "font_size": "string",
                                      "has_padding": "bool",
                                      "show_tick": "bool",
                                      "text_align": "string",
                                      "tick_edge": "string",
                                      "tick_pos": "string",
                                      "type": "string",
                                      "vertical_align": "string"
                                    }
                                  ],
                                  "id": "number",
                                  "layout": [
                                    "object",
                                    {
                                      "height": "number",
                                      "width": "number",
                                      "x": "number",
                                      "y": "number"
                                    }
                                  ]
                                }
                              ],
                              [
                                "object",
                                {
                                  "definition": [
                                    "object",
                                    {
                                      "autoscale": "bool",
                                      "precision": "number",
                                      "requests": [
                                        "tuple",
                                        [
                                          [
                                            "object",
                                            {
                                              "conditional_formats": [
                                                "tuple",
                                                [
                                                  [
                                                    "object",
                                                    {
                                                      "comparator": "string",
                                                      "palette": "string",
                                                      "value": "number"
                                                    }
                                                  ],
                                                  [
                                                    "object",
                                                    {
                                                      "comparator": "string",
                                                      "palette": "string",
                                                      "value": "number"
                                                    }
                                                  ],
                                                  [
                                                    "object",
                                                    {
                                                      "comparator": "string",
                                                      "palette": "string",
                                                      "value": "number"
                                                    }
                                                  ]
                                                ]
                                              ],
                                              "formulas": [
                                                "tuple",
                                                [
                                                  [
                                                    "object",
                                                    {
                                                      "formula": "string"
                                                    }
                                                  ]
                                                ]
                                              ],
                                              "queries": [
                                                "tuple",
                                                [
                                                  [
                                                    "object",
                                                    {
                                                      "aggregator": "string",
                                                      "data_source": "string",
                                                      "name": "string",
                                                      "query": "string"
                                                    }
                                                  ],
                                                  [
                                                    "object",
                                                    {
                                                      "aggregator": "string",
                                                      "data_source": "string",
                                                      "name": "string",
                                                      "query": "string"
                                                    }
                                                  ],
                                                  [
                                                    "object",
                                                    {
                                                      "aggregator": "string",
                                                      "data_source": "string",
                                                      "name": "string",
                                                      "query": "string"
                                                    }
                                                  ]
                                                ]
                                              ],
                                              "response_format": "string"
                                            }
                                          ]
                                        ]
                                      ],
                                      "text_align": "string",
                                      "timeseries_background": [
                                        "object",
                                        {
                                          "type": "string",
                                          "yaxis": [
                                            "object",
                                            {
                                              "include_zero": "bool"
                                            }
                                          ]
                                        }
                                      ],
                                      "title": "string",
                                      "title_align": "string",
                                      "title_size": "string",
                                      "type": "string"
                                    }
                                  ],
                                  "id": "number",
                                  "layout": [
                                    "object",
                                    {
                                      "height": "number",
                                      "width": "number",
                                      "x": "number",
                                      "y": "number"
                                    }
                                  ]
                                }
                              ],
                              [
                                "object",
                                {
                                  "definition": [
                                    "object",
                                    {
                                      "autoscale": "bool",
                                      "precision": "number",
                                      "requests": [
                                        "tuple",
                                        [
                                          [
                                            "object",
                                            {
                                              "conditional_formats": [
                                                "tuple",
                                                [
                                                  [
                                                    "object",
                                                    {
                                                      "comparator": "string",
                                                      "palette": "string",
                                                      "value": "number"
                                                    }
                                                  ],
                                                  [
                                                    "object",
                                                    {
                                                      "comparator": "string",
                                                      "palette": "string",
                                                      "value": "number"
                                                    }
                                                  ],
                                                  [
                                                    "object",
                                                    {
                                                      "comparator": "string",
                                                      "palette": "string",
                                                      "value": "number"
                                                    }
                                                  ]
                                                ]
                                              ],
                                              "formulas": [
                                                "tuple",
                                                [
                                                  [
                                                    "object",
                                                    {
                                                      "formula": "string"
                                                    }
                                                  ]
                                                ]
                                              ],
                                              "queries": [
                                                "tuple",
                                                [
                                                  [
                                                    "object",
                                                    {
                                                      "aggregator": "string",
                                                      "data_source": "string",
                                                      "name": "string",
                                                      "query": "string"
                                                    }
                                                  ]
                                                ]
                                              ],
                                              "response_format": "string"
                                            }
                                          ]
                                        ]
                                      ],
                                      "timeseries_background": [
                                        "object",
                                        {
                                          "type": "string",
                                          "yaxis": [
                                            "object",
                                            {
                                              "include_zero": "bool"
                                            }
                                          ]
                                        }
                                      ],
                                      "title": "string",
                                      "title_align": "string",
                                      "title_size": "string",
                                      "type": "string"
                                    }
                                  ],
                                  "id": "number",
                                  "layout": [
                                    "object",
                                    {
                                      "height": "number",
                                      "width": "number",
                                      "x": "number",
                                      "y": "number"
                                    }
                                  ]
                                }
                              ],
                              [
                                "object",
                                {
                                  "definition": [
                                    "object",
                                    {
                                      "legend_columns": [
                                        "tuple",
                                        [
                                          "string",
                                          "string",
                                          "string",
                                          "string",
                                          "string"
                                        ]
                                      ],
                                      "legend_layout": "string",
                                      "requests": [
                                        "tuple",
                                        [
                                          [
                                            "object",
                                            {
                                              "display_type": "string",
                                              "formulas": [
                                                "tuple",
                                                [
                                                  [
                                                    "object",
                                                    {
                                                      "alias": "string",
                                                      "formula": "string"
                                                    }
                                                  ]
                                                ]
                                              ],
                                              "queries": [
                                                "tuple",
                                                [
                                                  [
                                                    "object",
                                                    {
                                                      "data_source": "string",
                                                      "name": "string",
                                                      "query": "string"
                                                    }
                                                  ]
                                                ]
                                              ],
                                              "response_format": "string",
                                              "style": [
                                                "object",
                                                {
                                                  "palette": "string"
                                                }
                                              ]
                                            }
                                          ]
                                        ]
                                      ],
                                      "show_legend": "bool",
                                      "title": "string",
                                      "title_align": "string",
                                      "title_size": "string",
                                      "type": "string"
                                    }
                                  ],
                                  "id": "number",
                                  "layout": [
                                    "object",
                                    {
                                      "height": "number",
                                      "width": "number",
                                      "x": "number",
                                      "y": "number"
                                    }
                                  ]
                                }
                              ],
                              [
                                "object",
                                {
                                  "definition": [
                                    "object",
                                    {
                                      "autoscale": "bool",
                                      "precision": "number",
                                      "requests": [
                                        "tuple",
                                        [
                                          [
                                            "object",
                                            {
                                              "formulas": [
                                                "tuple",
                                                [
                                                  [
                                                    "object",
                                                    {
                                                      "formula": "string"
                                                    }
                                                  ]
                                                ]
                                              ],
                                              "queries": [
                                                "tuple",
                                                [
                                                  [
                                                    "object",
                                                    {
                                                      "aggregator": "string",
                                                      "data_source": "string",
                                                      "name": "string",
                                                      "query": "string"
                                                    }
                                                  ]
                                                ]
                                              ],
                                              "response_format": "string"
                                            }
                                          ]
                                        ]
                                      ],
                                      "timeseries_background": [
                                        "object",
                                        {
                                          "type": "string"
                                        }
                                      ],
                                      "title": "string",
                                      "title_align": "string",
                                      "title_size": "string",
                                      "type": "string"
                                    }
                                  ],
                                  "id": "number",
                                  "layout": [
                                    "object",
                                    {
                                      "height": "number",
                                      "width": "number",
                                      "x": "number",
                                      "y": "number"
                                    }
                                  ]
                                }
                              ],
                              [
                                "object",
                                {
                                  "definition": [
                                    "object",
                                    {
                                      "legend_columns": [
                                        "tuple",
                                        [
                                          "string",
                                          "string",
                                          "string",
                                          "string",
                                          "string"
                                        ]
                                      ],
                                      "legend_layout": "string",
                                      "requests": [
                                        "tuple",
                                        [
                                          [
                                            "object",
                                            {
                                              "display_type": "string",
                                              "formulas": [
                                                "tuple",
                                                [
                                                  [
                                                    "object",
                                                    {
                                                      "formula": "string"
                                                    }
                                                  ]
                                                ]
                                              ],
                                              "queries": [
                                                "tuple",
                                                [
                                                  [
                                                    "object",
                                                    {
                                                      "data_source": "string",
                                                      "name": "string",
                                                      "query": "string"
                                                    }
                                                  ]
                                                ]
                                              ],
                                              "response_format": "string",
                                              "style": [
                                                "object",
                                                {
                                                  "color_order": "string",
                                                  "line_type": "string",
                                                  "line_width": "string",
                                                  "order_by": "string",
                                                  "order_reverse": "bool",
                                                  "palette": "string"
                                                }
                                              ]
                                            }
                                          ]
                                        ]
                                      ],
                                      "show_legend": "bool",
                                      "title": "string",
                                      "title_align": "string",
                                      "title_size": "string",
                                      "type": "string"
                                    }
                                  ],
                                  "id": "number",
                                  "layout": [
                                    "object",
                                    {
                                      "height": "number",
                                      "width": "number",
                                      "x": "number",
                                      "y": "number"
                                    }
                                  ]
                                }
                              ],
                              [
                                "object",
                                {
                                  "definition": [
                                    "object",
                                    {
                                      "hide_total": "bool",
                                      "legend": [
                                        "object",
                                        {
                                          "type": "string"
                                        }
                                      ],
                                      "requests": [
                                        "tuple",
                                        [
                                          [
                                            "object",
                                            {
                                              "formulas": [
                                                "tuple",
                                                [
                                                  [
                                                    "object",
                                                    {
                                                      "formula": "string"
                                                    }
                                                  ]
                                                ]
                                              ],
                                              "queries": [
                                                "tuple",
                                                [
                                                  [
                                                    "object",
                                                    {
                                                      "aggregator": "string",
                                                      "data_source": "string",
                                                      "name": "string",
                                                      "query": "string"
                                                    }
                                                  ]
                                                ]
                                              ],
                                              "response_format": "string",
                                              "sort": [
                                                "object",
                                                {
                                                  "count": "number",
                                                  "order_by": [
                                                    "tuple",
                                                    [
                                                      [
                                                        "object",
                                                        {
                                                          "index": "number",
                                                          "order": "string",
                                                          "type": "string"
                                                        }
                                                      ]
                                                    ]
                                                  ]
                                                }
                                              ],
                                              "style": [
                                                "object",
                                                {
                                                  "palette": "string"
                                                }
                                              ]
                                            }
                                          ]
                                        ]
                                      ],
                                      "title": "string",
                                      "title_align": "string",
                                      "title_size": "string",
                                      "type": "string"
                                    }
                                  ],
                                  "id": "number",
                                  "layout": [
                                    "object",
                                    {
                                      "height": "number",
                                      "width": "number",
                                      "x": "number",
                                      "y": "number"
                                    }
                                  ]
                                }
                              ],
                              [
                                "object",
                                {
                                  "definition": [
                                    "object",
                                    {
                                      "legend_columns": [
                                        "tuple",
                                        [
                                          "string",
                                          "string",
                                          "string",
                                          "string",
                                          "string"
                                        ]
                                      ],
                                      "legend_layout": "string",
                                      "requests": [
                                        "tuple",
                                        [
                                          [
                                            "object",
                                            {
                                              "display_type": "string",
                                              "formulas": [
                                                "tuple",
                                                [
                                                  [
                                                    "object",
                                                    {
                                                      "formula": "string"
                                                    }
                                                  ],
                                                  [
                                                    "object",
                                                    {
                                                      "formula": "string"
                                                    }
                                                  ]
                                                ]
                                              ],
                                              "queries": [
                                                "tuple",
                                                [
                                                  [
                                                    "object",
                                                    {
                                                      "data_source": "string",
                                                      "name": "string",
                                                      "query": "string"
                                                    }
                                                  ],
                                                  [
                                                    "object",
                                                    {
                                                      "data_source": "string",
                                                      "name": "string",
                                                      "query": "string"
                                                    }
                                                  ]
                                                ]
                                              ],
                                              "response_format": "string",
                                              "style": [
                                                "object",
                                                {
                                                  "color_order": "string",
                                                  "line_type": "string",
                                                  "line_width": "string",
                                                  "order_by": "string",
                                                  "order_reverse": "bool",
                                                  "palette": "string"
                                                }
                                              ]
                                            }
                                          ]
                                        ]
                                      ],
                                      "show_legend": "bool",
                                      "title": "string",
                                      "title_align": "string",
                                      "title_size": "string",
                                      "type": "string"
                                    }
                                  ],
                                  "id": "number",
                                  "layout": [
                                    "object",
                                    {
                                      "height": "number",
                                      "width": "number",
                                      "x": "number",
                                      "y": "number"
                                    }
                                  ]
                                }
                              ],
                              [
                                "object",
                                {
                                  "definition": [
                                    "object",
                                    {
                                      "requests": [
                                        "tuple",
                                        [
                                          [
                                            "object",
                                            {
                                              "conditional_formats": [
                                                "tuple",
                                                [
                                                  [
                                                    "object",
                                                    {
                                                      "comparator": "string",
                                                      "palette": "string",
                                                      "value": "number"
                                                    }
                                                  ],
                                                  [
                                                    "object",
                                                    {
                                                      "comparator": "string",
                                                      "palette": "string",
                                                      "value": "number"
                                                    }
                                                  ],
                                                  [
                                                    "object",
                                                    {
                                                      "comparator": "string",
                                                      "palette": "string",
                                                      "value": "number"
                                                    }
                                                  ]
                                                ]
                                              ],
                                              "formulas": [
                                                "tuple",
                                                [
                                                  [
                                                    "object",
                                                    {
                                                      "formula": "string"
                                                    }
                                                  ]
                                                ]
                                              ],
                                              "queries": [
                                                "tuple",
                                                [
                                                  [
                                                    "object",
                                                    {
                                                      "aggregator": "string",
                                                      "data_source": "string",
                                                      "name": "string",
                                                      "query": "string"
                                                    }
                                                  ]
                                                ]
                                              ],
                                              "response_format": "string",
                                              "sort": [
                                                "object",
                                                {
                                                  "count": "number",
                                                  "order_by": [
                                                    "tuple",
                                                    [
                                                      [
                                                        "object",
                                                        {
                                                          "index": "number",
                                                          "order": "string",
                                                          "type": "string"
                                                        }
                                                      ]
                                                    ]
                                                  ]
                                                }
                                              ]
                                            }
                                          ]
                                        ]
                                      ],
                                      "style": [
                                        "object",
                                        {
                                          "display": [
                                            "object",
                                            {
                                              "legend": "string",
                                              "type": "string"
                                            }
                                          ],
                                          "palette": "string",
                                          "scaling": "string"
                                        }
                                      ],
                                      "title": "string",
                                      "title_align": "string",
                                      "title_size": "string",
                                      "type": "string"
                                    }
                                  ],
                                  "id": "number",
                                  "layout": [
                                    "object",
                                    {
                                      "height": "number",
                                      "width": "number",
                                      "x": "number",
                                      "y": "number"
                                    }
                                  ]
                                }
                              ]
                            ]
                          ]
                        }
                      ],
                      "layout": [
                        "object",
                        {
                          "height": "number",
                          "width": "number",
                          "x": "number",
                          "y": "number"
                        }
                      ]
                    }
                  ],
                  [
                    "object",
                    {
                      "definition": [
                        "object",
                        {
                          "has_search_bar": "string",
                          "requests": [
                            "tuple",
                            [
                              [
                                "object",
                                {
                                  "formulas": [
                                    "tuple",
                                    [
                                      [
                                        "object",
                                        {
                                          "alias": "string",
                                          "cell_display_mode": "string",
                                          "formula": "string"
                                        }
                                      ],
                                      [
                                        "object",
                                        {
                                          "alias": "string",
                                          "cell_display_mode": "string",
                                          "formula": "string"
                                        }
                                      ],
                                      [
                                        "object",
                                        {
                                          "alias": "string",
                                          "formula": "string"
                                        }
                                      ],
                                      [
                                        "object",
                                        {
                                          "alias": "string",
                                          "formula": "string"
                                        }
                                      ],
                                      [
                                        "object",
                                        {
                                          "alias": "string",
                                          "conditional_formats": [
                                            "tuple",
                                            [
                                              [
                                                "object",
                                                {
                                                  "comparator": "string",
                                                  "palette": "string",
                                                  "value": "number"
                                                }
                                              ]
                                            ]
                                          ],
                                          "formula": "string"
                                        }
                                      ],
                                      [
                                        "object",
                                        {
                                          "alias": "string",
                                          "conditional_formats": [
                                            "tuple",
                                            [
                                              [
                                                "object",
                                                {
                                                  "comparator": "string",
                                                  "palette": "string",
                                                  "value": "number"
                                                }
                                              ]
                                            ]
                                          ],
                                          "formula": "string"
                                        }
                                      ]
                                    ]
                                  ],
                                  "queries": [
                                    "tuple",
                                    [
                                      [
                                        "object",
                                        {
                                          "aggregator": "string",
                                          "data_source": "string",
                                          "name": "string",
                                          "query": "string"
                                        }
                                      ],
                                      [
                                        "object",
                                        {
                                          "aggregator": "string",
                                          "data_source": "string",
                                          "name": "string",
                                          "query": "string"
                                        }
                                      ],
                                      [
                                        "object",
                                        {
                                          "aggregator": "string",
                                          "data_source": "string",
                                          "name": "string",
                                          "query": "string"
                                        }
                                      ],
                                      [
                                        "object",
                                        {
                                          "aggregator": "string",
                                          "data_source": "string",
                                          "name": "string",
                                          "query": "string"
                                        }
                                      ],
                                      [
                                        "object",
                                        {
                                          "aggregator": "string",
                                          "data_source": "string",
                                          "name": "string",
                                          "query": "string"
                                        }
                                      ],
                                      [
                                        "object",
                                        {
                                          "aggregator": "string",
                                          "data_source": "string",
                                          "name": "string",
                                          "query": "string"
                                        }
                                      ]
                                    ]
                                  ],
                                  "response_format": "string",
                                  "sort": [
                                    "object",
                                    {
                                      "count": "number",
                                      "order_by": [
                                        "tuple",
                                        [
                                          [
                                            "object",
                                            {
                                              "index": "number",
                                              "order": "string",
                                              "type": "string"
                                            }
                                          ]
                                        ]
                                      ]
                                    }
                                  ]
                                }
                              ]
                            ]
                          ],
                          "title": "string",
                          "title_align": "string",
                          "title_size": "string",
                          "type": "string"
                        }
                      ],
                      "layout": [
                        "object",
                        {
                          "height": "number",
                          "width": "number",
                          "x": "number",
                          "y": "number"
                        }
                      ]
                    }
                  ]
                ]
              ]
            }
          ]
        }
      ]
    },
    "dashboard_outlines": {
      "value": {
        "franky_testing_main_dashboard": {
          "description": "FrankyTesting dashboard with configurable groups",
          "layout_type": "ordered",
          "notify_list": [],
          "reflow_type": "fixed",
          "tags": [],
          "template_variables": [
            {
              "available_values": [],
              "default": "prod",
              "name": "env",
              "prefix": "env"
            },
            {
              "available_values": [],
              "default": "asset-accounting",
              "name": "team",
              "prefix": "team"
            },
            {
              "available_values": [],
              "default": "prod-asset-accounting",
              "name": "namespace",
              "prefix": "namespace"
            },
            {
              "available_values": [],
              "default": "asset-accounting-backend",
              "name": "service",
              "prefix": "service"
            },
            {
              "available_values": [],
              "default": "*",
              "name": "account",
              "prefix": "aws_account"
            },
            {
              "available_values": [],
              "default": "*",
              "name": "region",
              "prefix": "region"
            },
            {
              "available_values": [],
              "default": "prod-asset-accounting-20241109-01-0",
              "name": "dbinstance",
              "prefix": "dbinstanceidentifier"
            },
            {
              "available_values": [],
              "default": "*",
              "name": "dbcluster",
              "prefix": "dbclusteridentifier"
            }
          ],
          "title": "[FrankyTesting] Main Dashboard 222222I think we don't need to...",
          "widgets": [
            {
              "layout": {
                "height": 4,
                "width": 12,
                "x": 0,
                "y": 0
              },
              "widget_file": "system_load_disk_group.yaml"
            },
            {
              "layout": {
                "height": 4,
                "width": 12,
                "x": 0,
                "y": 4
              },
              "widget_file": "business_metrics_group.yaml"
            },
            {
              "layout": {
                "height": 15,
                "width": 12,
                "x": 0,
                "y": 8
              },
              "widget_file": "application_requests.yaml"
            },
            {
              "layout": {
                "height": 50,
                "width": 12,
                "x": 0,
                "y": 30
              },
              "widget_file": "cpu_mem_k8s.yaml"
            }
          ]
        }
      },
      "type": [
        "object",
        {
          "franky_testing_main_dashboard": [
            "object",
            {
              "description": "string",
              "layout_type": "string",
              "notify_list": [
                "tuple",
                []
              ],
              "reflow_type": "string",
              "tags": [
                "tuple",
                []
              ],
              "template_variables": [
                "tuple",
                [
                  [
                    "object",
                    {
                      "available_values": [
                        "tuple",
                        []
                      ],
                      "default": "string",
                      "name": "string",
                      "prefix": "string"
                    }
                  ],
                  [
                    "object",
                    {
                      "available_values": [
                        "tuple",
                        []
                      ],
                      "default": "string",
                      "name": "string",
                      "prefix": "string"
                    }
                  ],
                  [
                    "object",
                    {
                      "available_values": [
                        "tuple",
                        []
                      ],
                      "default": "string",
                      "name": "string",
                      "prefix": "string"
                    }
                  ],
                  [
                    "object",
                    {
                      "available_values": [
                        "tuple",
                        []
                      ],
                      "default": "string",
                      "name": "string",
                      "prefix": "string"
                    }
                  ],
                  [
                    "object",
                    {
                      "available_values": [
                        "tuple",
                        []
                      ],
                      "default": "string",
                      "name": "string",
                      "prefix": "string"
                    }
                  ],
                  [
                    "object",
                    {
                      "available_values": [
                        "tuple",
                        []
                      ],
                      "default": "string",
                      "name": "string",
                      "prefix": "string"
                    }
                  ],
                  [
                    "object",
                    {
                      "available_values": [
                        "tuple",
                        []
                      ],
                      "default": "string",
                      "name": "string",
                      "prefix": "string"
                    }
                  ],
                  [
                    "object",
                    {
                      "available_values": [
                        "tuple",
                        []
                      ],
                      "default": "string",
                      "name": "string",
                      "prefix": "string"
                    }
                  ]
                ]
              ],
              "title": "string",
              "widgets": [
                "tuple",
                [
                  [
                    "object",
                    {
                      "layout": [
                        "object",
                        {
                          "height": "number",
                          "width": "number",
                          "x": "number",
                          "y": "number"
                        }
                      ],
                      "widget_file": "string"
                    }
                  ],
                  [
                    "object",
                    {
                      "layout": [
                        "object",
                        {
                          "height": "number",
                          "width": "number",
                          "x": "number",
                          "y": "number"
                        }
                      ],
                      "widget_file": "string"
                    }
                  ],
                  [
                    "object",
                    {
                      "layout": [
                        "object",
                        {
                          "height": "number",
                          "width": "number",
                          "x": "number",
                          "y": "number"
                        }
                      ],
                      "widget_file": "string"
                    }
                  ],
                  [
                    "object",
                    {
                      "layout": [
                        "object",
                        {
                          "height": "number",
                          "width": "number",
                          "x": "number",
                          "y": "number"
                        }
                      ],
                      "widget_file": "string"
                    }
                  ]
                ]
              ]
            }
          ]
        }
      ]
    },
    "dashboard_path": {
      "value": "./dashboard",
      "type": "string"
    },
    "json_result": {
      "value": "{\"description\":\"Simple dashboard for testing\",\"is_read_only\":false,\"layout_type\":\"ordered\",\"tags\":[\"env:test\"],\"title\":\"Test Dashboard\",\"widgets\":[{\"definition\":{\"background_color\":\"yellow\",\"content\":\"Hello YAML → JSON\",\"type\":\"note\"},\"layout\":{\"height\":4,\"width\":24,\"x\":0,\"y\":0}}]}",
      "type": "string"
    },
    "widget_files": {
      "value": [
        "application_requests.yaml",
        "application_requests_old.yaml",
        "business_metrics_group.yaml",
        "cpu_mem_k8s.yaml",
        "system_load_disk_group.yaml"
      ],
      "type": [
        "set",
        "string"
      ]
    },
    "widgets": {
      "value": {
        "application_requests": {
          "definition": {
            "background_color": "vivid_blue",
            "layout_type": "ordered",
            "show_title": true,
            "title": "Services",
            "type": "group",
            "widgets": [
              {
                "definition": {
                  "background_color": "blue",
                  "content": "## Health \u0026 Event",
                  "font_size": "36",
                  "has_padding": true,
                  "show_tick": true,
                  "text_align": "center",
                  "tick_edge": "left",
                  "tick_pos": "50%",
                  "type": "note",
                  "vertical_align": "center"
                },
                "id": 1736323808171077,
                "layout": {
                  "height": 1,
                  "width": 12,
                  "x": 0,
                  "y": 0
                }
              },
              {
                "definition": {
                  "color_preference": "background",
                  "count": 50,
                  "display_format": "countsAndList",
                  "hide_zero_counts": true,
                  "last_triggered_format": "relative",
                  "query": "$team $env",
                  "show_last_triggered": false,
                  "show_priority": true,
                  "show_status": true,
                  "sort": "status,asc",
                  "start": 0,
                  "summary_type": "monitors",
                  "title": "Service Monitors",
                  "type": "manage_status"
                },
                "id": 3833959094031737,
                "layout": {
                  "height": 3,
                  "width": 5,
                  "x": 2,
                  "y": 1
                }
              },
              {
                "definition": {
                  "requests": [
                    {
                      "query": {
                        "data_source": "service_map",
                        "filters": [
                          "$env"
                        ],
                        "query_string": "service:($service.value)",
                        "service": "$service"
                      },
                      "request_type": "topology"
                    }
                  ],
                  "title": "Dependency Map",
                  "title_align": "left",
                  "title_size": "16",
                  "type": "topology_map"
                },
                "id": 106805208976973,
                "layout": {
                  "height": 3,
                  "width": 5,
                  "x": 7,
                  "y": 1
                }
              },
              {
                "definition": {
                  "background_color": "orange",
                  "content": "## Resource Utilization",
                  "font_size": "36",
                  "has_padding": true,
                  "show_tick": true,
                  "text_align": "center",
                  "tick_edge": "left",
                  "tick_pos": "50%",
                  "type": "note",
                  "vertical_align": "center"
                },
                "id": 7074867250317244,
                "layout": {
                  "height": 1,
                  "width": 10,
                  "x": 2,
                  "y": 4
                }
              },
              {
                "definition": {
                  "legend_columns": [
                    "avg",
                    "min",
                    "max",
                    "value",
                    "sum"
                  ],
                  "legend_layout": "auto",
                  "markers": [
                    {
                      "display_type": "ok dashed",
                      "label": "y \u003e 2",
                      "value": "y \u003e 2"
                    },
                    {
                      "display_type": "error dashed",
                      "label": "y \u003c 2",
                      "value": "y \u003c 2"
                    }
                  ],
                  "requests": [
                    {
                      "display_type": "bars",
                      "formulas": [
                        {
                          "formula": "query1"
                        }
                      ],
                      "queries": [
                        {
                          "data_source": "metrics",
                          "name": "query1",
                          "query": "sum:kubernetes.pods.running{$env,kube_namespace:$namespace.value, $service} by {kube_app_name}"
                        }
                      ],
                      "response_format": "timeseries",
                      "style": {
                        "color_order": "shuffled",
                        "line_type": "solid",
                        "line_width": "normal",
                        "order_by": "values",
                        "palette": "dog_classic"
                      }
                    }
                  ],
                  "show_legend": true,
                  "title": "Pods Number",
                  "title_align": "left",
                  "title_size": "16",
                  "type": "timeseries"
                },
                "id": 2129964225235122,
                "layout": {
                  "height": 2,
                  "width": 5,
                  "x": 2,
                  "y": 5
                }
              },
              {
                "definition": {
                  "legend_columns": [
                    "avg",
                    "min",
                    "max",
                    "value",
                    "sum"
                  ],
                  "legend_layout": "auto",
                  "markers": [
                    {
                      "display_type": "error dashed",
                      "label": "y \u003e 2",
                      "value": "y \u003e 2"
                    },
                    {
                      "display_type": "ok dashed",
                      "label": "y \u003c 2",
                      "value": "y \u003c 2"
                    }
                  ],
                  "requests": [
                    {
                      "display_type": "bars",
                      "formulas": [
                        {
                          "formula": "query1"
                        }
                      ],
                      "queries": [
                        {
                          "data_source": "metrics",
                          "name": "query1",
                          "query": "sum:kubernetes.containers.restarts{$env,service:asset-accounting-backend} by {kube_container_name}"
                        }
                      ],
                      "response_format": "timeseries",
                      "style": {
                        "color_order": "shuffled",
                        "line_type": "solid",
                        "line_width": "normal",
                        "order_by": "values",
                        "palette": "dog_classic"
                      }
                    }
                  ],
                  "show_legend": true,
                  "title": "Pods Restart",
                  "title_align": "left",
                  "title_size": "16",
                  "type": "timeseries"
                },
                "id": 6780386267187339,
                "layout": {
                  "height": 2,
                  "width": 5,
                  "x": 7,
                  "y": 5
                }
              },
              {
                "definition": {
                  "legend_columns": [
                    "avg",
                    "min",
                    "max",
                    "value",
                    "sum"
                  ],
                  "legend_layout": "auto",
                  "markers": [
                    {
                      "display_type": "ok dashed",
                      "label": "y \u003c 4831838208",
                      "value": "y \u003c 4831838208"
                    },
                    {
                      "display_type": "warning dashed",
                      "label": "4831838208 \u003c y \u003c 5368709120",
                      "value": "4831838208 \u003c y \u003c 5368709120"
                    },
                    {
                      "display_type": "error dashed",
                      "label": "y \u003e 5368709120",
                      "value": "y \u003e 5368709120"
                    }
                  ],
                  "requests": [
                    {
                      "display_type": "line",
                      "formulas": [
                        {
                          "alias": "mem_usage",
                          "formula": "query1"
                        },
                        {
                          "alias": "mem_request",
                          "formula": "query2"
                        }
                      ],
                      "queries": [
                        {
                          "data_source": "metrics",
                          "name": "query1",
                          "query": "avg:kubernetes.memory.usage{kube_namespace:$namespace.value,$env,service:$service.value} by {display_container_name}"
                        },
                        {
                          "data_source": "metrics",
                          "name": "query2",
                          "query": "max:kubernetes.memory.requests{kube_namespace:$namespace.value,$env,service:$service.value} by {container_name}"
                        }
                      ],
                      "response_format": "timeseries",
                      "style": {
                        "color_order": "shuffled",
                        "line_type": "solid",
                        "line_width": "normal",
                        "order_by": "values",
                        "palette": "dog_classic"
                      }
                    }
                  ],
                  "show_legend": true,
                  "title": "Memory (remove)",
                  "title_align": "left",
                  "title_size": "16",
                  "type": "timeseries"
                },
                "id": 300813272500088,
                "layout": {
                  "height": 2,
                  "width": 5,
                  "x": 2,
                  "y": 7
                }
              },
              {
                "definition": {
                  "legend_columns": [
                    "avg",
                    "min",
                    "max",
                    "value",
                    "sum"
                  ],
                  "legend_layout": "auto",
                  "markers": [
                    {
                      "display_type": "ok dashed",
                      "label": " 75% ",
                      "value": "y \u003c 0.75"
                    },
                    {
                      "display_type": "warning dashed",
                      "label": " 75%-85% ",
                      "value": "0.75 \u003c y \u003c 0.85"
                    },
                    {
                      "display_type": "error dashed",
                      "label": " 85% ",
                      "value": "y \u003e 0.85"
                    }
                  ],
                  "requests": [
                    {
                      "display_type": "line",
                      "formulas": [
                        {
                          "formula": "query1"
                        }
                      ],
                      "queries": [
                        {
                          "data_source": "metrics",
                          "name": "query1",
                          "query": "avg:kubernetes.memory.usage_pct{kube_namespace:*asset-accounting*,container_name:aa-backend,$env} by {display_container_name}"
                        }
                      ],
                      "response_format": "timeseries",
                      "style": {
                        "color_order": "shuffled",
                        "line_type": "solid",
                        "line_width": "normal",
                        "order_by": "values",
                        "palette": "dog_classic"
                      }
                    }
                  ],
                  "show_legend": true,
                  "title": "Memory Percent",
                  "title_align": "left",
                  "title_size": "16",
                  "type": "timeseries"
                },
                "id": 6981182833900402,
                "layout": {
                  "height": 2,
                  "width": 5,
                  "x": 7,
                  "y": 7
                }
              },
              {
                "definition": {
                  "legend_columns": [
                    "avg",
                    "min",
                    "max",
                    "value",
                    "sum"
                  ],
                  "legend_layout": "auto",
                  "markers": [
                    {
                      "display_type": "ok dashed",
                      "label": "y \u003c 1.6",
                      "value": "y \u003c 1.6"
                    },
                    {
                      "display_type": "warning dashed",
                      "label": "1.6 \u003c y \u003c 1.8",
                      "value": "1.6 \u003c y \u003c 1.8"
                    },
                    {
                      "display_type": "error dashed",
                      "label": "y \u003e 1.8",
                      "value": "y \u003e 1.8"
                    }
                  ],
                  "requests": [
                    {
                      "display_type": "line",
                      "formulas": [
                        {
                          "alias": "cpu_usage",
                          "formula": "query1"
                        },
                        {
                          "alias": "cpu_request",
                          "formula": "query2",
                          "style": {
                            "palette": "red"
                          }
                        }
                      ],
                      "queries": [
                        {
                          "data_source": "metrics",
                          "name": "query1",
                          "query": "avg:kubernetes.cpu.usage.total{$env,$service,kube_namespace:$namespace.value} by {display_container_name}"
                        },
                        {
                          "data_source": "metrics",
                          "name": "query2",
                          "query": "max:kubernetes.cpu.requests{$env,$service,kube_namespace:$namespace.value} by {container_name}"
                        }
                      ],
                      "response_format": "timeseries",
                      "style": {
                        "color_order": "shuffled",
                        "line_type": "solid",
                        "line_width": "normal",
                        "order_by": "values",
                        "palette": "dog_classic"
                      }
                    }
                  ],
                  "show_legend": true,
                  "title": "CPU (change to percentage)",
                  "title_align": "left",
                  "title_size": "16",
                  "type": "timeseries"
                },
                "id": 286630901699322,
                "layout": {
                  "height": 2,
                  "width": 5,
                  "x": 2,
                  "y": 9
                }
              },
              {
                "definition": {
                  "legend_columns": [
                    "avg",
                    "min",
                    "max",
                    "value",
                    "sum"
                  ],
                  "legend_layout": "auto",
                  "markers": [],
                  "requests": [
                    {
                      "display_type": "line",
                      "formulas": [
                        {
                          "alias": "cpu_usage",
                          "formula": "query1",
                          "style": {
                            "palette": "dog_classic"
                          }
                        },
                        {
                          "alias": "cpu_request",
                          "formula": "query2"
                        }
                      ],
                      "queries": [
                        {
                          "data_source": "metrics",
                          "name": "query1",
                          "query": "avg:kubernetes.io.read_bytes{kube_namespace:*asset-accounting*,container_name:aa-backend,$env} by {display_container_name}"
                        },
                        {
                          "data_source": "metrics",
                          "name": "query2",
                          "query": "avg:kubernetes.io.write_bytes{kube_namespace:*asset-accounting*,container_name:aa-backend,$env} by {display_container_name}"
                        }
                      ],
                      "response_format": "timeseries",
                      "style": {
                        "color_order": "shuffled",
                        "line_type": "solid",
                        "line_width": "normal",
                        "order_by": "values",
                        "palette": "dog_classic"
                      }
                    }
                  ],
                  "show_legend": true,
                  "title": "Disk IO Read/Write",
                  "title_align": "left",
                  "title_size": "16",
                  "type": "timeseries"
                },
                "id": 5871113813390191,
                "layout": {
                  "height": 2,
                  "width": 5,
                  "x": 7,
                  "y": 9
                }
              },
              {
                "definition": {
                  "legend_columns": [
                    "avg",
                    "min",
                    "max",
                    "value",
                    "sum"
                  ],
                  "legend_layout": "auto",
                  "markers": [],
                  "requests": [
                    {
                      "display_type": "line",
                      "formulas": [
                        {
                          "alias": "receive",
                          "formula": "query1"
                        },
                        {
                          "alias": "transmit",
                          "formula": "query2"
                        }
                      ],
                      "queries": [
                        {
                          "data_source": "metrics",
                          "name": "query1",
                          "query": "sum:kubernetes.network.rx_bytes{$env, $service}"
                        },
                        {
                          "data_source": "metrics",
                          "name": "query2",
                          "query": "sum:kubernetes.network.tx_bytes{$env, $service}"
                        }
                      ],
                      "response_format": "timeseries",
                      "style": {
                        "color_order": "shuffled",
                        "line_type": "solid",
                        "line_width": "normal",
                        "order_by": "values",
                        "palette": "dog_classic"
                      }
                    }
                  ],
                  "show_legend": true,
                  "title": "Network Receive and Transmit",
                  "title_align": "left",
                  "title_size": "16",
                  "type": "timeseries"
                },
                "id": 5454379352059804,
                "layout": {
                  "height": 2,
                  "width": 5,
                  "x": 2,
                  "y": 11
                }
              },
              {
                "definition": {
                  "legend_columns": [
                    "avg",
                    "min",
                    "max",
                    "value",
                    "sum"
                  ],
                  "legend_layout": "auto",
                  "markers": [],
                  "requests": [
                    {
                      "display_type": "line",
                      "formulas": [
                        {
                          "alias": "receive",
                          "formula": "query1"
                        },
                        {
                          "alias": "transmit",
                          "formula": "query2"
                        }
                      ],
                      "queries": [
                        {
                          "data_source": "metrics",
                          "name": "query1",
                          "query": "sum:kubernetes.network.rx_errors{$env, $service}"
                        },
                        {
                          "data_source": "metrics",
                          "name": "query2",
                          "query": "sum:kubernetes.network.tx_errors{$env, $service}"
                        }
                      ],
                      "response_format": "timeseries",
                      "style": {
                        "color_order": "shuffled",
                        "line_type": "solid",
                        "line_width": "normal",
                        "order_by": "values",
                        "palette": "dog_classic"
                      }
                    }
                  ],
                  "show_legend": true,
                  "title": "Network Errors Receive and Transmit",
                  "title_align": "left",
                  "title_size": "16",
                  "type": "timeseries"
                },
                "id": 8883377818799084,
                "layout": {
                  "height": 2,
                  "width": 5,
                  "x": 7,
                  "y": 11
                }
              },
              {
                "definition": {
                  "background_color": "pink",
                  "content": "## Application performance",
                  "font_size": "36",
                  "has_padding": true,
                  "show_tick": true,
                  "text_align": "center",
                  "tick_edge": "left",
                  "tick_pos": "50%",
                  "type": "note",
                  "vertical_align": "center"
                },
                "id": 1127155075950384,
                "layout": {
                  "height": 1,
                  "width": 10,
                  "x": 2,
                  "y": 13
                }
              },
              {
                "definition": {
                  "autoscale": false,
                  "precision": 4,
                  "requests": [
                    {
                      "conditional_formats": [
                        {
                          "comparator": "\u003e=",
                          "palette": "white_on_yellow",
                          "value": 0.001
                        },
                        {
                          "comparator": "\u003e=",
                          "palette": "white_on_red",
                          "value": 0.003
                        },
                        {
                          "comparator": "\u003c",
                          "palette": "white_on_green",
                          "value": 0.001
                        }
                      ],
                      "formulas": [
                        {
                          "formula": "((query1 + query2) / query3) * 100"
                        }
                      ],
                      "queries": [
                        {
                          "aggregator": "sum",
                          "data_source": "metrics",
                          "name": "query1",
                          "query": "sum:aws.applicationelb.httpcode_elb_5xx{ingress.k8s.aws/stack:*asset-accounting/aa-alb-public,$env}.as_count()"
                        },
                        {
                          "aggregator": "sum",
                          "data_source": "metrics",
                          "name": "query2",
                          "query": "sum:aws.applicationelb.httpcode_target_5xx{ingress.k8s.aws/stack:*asset-accounting/aa-alb-public,$env}.as_count()"
                        },
                        {
                          "aggregator": "sum",
                          "data_source": "metrics",
                          "name": "query3",
                          "query": "sum:aws.applicationelb.request_count{ingress.k8s.aws/stack:*asset-accounting/aa-alb-public,$env}.as_count()"
                        }
                      ],
                      "response_format": "scalar"
                    }
                  ],
                  "text_align": "center",
                  "timeseries_background": {
                    "type": "area",
                    "yaxis": {
                      "include_zero": false
                    }
                  },
                  "title": "ALB: API Error Rate",
                  "title_align": "left",
                  "title_size": "16",
                  "type": "query_value"
                },
                "id": 87152102965845,
                "layout": {
                  "height": 2,
                  "width": 5,
                  "x": 2,
                  "y": 14
                }
              },
              {
                "definition": {
                  "autoscale": true,
                  "precision": 2,
                  "requests": [
                    {
                      "conditional_formats": [
                        {
                          "comparator": "\u003e=",
                          "palette": "white_on_yellow",
                          "value": 0.2
                        },
                        {
                          "comparator": "\u003e=",
                          "palette": "white_on_red",
                          "value": 0.5
                        },
                        {
                          "comparator": "\u003c",
                          "palette": "white_on_green",
                          "value": 2
                        }
                      ],
                      "formulas": [
                        {
                          "formula": "query1"
                        }
                      ],
                      "queries": [
                        {
                          "aggregator": "avg",
                          "data_source": "metrics",
                          "name": "query1",
                          "query": "avg:aws.applicationelb.target_response_time.p95{$env,ingress.k8s.aws/stack:*asset-accounting/aa-alb-public}"
                        }
                      ],
                      "response_format": "scalar"
                    }
                  ],
                  "timeseries_background": {
                    "type": "area",
                    "yaxis": {
                      "include_zero": false
                    }
                  },
                  "title": "ALB: API latency P95",
                  "title_align": "left",
                  "title_size": "16",
                  "type": "query_value"
                },
                "id": 3115870752647582,
                "layout": {
                  "height": 2,
                  "width": 5,
                  "x": 7,
                  "y": 14
                }
              },
              {
                "definition": {
                  "legend_columns": [
                    "avg",
                    "min",
                    "max",
                    "value",
                    "sum"
                  ],
                  "legend_layout": "auto",
                  "requests": [
                    {
                      "display_type": "bars",
                      "formulas": [
                        {
                          "alias": "alb",
                          "formula": "query1"
                        }
                      ],
                      "queries": [
                        {
                          "data_source": "metrics",
                          "name": "query1",
                          "query": "avg:aws.applicationelb.request_count{$env,$team} by {loadbalancer}.as_count()"
                        }
                      ],
                      "response_format": "timeseries",
                      "style": {
                        "palette": "blue"
                      }
                    }
                  ],
                  "show_legend": true,
                  "title": "ALB: Request Count (remove)",
                  "title_align": "left",
                  "title_size": "16",
                  "type": "timeseries"
                },
                "id": 5666851836132190,
                "layout": {
                  "height": 2,
                  "width": 5,
                  "x": 2,
                  "y": 16
                }
              },
              {
                "definition": {
                  "autoscale": true,
                  "precision": 2,
                  "requests": [
                    {
                      "formulas": [
                        {
                          "formula": "query1"
                        }
                      ],
                      "queries": [
                        {
                          "aggregator": "max",
                          "data_source": "metrics",
                          "name": "query1",
                          "query": "sum:aws.applicationelb.request_count{$env,$team}.as_rate()"
                        }
                      ],
                      "response_format": "scalar"
                    }
                  ],
                  "timeseries_background": {
                    "type": "area"
                  },
                  "title": "ALB: Request Rate",
                  "title_align": "left",
                  "title_size": "16",
                  "type": "query_value"
                },
                "id": 1305836082603362,
                "layout": {
                  "height": 2,
                  "width": 5,
                  "x": 7,
                  "y": 16
                }
              },
              {
                "definition": {
                  "legend_columns": [
                    "avg",
                    "min",
                    "max",
                    "value",
                    "sum"
                  ],
                  "legend_layout": "auto",
                  "requests": [
                    {
                      "display_type": "bars",
                      "formulas": [
                        {
                          "formula": "query1"
                        }
                      ],
                      "queries": [
                        {
                          "data_source": "metrics",
                          "name": "query1",
                          "query": "sum:trace.http.request.hits.by_http_status{$env,service:asset-accounting-backend} by {http.status_code}.as_count()"
                        }
                      ],
                      "response_format": "timeseries",
                      "style": {
                        "color_order": "shuffled",
                        "line_type": "solid",
                        "line_width": "normal",
                        "order_by": "values",
                        "order_reverse": false,
                        "palette": "semantic"
                      }
                    }
                  ],
                  "show_legend": true,
                  "title": "Application: Request Hits By Http Status (remove)",
                  "title_align": "left",
                  "title_size": "16",
                  "type": "timeseries"
                },
                "id": 1997678994766062,
                "layout": {
                  "height": 3,
                  "width": 5,
                  "x": 2,
                  "y": 18
                }
              },
              {
                "definition": {
                  "hide_total": false,
                  "legend": {
                    "type": "automatic"
                  },
                  "requests": [
                    {
                      "formulas": [
                        {
                          "formula": "query1"
                        }
                      ],
                      "queries": [
                        {
                          "aggregator": "last",
                          "data_source": "metrics",
                          "name": "query1",
                          "query": "sum:trace.http.request.hits.by_http_status{service:asset-accounting-backend,$env} by {http.status_code}.as_count()"
                        }
                      ],
                      "response_format": "scalar",
                      "sort": {
                        "count": 500,
                        "order_by": [
                          {
                            "index": 0,
                            "order": "desc",
                            "type": "formula"
                          }
                        ]
                      },
                      "style": {
                        "palette": "semantic"
                      }
                    }
                  ],
                  "title": "Application: Distribution of HTTP response codes",
                  "title_align": "left",
                  "title_size": "16",
                  "type": "sunburst"
                },
                "id": 2600285935494018,
                "layout": {
                  "height": 3,
                  "width": 5,
                  "x": 7,
                  "y": 18
                }
              },
              {
                "definition": {
                  "legend_columns": [
                    "avg",
                    "min",
                    "max",
                    "value",
                    "sum"
                  ],
                  "legend_layout": "auto",
                  "requests": [
                    {
                      "display_type": "bars",
                      "formulas": [
                        {
                          "formula": "query1"
                        },
                        {
                          "formula": "query2"
                        }
                      ],
                      "queries": [
                        {
                          "data_source": "metrics",
                          "name": "query1",
                          "query": "sum:trace.http.request.hits{$env,service:asset-accounting-backend}.as_count()"
                        },
                        {
                          "data_source": "metrics",
                          "name": "query2",
                          "query": "avg:aws.applicationelb.request_count{$env,$team} by {loadbalancer}.as_count()"
                        }
                      ],
                      "response_format": "timeseries",
                      "style": {
                        "color_order": "shuffled",
                        "line_type": "solid",
                        "line_width": "normal",
                        "order_by": "values",
                        "order_reverse": false,
                        "palette": "cool"
                      }
                    }
                  ],
                  "show_legend": true,
                  "title": "Application: Request Hits (need to be updated)",
                  "title_align": "left",
                  "title_size": "16",
                  "type": "timeseries"
                },
                "id": 165366499120846,
                "layout": {
                  "height": 2,
                  "width": 5,
                  "x": 2,
                  "y": 21
                }
              },
              {
                "definition": {
                  "requests": [
                    {
                      "conditional_formats": [
                        {
                          "comparator": "\u003c=",
                          "palette": "white_on_green",
                          "value": 0.2
                        },
                        {
                          "comparator": "\u003c=",
                          "palette": "white_on_yellow",
                          "value": 0.5
                        },
                        {
                          "comparator": "\u003e",
                          "palette": "white_on_red",
                          "value": 0.5
                        }
                      ],
                      "formulas": [
                        {
                          "formula": "query1"
                        }
                      ],
                      "queries": [
                        {
                          "aggregator": "avg",
                          "data_source": "metrics",
                          "name": "query1",
                          "query": "avg:trace.http.request{$env,service:asset-accounting-backend*} by {resource_name}"
                        }
                      ],
                      "response_format": "scalar",
                      "sort": {
                        "count": 10,
                        "order_by": [
                          {
                            "index": 0,
                            "order": "desc",
                            "type": "formula"
                          }
                        ]
                      }
                    }
                  ],
                  "style": {
                    "display": {
                      "legend": "automatic",
                      "type": "stacked"
                    },
                    "palette": "dog_classic",
                    "scaling": "absolute"
                  },
                  "title": "Application: Request Latency Top 10",
                  "title_align": "left",
                  "title_size": "16",
                  "type": "toplist"
                },
                "id": 5371479232141822,
                "layout": {
                  "height": 2,
                  "width": 5,
                  "x": 7,
                  "y": 21
                }
              }
            ]
          }
        },
        "application_requests_old": {
          "definition": {
            "requests": [
              {
                "display_type": "line",
                "on_right_yaxis": false,
                "queries": [
                  {
                    "data_source": "metrics",
                    "name": "query1",
                    "query": "avg:app.franky.requests{*} by {service}"
                  }
                ],
                "response_format": "timeseries"
              }
            ],
            "show_legend": false,
            "title": "[FrankyTesting] Application Requests",
            "type": "timeseries"
          }
        },
        "business_metrics_group": {
          "definition": {
            "layout_type": "ordered",
            "show_title": true,
            "title": "[Custom][FrankyTesting] Business Metrics",
            "type": "group",
            "widgets": [
              {
                "definition": {
                  "requests": [
                    {
                      "display_type": "line",
                      "on_right_yaxis": false,
                      "queries": [
                        {
                          "data_source": "metrics",
                          "name": "query1",
                          "query": "sum:app.franky.transactions{*} by {service}"
                        }
                      ],
                      "response_format": "timeseries"
                    }
                  ],
                  "show_legend": false,
                  "title": "[Custom][FrankyTesting] Transaction Volume by Service",
                  "type": "timeseries"
                },
                "layout": {
                  "height": 3,
                  "width": 6,
                  "x": 0,
                  "y": 0
                }
              },
              {
                "definition": {
                  "requests": [
                    {
                      "display_type": "line",
                      "on_right_yaxis": false,
                      "queries": [
                        {
                          "data_source": "metrics",
                          "name": "query1",
                          "query": "avg:app.franky.revenue{*} by {service}"
                        }
                      ],
                      "response_format": "timeseries"
                    }
                  ],
                  "show_legend": false,
                  "title": "[Custom][FrankyTesting] Revenue by Service",
                  "type": "timeseries"
                },
                "layout": {
                  "height": 3,
                  "width": 6,
                  "x": 6,
                  "y": 0
                }
              }
            ]
          }
        },
        "cpu_mem_k8s": {
          "definition": {
            "has_search_bar": "auto",
            "requests": [
              {
                "formulas": [
                  {
                    "alias": "CPU requests",
                    "cell_display_mode": "number",
                    "formula": "query1"
                  },
                  {
                    "alias": "CPU usage",
                    "cell_display_mode": "number",
                    "formula": "query7"
                  },
                  {
                    "alias": "MEM requests",
                    "formula": "query5"
                  },
                  {
                    "alias": "MEM usage",
                    "formula": "query8"
                  },
                  {
                    "alias": "% CPU requests",
                    "conditional_formats": [
                      {
                        "comparator": "\u003c",
                        "palette": "white_on_red",
                        "value": 60
                      }
                    ],
                    "formula": "query7 / (query1 * 1000000000) * 100"
                  },
                  {
                    "alias": "% MEM requests",
                    "conditional_formats": [
                      {
                        "comparator": "\u003c",
                        "palette": "white_on_red",
                        "value": 60
                      }
                    ],
                    "formula": "query8 / query5 * 100"
                  }
                ],
                "queries": [
                  {
                    "aggregator": "avg",
                    "data_source": "metrics",
                    "name": "query1",
                    "query": "sum:kubernetes.cpu.requests{$env,kube_namespace:$namespace.value} by {kube_namespace,env,kube_deployment,kube_stateful_set}"
                  },
                  {
                    "aggregator": "avg",
                    "data_source": "metrics",
                    "name": "query7",
                    "query": "sum:kubernetes.cpu.usage.total{$env,kube_namespace:$namespace.value} by {kube_namespace,env,kube_deployment,kube_stateful_set}"
                  },
                  {
                    "aggregator": "avg",
                    "data_source": "metrics",
                    "name": "query5",
                    "query": "sum:kubernetes.memory.requests{$env,kube_namespace:$namespace.value} by {kube_namespace,env,kube_deployment,kube_stateful_set}"
                  },
                  {
                    "aggregator": "avg",
                    "data_source": "metrics",
                    "name": "query8",
                    "query": "sum:kubernetes.memory.usage{$env,kube_namespace:$namespace.value} by {kube_namespace,env,kube_deployment,kube_stateful_set}"
                  },
                  {
                    "aggregator": "avg",
                    "data_source": "metrics",
                    "name": "query2",
                    "query": "sum:kubernetes.cpu.limits{$env,kube_namespace:$namespace.value} by {kube_namespace,env,kube_deployment,kube_stateful_set}"
                  },
                  {
                    "aggregator": "avg",
                    "data_source": "metrics",
                    "name": "query6",
                    "query": "sum:kubernetes.memory.limits{$env,kube_namespace:$namespace.value} by {kube_namespace,env,kube_deployment,kube_stateful_set}"
                  }
                ],
                "response_format": "scalar",
                "sort": {
                  "count": 500,
                  "order_by": [
                    {
                      "index": 0,
                      "order": "desc",
                      "type": "formula"
                    }
                  ]
                }
              }
            ],
            "title": "CPU and Mem by Kubernetes Objects",
            "title_align": "left",
            "title_size": "16",
            "type": "query_table"
          },
          "id": 6101641539864797,
          "layout": {
            "height": 4,
            "width": 12,
            "x": 0,
            "y": 3
          }
        },
        "system_load_disk_group": {
          "definition": {
            "layout_type": "ordered",
            "show_title": true,
            "title": "[FrankyTesting] System Load \u0026 Disk",
            "type": "group",
            "widgets": [
              {
                "definition": {
                  "requests": [
                    {
                      "display_type": "line",
                      "on_right_yaxis": false,
                      "queries": [
                        {
                          "data_source": "metrics",
                          "name": "query1",
                          "query": "sum:system.load.1{*} by {host}"
                        }
                      ],
                      "response_format": "timeseries"
                    }
                  ],
                  "show_legend": false,
                  "title": "[System] Load by Host",
                  "type": "timeseries"
                },
                "layout": {
                  "height": 3,
                  "width": 6,
                  "x": 0,
                  "y": 0
                }
              },
              {
                "definition": {
                  "requests": [
                    {
                      "display_type": "line",
                      "on_right_yaxis": false,
                      "queries": [
                        {
                          "data_source": "metrics",
                          "name": "query1",
                          "query": "sum:system.disk.used{*} by {host,device}"
                        }
                      ],
                      "response_format": "timeseries"
                    }
                  ],
                  "show_legend": false,
                  "title": "[System] Disk Usage by Host and Device",
                  "type": "timeseries"
                },
                "layout": {
                  "height": 3,
                  "width": 6,
                  "x": 6,
                  "y": 0
                }
              }
            ]
          }
        }
      },
      "type": [
        "object",
        {
          "application_requests": [
            "object",
            {
              "definition": [
                "object",
                {
                  "background_color": "string",
                  "layout_type": "string",
                  "show_title": "bool",
                  "title": "string",
                  "type": "string",
                  "widgets": [
                    "tuple",
                    [
                      [
                        "object",
                        {
                          "definition": [
                            "object",
                            {
                              "background_color": "string",
                              "content": "string",
                              "font_size": "string",
                              "has_padding": "bool",
                              "show_tick": "bool",
                              "text_align": "string",
                              "tick_edge": "string",
                              "tick_pos": "string",
                              "type": "string",
                              "vertical_align": "string"
                            }
                          ],
                          "id": "number",
                          "layout": [
                            "object",
                            {
                              "height": "number",
                              "width": "number",
                              "x": "number",
                              "y": "number"
                            }
                          ]
                        }
                      ],
                      [
                        "object",
                        {
                          "definition": [
                            "object",
                            {
                              "color_preference": "string",
                              "count": "number",
                              "display_format": "string",
                              "hide_zero_counts": "bool",
                              "last_triggered_format": "string",
                              "query": "string",
                              "show_last_triggered": "bool",
                              "show_priority": "bool",
                              "show_status": "bool",
                              "sort": "string",
                              "start": "number",
                              "summary_type": "string",
                              "title": "string",
                              "type": "string"
                            }
                          ],
                          "id": "number",
                          "layout": [
                            "object",
                            {
                              "height": "number",
                              "width": "number",
                              "x": "number",
                              "y": "number"
                            }
                          ]
                        }
                      ],
                      [
                        "object",
                        {
                          "definition": [
                            "object",
                            {
                              "requests": [
                                "tuple",
                                [
                                  [
                                    "object",
                                    {
                                      "query": [
                                        "object",
                                        {
                                          "data_source": "string",
                                          "filters": [
                                            "tuple",
                                            [
                                              "string"
                                            ]
                                          ],
                                          "query_string": "string",
                                          "service": "string"
                                        }
                                      ],
                                      "request_type": "string"
                                    }
                                  ]
                                ]
                              ],
                              "title": "string",
                              "title_align": "string",
                              "title_size": "string",
                              "type": "string"
                            }
                          ],
                          "id": "number",
                          "layout": [
                            "object",
                            {
                              "height": "number",
                              "width": "number",
                              "x": "number",
                              "y": "number"
                            }
                          ]
                        }
                      ],
                      [
                        "object",
                        {
                          "definition": [
                            "object",
                            {
                              "background_color": "string",
                              "content": "string",
                              "font_size": "string",
                              "has_padding": "bool",
                              "show_tick": "bool",
                              "text_align": "string",
                              "tick_edge": "string",
                              "tick_pos": "string",
                              "type": "string",
                              "vertical_align": "string"
                            }
                          ],
                          "id": "number",
                          "layout": [
                            "object",
                            {
                              "height": "number",
                              "width": "number",
                              "x": "number",
                              "y": "number"
                            }
                          ]
                        }
                      ],
                      [
                        "object",
                        {
                          "definition": [
                            "object",
                            {
                              "legend_columns": [
                                "tuple",
                                [
                                  "string",
                                  "string",
                                  "string",
                                  "string",
                                  "string"
                                ]
                              ],
                              "legend_layout": "string",
                              "markers": [
                                "tuple",
                                [
                                  [
                                    "object",
                                    {
                                      "display_type": "string",
                                      "label": "string",
                                      "value": "string"
                                    }
                                  ],
                                  [
                                    "object",
                                    {
                                      "display_type": "string",
                                      "label": "string",
                                      "value": "string"
                                    }
                                  ]
                                ]
                              ],
                              "requests": [
                                "tuple",
                                [
                                  [
                                    "object",
                                    {
                                      "display_type": "string",
                                      "formulas": [
                                        "tuple",
                                        [
                                          [
                                            "object",
                                            {
                                              "formula": "string"
                                            }
                                          ]
                                        ]
                                      ],
                                      "queries": [
                                        "tuple",
                                        [
                                          [
                                            "object",
                                            {
                                              "data_source": "string",
                                              "name": "string",
                                              "query": "string"
                                            }
                                          ]
                                        ]
                                      ],
                                      "response_format": "string",
                                      "style": [
                                        "object",
                                        {
                                          "color_order": "string",
                                          "line_type": "string",
                                          "line_width": "string",
                                          "order_by": "string",
                                          "palette": "string"
                                        }
                                      ]
                                    }
                                  ]
                                ]
                              ],
                              "show_legend": "bool",
                              "title": "string",
                              "title_align": "string",
                              "title_size": "string",
                              "type": "string"
                            }
                          ],
                          "id": "number",
                          "layout": [
                            "object",
                            {
                              "height": "number",
                              "width": "number",
                              "x": "number",
                              "y": "number"
                            }
                          ]
                        }
                      ],
                      [
                        "object",
                        {
                          "definition": [
                            "object",
                            {
                              "legend_columns": [
                                "tuple",
                                [
                                  "string",
                                  "string",
                                  "string",
                                  "string",
                                  "string"
                                ]
                              ],
                              "legend_layout": "string",
                              "markers": [
                                "tuple",
                                [
                                  [
                                    "object",
                                    {
                                      "display_type": "string",
                                      "label": "string",
                                      "value": "string"
                                    }
                                  ],
                                  [
                                    "object",
                                    {
                                      "display_type": "string",
                                      "label": "string",
                                      "value": "string"
                                    }
                                  ]
                                ]
                              ],
                              "requests": [
                                "tuple",
                                [
                                  [
                                    "object",
                                    {
                                      "display_type": "string",
                                      "formulas": [
                                        "tuple",
                                        [
                                          [
                                            "object",
                                            {
                                              "formula": "string"
                                            }
                                          ]
                                        ]
                                      ],
                                      "queries": [
                                        "tuple",
                                        [
                                          [
                                            "object",
                                            {
                                              "data_source": "string",
                                              "name": "string",
                                              "query": "string"
                                            }
                                          ]
                                        ]
                                      ],
                                      "response_format": "string",
                                      "style": [
                                        "object",
                                        {
                                          "color_order": "string",
                                          "line_type": "string",
                                          "line_width": "string",
                                          "order_by": "string",
                                          "palette": "string"
                                        }
                                      ]
                                    }
                                  ]
                                ]
                              ],
                              "show_legend": "bool",
                              "title": "string",
                              "title_align": "string",
                              "title_size": "string",
                              "type": "string"
                            }
                          ],
                          "id": "number",
                          "layout": [
                            "object",
                            {
                              "height": "number",
                              "width": "number",
                              "x": "number",
                              "y": "number"
                            }
                          ]
                        }
                      ],
                      [
                        "object",
                        {
                          "definition": [
                            "object",
                            {
                              "legend_columns": [
                                "tuple",
                                [
                                  "string",
                                  "string",
                                  "string",
                                  "string",
                                  "string"
                                ]
                              ],
                              "legend_layout": "string",
                              "markers": [
                                "tuple",
                                [
                                  [
                                    "object",
                                    {
                                      "display_type": "string",
                                      "label": "string",
                                      "value": "string"
                                    }
                                  ],
                                  [
                                    "object",
                                    {
                                      "display_type": "string",
                                      "label": "string",
                                      "value": "string"
                                    }
                                  ],
                                  [
                                    "object",
                                    {
                                      "display_type": "string",
                                      "label": "string",
                                      "value": "string"
                                    }
                                  ]
                                ]
                              ],
                              "requests": [
                                "tuple",
                                [
                                  [
                                    "object",
                                    {
                                      "display_type": "string",
                                      "formulas": [
                                        "tuple",
                                        [
                                          [
                                            "object",
                                            {
                                              "alias": "string",
                                              "formula": "string"
                                            }
                                          ],
                                          [
                                            "object",
                                            {
                                              "alias": "string",
                                              "formula": "string"
                                            }
                                          ]
                                        ]
                                      ],
                                      "queries": [
                                        "tuple",
                                        [
                                          [
                                            "object",
                                            {
                                              "data_source": "string",
                                              "name": "string",
                                              "query": "string"
                                            }
                                          ],
                                          [
                                            "object",
                                            {
                                              "data_source": "string",
                                              "name": "string",
                                              "query": "string"
                                            }
                                          ]
                                        ]
                                      ],
                                      "response_format": "string",
                                      "style": [
                                        "object",
                                        {
                                          "color_order": "string",
                                          "line_type": "string",
                                          "line_width": "string",
                                          "order_by": "string",
                                          "palette": "string"
                                        }
                                      ]
                                    }
                                  ]
                                ]
                              ],
                              "show_legend": "bool",
                              "title": "string",
                              "title_align": "string",
                              "title_size": "string",
                              "type": "string"
                            }
                          ],
                          "id": "number",
                          "layout": [
                            "object",
                            {
                              "height": "number",
                              "width": "number",
                              "x": "number",
                              "y": "number"
                            }
                          ]
                        }
                      ],
                      [
                        "object",
                        {
                          "definition": [
                            "object",
                            {
                              "legend_columns": [
                                "tuple",
                                [
                                  "string",
                                  "string",
                                  "string",
                                  "string",
                                  "string"
                                ]
                              ],
                              "legend_layout": "string",
                              "markers": [
                                "tuple",
                                [
                                  [
                                    "object",
                                    {
                                      "display_type": "string",
                                      "label": "string",
                                      "value": "string"
                                    }
                                  ],
                                  [
                                    "object",
                                    {
                                      "display_type": "string",
                                      "label": "string",
                                      "value": "string"
                                    }
                                  ],
                                  [
                                    "object",
                                    {
                                      "display_type": "string",
                                      "label": "string",
                                      "value": "string"
                                    }
                                  ]
                                ]
                              ],
                              "requests": [
                                "tuple",
                                [
                                  [
                                    "object",
                                    {
                                      "display_type": "string",
                                      "formulas": [
                                        "tuple",
                                        [
                                          [
                                            "object",
                                            {
                                              "formula": "string"
                                            }
                                          ]
                                        ]
                                      ],
                                      "queries": [
                                        "tuple",
                                        [
                                          [
                                            "object",
                                            {
                                              "data_source": "string",
                                              "name": "string",
                                              "query": "string"
                                            }
                                          ]
                                        ]
                                      ],
                                      "response_format": "string",
                                      "style": [
                                        "object",
                                        {
                                          "color_order": "string",
                                          "line_type": "string",
                                          "line_width": "string",
                                          "order_by": "string",
                                          "palette": "string"
                                        }
                                      ]
                                    }
                                  ]
                                ]
                              ],
                              "show_legend": "bool",
                              "title": "string",
                              "title_align": "string",
                              "title_size": "string",
                              "type": "string"
                            }
                          ],
                          "id": "number",
                          "layout": [
                            "object",
                            {
                              "height": "number",
                              "width": "number",
                              "x": "number",
                              "y": "number"
                            }
                          ]
                        }
                      ],
                      [
                        "object",
                        {
                          "definition": [
                            "object",
                            {
                              "legend_columns": [
                                "tuple",
                                [
                                  "string",
                                  "string",
                                  "string",
                                  "string",
                                  "string"
                                ]
                              ],
                              "legend_layout": "string",
                              "markers": [
                                "tuple",
                                [
                                  [
                                    "object",
                                    {
                                      "display_type": "string",
                                      "label": "string",
                                      "value": "string"
                                    }
                                  ],
                                  [
                                    "object",
                                    {
                                      "display_type": "string",
                                      "label": "string",
                                      "value": "string"
                                    }
                                  ],
                                  [
                                    "object",
                                    {
                                      "display_type": "string",
                                      "label": "string",
                                      "value": "string"
                                    }
                                  ]
                                ]
                              ],
                              "requests": [
                                "tuple",
                                [
                                  [
                                    "object",
                                    {
                                      "display_type": "string",
                                      "formulas": [
                                        "tuple",
                                        [
                                          [
                                            "object",
                                            {
                                              "alias": "string",
                                              "formula": "string"
                                            }
                                          ],
                                          [
                                            "object",
                                            {
                                              "alias": "string",
                                              "formula": "string",
                                              "style": [
                                                "object",
                                                {
                                                  "palette": "string"
                                                }
                                              ]
                                            }
                                          ]
                                        ]
                                      ],
                                      "queries": [
                                        "tuple",
                                        [
                                          [
                                            "object",
                                            {
                                              "data_source": "string",
                                              "name": "string",
                                              "query": "string"
                                            }
                                          ],
                                          [
                                            "object",
                                            {
                                              "data_source": "string",
                                              "name": "string",
                                              "query": "string"
                                            }
                                          ]
                                        ]
                                      ],
                                      "response_format": "string",
                                      "style": [
                                        "object",
                                        {
                                          "color_order": "string",
                                          "line_type": "string",
                                          "line_width": "string",
                                          "order_by": "string",
                                          "palette": "string"
                                        }
                                      ]
                                    }
                                  ]
                                ]
                              ],
                              "show_legend": "bool",
                              "title": "string",
                              "title_align": "string",
                              "title_size": "string",
                              "type": "string"
                            }
                          ],
                          "id": "number",
                          "layout": [
                            "object",
                            {
                              "height": "number",
                              "width": "number",
                              "x": "number",
                              "y": "number"
                            }
                          ]
                        }
                      ],
                      [
                        "object",
                        {
                          "definition": [
                            "object",
                            {
                              "legend_columns": [
                                "tuple",
                                [
                                  "string",
                                  "string",
                                  "string",
                                  "string",
                                  "string"
                                ]
                              ],
                              "legend_layout": "string",
                              "markers": [
                                "tuple",
                                []
                              ],
                              "requests": [
                                "tuple",
                                [
                                  [
                                    "object",
                                    {
                                      "display_type": "string",
                                      "formulas": [
                                        "tuple",
                                        [
                                          [
                                            "object",
                                            {
                                              "alias": "string",
                                              "formula": "string",
                                              "style": [
                                                "object",
                                                {
                                                  "palette": "string"
                                                }
                                              ]
                                            }
                                          ],
                                          [
                                            "object",
                                            {
                                              "alias": "string",
                                              "formula": "string"
                                            }
                                          ]
                                        ]
                                      ],
                                      "queries": [
                                        "tuple",
                                        [
                                          [
                                            "object",
                                            {
                                              "data_source": "string",
                                              "name": "string",
                                              "query": "string"
                                            }
                                          ],
                                          [
                                            "object",
                                            {
                                              "data_source": "string",
                                              "name": "string",
                                              "query": "string"
                                            }
                                          ]
                                        ]
                                      ],
                                      "response_format": "string",
                                      "style": [
                                        "object",
                                        {
                                          "color_order": "string",
                                          "line_type": "string",
                                          "line_width": "string",
                                          "order_by": "string",
                                          "palette": "string"
                                        }
                                      ]
                                    }
                                  ]
                                ]
                              ],
                              "show_legend": "bool",
                              "title": "string",
                              "title_align": "string",
                              "title_size": "string",
                              "type": "string"
                            }
                          ],
                          "id": "number",
                          "layout": [
                            "object",
                            {
                              "height": "number",
                              "width": "number",
                              "x": "number",
                              "y": "number"
                            }
                          ]
                        }
                      ],
                      [
                        "object",
                        {
                          "definition": [
                            "object",
                            {
                              "legend_columns": [
                                "tuple",
                                [
                                  "string",
                                  "string",
                                  "string",
                                  "string",
                                  "string"
                                ]
                              ],
                              "legend_layout": "string",
                              "markers": [
                                "tuple",
                                []
                              ],
                              "requests": [
                                "tuple",
                                [
                                  [
                                    "object",
                                    {
                                      "display_type": "string",
                                      "formulas": [
                                        "tuple",
                                        [
                                          [
                                            "object",
                                            {
                                              "alias": "string",
                                              "formula": "string"
                                            }
                                          ],
                                          [
                                            "object",
                                            {
                                              "alias": "string",
                                              "formula": "string"
                                            }
                                          ]
                                        ]
                                      ],
                                      "queries": [
                                        "tuple",
                                        [
                                          [
                                            "object",
                                            {
                                              "data_source": "string",
                                              "name": "string",
                                              "query": "string"
                                            }
                                          ],
                                          [
                                            "object",
                                            {
                                              "data_source": "string",
                                              "name": "string",
                                              "query": "string"
                                            }
                                          ]
                                        ]
                                      ],
                                      "response_format": "string",
                                      "style": [
                                        "object",
                                        {
                                          "color_order": "string",
                                          "line_type": "string",
                                          "line_width": "string",
                                          "order_by": "string",
                                          "palette": "string"
                                        }
                                      ]
                                    }
                                  ]
                                ]
                              ],
                              "show_legend": "bool",
                              "title": "string",
                              "title_align": "string",
                              "title_size": "string",
                              "type": "string"
                            }
                          ],
                          "id": "number",
                          "layout": [
                            "object",
                            {
                              "height": "number",
                              "width": "number",
                              "x": "number",
                              "y": "number"
                            }
                          ]
                        }
                      ],
                      [
                        "object",
                        {
                          "definition": [
                            "object",
                            {
                              "legend_columns": [
                                "tuple",
                                [
                                  "string",
                                  "string",
                                  "string",
                                  "string",
                                  "string"
                                ]
                              ],
                              "legend_layout": "string",
                              "markers": [
                                "tuple",
                                []
                              ],
                              "requests": [
                                "tuple",
                                [
                                  [
                                    "object",
                                    {
                                      "display_type": "string",
                                      "formulas": [
                                        "tuple",
                                        [
                                          [
                                            "object",
                                            {
                                              "alias": "string",
                                              "formula": "string"
                                            }
                                          ],
                                          [
                                            "object",
                                            {
                                              "alias": "string",
                                              "formula": "string"
                                            }
                                          ]
                                        ]
                                      ],
                                      "queries": [
                                        "tuple",
                                        [
                                          [
                                            "object",
                                            {
                                              "data_source": "string",
                                              "name": "string",
                                              "query": "string"
                                            }
                                          ],
                                          [
                                            "object",
                                            {
                                              "data_source": "string",
                                              "name": "string",
                                              "query": "string"
                                            }
                                          ]
                                        ]
                                      ],
                                      "response_format": "string",
                                      "style": [
                                        "object",
                                        {
                                          "color_order": "string",
                                          "line_type": "string",
                                          "line_width": "string",
                                          "order_by": "string",
                                          "palette": "string"
                                        }
                                      ]
                                    }
                                  ]
                                ]
                              ],
                              "show_legend": "bool",
                              "title": "string",
                              "title_align": "string",
                              "title_size": "string",
                              "type": "string"
                            }
                          ],
                          "id": "number",
                          "layout": [
                            "object",
                            {
                              "height": "number",
                              "width": "number",
                              "x": "number",
                              "y": "number"
                            }
                          ]
                        }
                      ],
                      [
                        "object",
                        {
                          "definition": [
                            "object",
                            {
                              "background_color": "string",
                              "content": "string",
                              "font_size": "string",
                              "has_padding": "bool",
                              "show_tick": "bool",
                              "text_align": "string",
                              "tick_edge": "string",
                              "tick_pos": "string",
                              "type": "string",
                              "vertical_align": "string"
                            }
                          ],
                          "id": "number",
                          "layout": [
                            "object",
                            {
                              "height": "number",
                              "width": "number",
                              "x": "number",
                              "y": "number"
                            }
                          ]
                        }
                      ],
                      [
                        "object",
                        {
                          "definition": [
                            "object",
                            {
                              "autoscale": "bool",
                              "precision": "number",
                              "requests": [
                                "tuple",
                                [
                                  [
                                    "object",
                                    {
                                      "conditional_formats": [
                                        "tuple",
                                        [
                                          [
                                            "object",
                                            {
                                              "comparator": "string",
                                              "palette": "string",
                                              "value": "number"
                                            }
                                          ],
                                          [
                                            "object",
                                            {
                                              "comparator": "string",
                                              "palette": "string",
                                              "value": "number"
                                            }
                                          ],
                                          [
                                            "object",
                                            {
                                              "comparator": "string",
                                              "palette": "string",
                                              "value": "number"
                                            }
                                          ]
                                        ]
                                      ],
                                      "formulas": [
                                        "tuple",
                                        [
                                          [
                                            "object",
                                            {
                                              "formula": "string"
                                            }
                                          ]
                                        ]
                                      ],
                                      "queries": [
                                        "tuple",
                                        [
                                          [
                                            "object",
                                            {
                                              "aggregator": "string",
                                              "data_source": "string",
                                              "name": "string",
                                              "query": "string"
                                            }
                                          ],
                                          [
                                            "object",
                                            {
                                              "aggregator": "string",
                                              "data_source": "string",
                                              "name": "string",
                                              "query": "string"
                                            }
                                          ],
                                          [
                                            "object",
                                            {
                                              "aggregator": "string",
                                              "data_source": "string",
                                              "name": "string",
                                              "query": "string"
                                            }
                                          ]
                                        ]
                                      ],
                                      "response_format": "string"
                                    }
                                  ]
                                ]
                              ],
                              "text_align": "string",
                              "timeseries_background": [
                                "object",
                                {
                                  "type": "string",
                                  "yaxis": [
                                    "object",
                                    {
                                      "include_zero": "bool"
                                    }
                                  ]
                                }
                              ],
                              "title": "string",
                              "title_align": "string",
                              "title_size": "string",
                              "type": "string"
                            }
                          ],
                          "id": "number",
                          "layout": [
                            "object",
                            {
                              "height": "number",
                              "width": "number",
                              "x": "number",
                              "y": "number"
                            }
                          ]
                        }
                      ],
                      [
                        "object",
                        {
                          "definition": [
                            "object",
                            {
                              "autoscale": "bool",
                              "precision": "number",
                              "requests": [
                                "tuple",
                                [
                                  [
                                    "object",
                                    {
                                      "conditional_formats": [
                                        "tuple",
                                        [
                                          [
                                            "object",
                                            {
                                              "comparator": "string",
                                              "palette": "string",
                                              "value": "number"
                                            }
                                          ],
                                          [
                                            "object",
                                            {
                                              "comparator": "string",
                                              "palette": "string",
                                              "value": "number"
                                            }
                                          ],
                                          [
                                            "object",
                                            {
                                              "comparator": "string",
                                              "palette": "string",
                                              "value": "number"
                                            }
                                          ]
                                        ]
                                      ],
                                      "formulas": [
                                        "tuple",
                                        [
                                          [
                                            "object",
                                            {
                                              "formula": "string"
                                            }
                                          ]
                                        ]
                                      ],
                                      "queries": [
                                        "tuple",
                                        [
                                          [
                                            "object",
                                            {
                                              "aggregator": "string",
                                              "data_source": "string",
                                              "name": "string",
                                              "query": "string"
                                            }
                                          ]
                                        ]
                                      ],
                                      "response_format": "string"
                                    }
                                  ]
                                ]
                              ],
                              "timeseries_background": [
                                "object",
                                {
                                  "type": "string",
                                  "yaxis": [
                                    "object",
                                    {
                                      "include_zero": "bool"
                                    }
                                  ]
                                }
                              ],
                              "title": "string",
                              "title_align": "string",
                              "title_size": "string",
                              "type": "string"
                            }
                          ],
                          "id": "number",
                          "layout": [
                            "object",
                            {
                              "height": "number",
                              "width": "number",
                              "x": "number",
                              "y": "number"
                            }
                          ]
                        }
                      ],
                      [
                        "object",
                        {
                          "definition": [
                            "object",
                            {
                              "legend_columns": [
                                "tuple",
                                [
                                  "string",
                                  "string",
                                  "string",
                                  "string",
                                  "string"
                                ]
                              ],
                              "legend_layout": "string",
                              "requests": [
                                "tuple",
                                [
                                  [
                                    "object",
                                    {
                                      "display_type": "string",
                                      "formulas": [
                                        "tuple",
                                        [
                                          [
                                            "object",
                                            {
                                              "alias": "string",
                                              "formula": "string"
                                            }
                                          ]
                                        ]
                                      ],
                                      "queries": [
                                        "tuple",
                                        [
                                          [
                                            "object",
                                            {
                                              "data_source": "string",
                                              "name": "string",
                                              "query": "string"
                                            }
                                          ]
                                        ]
                                      ],
                                      "response_format": "string",
                                      "style": [
                                        "object",
                                        {
                                          "palette": "string"
                                        }
                                      ]
                                    }
                                  ]
                                ]
                              ],
                              "show_legend": "bool",
                              "title": "string",
                              "title_align": "string",
                              "title_size": "string",
                              "type": "string"
                            }
                          ],
                          "id": "number",
                          "layout": [
                            "object",
                            {
                              "height": "number",
                              "width": "number",
                              "x": "number",
                              "y": "number"
                            }
                          ]
                        }
                      ],
                      [
                        "object",
                        {
                          "definition": [
                            "object",
                            {
                              "autoscale": "bool",
                              "precision": "number",
                              "requests": [
                                "tuple",
                                [
                                  [
                                    "object",
                                    {
                                      "formulas": [
                                        "tuple",
                                        [
                                          [
                                            "object",
                                            {
                                              "formula": "string"
                                            }
                                          ]
                                        ]
                                      ],
                                      "queries": [
                                        "tuple",
                                        [
                                          [
                                            "object",
                                            {
                                              "aggregator": "string",
                                              "data_source": "string",
                                              "name": "string",
                                              "query": "string"
                                            }
                                          ]
                                        ]
                                      ],
                                      "response_format": "string"
                                    }
                                  ]
                                ]
                              ],
                              "timeseries_background": [
                                "object",
                                {
                                  "type": "string"
                                }
                              ],
                              "title": "string",
                              "title_align": "string",
                              "title_size": "string",
                              "type": "string"
                            }
                          ],
                          "id": "number",
                          "layout": [
                            "object",
                            {
                              "height": "number",
                              "width": "number",
                              "x": "number",
                              "y": "number"
                            }
                          ]
                        }
                      ],
                      [
                        "object",
                        {
                          "definition": [
                            "object",
                            {
                              "legend_columns": [
                                "tuple",
                                [
                                  "string",
                                  "string",
                                  "string",
                                  "string",
                                  "string"
                                ]
                              ],
                              "legend_layout": "string",
                              "requests": [
                                "tuple",
                                [
                                  [
                                    "object",
                                    {
                                      "display_type": "string",
                                      "formulas": [
                                        "tuple",
                                        [
                                          [
                                            "object",
                                            {
                                              "formula": "string"
                                            }
                                          ]
                                        ]
                                      ],
                                      "queries": [
                                        "tuple",
                                        [
                                          [
                                            "object",
                                            {
                                              "data_source": "string",
                                              "name": "string",
                                              "query": "string"
                                            }
                                          ]
                                        ]
                                      ],
                                      "response_format": "string",
                                      "style": [
                                        "object",
                                        {
                                          "color_order": "string",
                                          "line_type": "string",
                                          "line_width": "string",
                                          "order_by": "string",
                                          "order_reverse": "bool",
                                          "palette": "string"
                                        }
                                      ]
                                    }
                                  ]
                                ]
                              ],
                              "show_legend": "bool",
                              "title": "string",
                              "title_align": "string",
                              "title_size": "string",
                              "type": "string"
                            }
                          ],
                          "id": "number",
                          "layout": [
                            "object",
                            {
                              "height": "number",
                              "width": "number",
                              "x": "number",
                              "y": "number"
                            }
                          ]
                        }
                      ],
                      [
                        "object",
                        {
                          "definition": [
                            "object",
                            {
                              "hide_total": "bool",
                              "legend": [
                                "object",
                                {
                                  "type": "string"
                                }
                              ],
                              "requests": [
                                "tuple",
                                [
                                  [
                                    "object",
                                    {
                                      "formulas": [
                                        "tuple",
                                        [
                                          [
                                            "object",
                                            {
                                              "formula": "string"
                                            }
                                          ]
                                        ]
                                      ],
                                      "queries": [
                                        "tuple",
                                        [
                                          [
                                            "object",
                                            {
                                              "aggregator": "string",
                                              "data_source": "string",
                                              "name": "string",
                                              "query": "string"
                                            }
                                          ]
                                        ]
                                      ],
                                      "response_format": "string",
                                      "sort": [
                                        "object",
                                        {
                                          "count": "number",
                                          "order_by": [
                                            "tuple",
                                            [
                                              [
                                                "object",
                                                {
                                                  "index": "number",
                                                  "order": "string",
                                                  "type": "string"
                                                }
                                              ]
                                            ]
                                          ]
                                        }
                                      ],
                                      "style": [
                                        "object",
                                        {
                                          "palette": "string"
                                        }
                                      ]
                                    }
                                  ]
                                ]
                              ],
                              "title": "string",
                              "title_align": "string",
                              "title_size": "string",
                              "type": "string"
                            }
                          ],
                          "id": "number",
                          "layout": [
                            "object",
                            {
                              "height": "number",
                              "width": "number",
                              "x": "number",
                              "y": "number"
                            }
                          ]
                        }
                      ],
                      [
                        "object",
                        {
                          "definition": [
                            "object",
                            {
                              "legend_columns": [
                                "tuple",
                                [
                                  "string",
                                  "string",
                                  "string",
                                  "string",
                                  "string"
                                ]
                              ],
                              "legend_layout": "string",
                              "requests": [
                                "tuple",
                                [
                                  [
                                    "object",
                                    {
                                      "display_type": "string",
                                      "formulas": [
                                        "tuple",
                                        [
                                          [
                                            "object",
                                            {
                                              "formula": "string"
                                            }
                                          ],
                                          [
                                            "object",
                                            {
                                              "formula": "string"
                                            }
                                          ]
                                        ]
                                      ],
                                      "queries": [
                                        "tuple",
                                        [
                                          [
                                            "object",
                                            {
                                              "data_source": "string",
                                              "name": "string",
                                              "query": "string"
                                            }
                                          ],
                                          [
                                            "object",
                                            {
                                              "data_source": "string",
                                              "name": "string",
                                              "query": "string"
                                            }
                                          ]
                                        ]
                                      ],
                                      "response_format": "string",
                                      "style": [
                                        "object",
                                        {
                                          "color_order": "string",
                                          "line_type": "string",
                                          "line_width": "string",
                                          "order_by": "string",
                                          "order_reverse": "bool",
                                          "palette": "string"
                                        }
                                      ]
                                    }
                                  ]
                                ]
                              ],
                              "show_legend": "bool",
                              "title": "string",
                              "title_align": "string",
                              "title_size": "string",
                              "type": "string"
                            }
                          ],
                          "id": "number",
                          "layout": [
                            "object",
                            {
                              "height": "number",
                              "width": "number",
                              "x": "number",
                              "y": "number"
                            }
                          ]
                        }
                      ],
                      [
                        "object",
                        {
                          "definition": [
                            "object",
                            {
                              "requests": [
                                "tuple",
                                [
                                  [
                                    "object",
                                    {
                                      "conditional_formats": [
                                        "tuple",
                                        [
                                          [
                                            "object",
                                            {
                                              "comparator": "string",
                                              "palette": "string",
                                              "value": "number"
                                            }
                                          ],
                                          [
                                            "object",
                                            {
                                              "comparator": "string",
                                              "palette": "string",
                                              "value": "number"
                                            }
                                          ],
                                          [
                                            "object",
                                            {
                                              "comparator": "string",
                                              "palette": "string",
                                              "value": "number"
                                            }
                                          ]
                                        ]
                                      ],
                                      "formulas": [
                                        "tuple",
                                        [
                                          [
                                            "object",
                                            {
                                              "formula": "string"
                                            }
                                          ]
                                        ]
                                      ],
                                      "queries": [
                                        "tuple",
                                        [
                                          [
                                            "object",
                                            {
                                              "aggregator": "string",
                                              "data_source": "string",
                                              "name": "string",
                                              "query": "string"
                                            }
                                          ]
                                        ]
                                      ],
                                      "response_format": "string",
                                      "sort": [
                                        "object",
                                        {
                                          "count": "number",
                                          "order_by": [
                                            "tuple",
                                            [
                                              [
                                                "object",
                                                {
                                                  "index": "number",
                                                  "order": "string",
                                                  "type": "string"
                                                }
                                              ]
                                            ]
                                          ]
                                        }
                                      ]
                                    }
                                  ]
                                ]
                              ],
                              "style": [
                                "object",
                                {
                                  "display": [
                                    "object",
                                    {
                                      "legend": "string",
                                      "type": "string"
                                    }
                                  ],
                                  "palette": "string",
                                  "scaling": "string"
                                }
                              ],
                              "title": "string",
                              "title_align": "string",
                              "title_size": "string",
                              "type": "string"
                            }
                          ],
                          "id": "number",
                          "layout": [
                            "object",
                            {
                              "height": "number",
                              "width": "number",
                              "x": "number",
                              "y": "number"
                            }
                          ]
                        }
                      ]
                    ]
                  ]
                }
              ]
            }
          ],
          "application_requests_old": [
            "object",
            {
              "definition": [
                "object",
                {
                  "requests": [
                    "tuple",
                    [
                      [
                        "object",
                        {
                          "display_type": "string",
                          "on_right_yaxis": "bool",
                          "queries": [
                            "tuple",
                            [
                              [
                                "object",
                                {
                                  "data_source": "string",
                                  "name": "string",
                                  "query": "string"
                                }
                              ]
                            ]
                          ],
                          "response_format": "string"
                        }
                      ]
                    ]
                  ],
                  "show_legend": "bool",
                  "title": "string",
                  "type": "string"
                }
              ]
            }
          ],
          "business_metrics_group": [
            "object",
            {
              "definition": [
                "object",
                {
                  "layout_type": "string",
                  "show_title": "bool",
                  "title": "string",
                  "type": "string",
                  "widgets": [
                    "tuple",
                    [
                      [
                        "object",
                        {
                          "definition": [
                            "object",
                            {
                              "requests": [
                                "tuple",
                                [
                                  [
                                    "object",
                                    {
                                      "display_type": "string",
                                      "on_right_yaxis": "bool",
                                      "queries": [
                                        "tuple",
                                        [
                                          [
                                            "object",
                                            {
                                              "data_source": "string",
                                              "name": "string",
                                              "query": "string"
                                            }
                                          ]
                                        ]
                                      ],
                                      "response_format": "string"
                                    }
                                  ]
                                ]
                              ],
                              "show_legend": "bool",
                              "title": "string",
                              "type": "string"
                            }
                          ],
                          "layout": [
                            "object",
                            {
                              "height": "number",
                              "width": "number",
                              "x": "number",
                              "y": "number"
                            }
                          ]
                        }
                      ],
                      [
                        "object",
                        {
                          "definition": [
                            "object",
                            {
                              "requests": [
                                "tuple",
                                [
                                  [
                                    "object",
                                    {
                                      "display_type": "string",
                                      "on_right_yaxis": "bool",
                                      "queries": [
                                        "tuple",
                                        [
                                          [
                                            "object",
                                            {
                                              "data_source": "string",
                                              "name": "string",
                                              "query": "string"
                                            }
                                          ]
                                        ]
                                      ],
                                      "response_format": "string"
                                    }
                                  ]
                                ]
                              ],
                              "show_legend": "bool",
                              "title": "string",
                              "type": "string"
                            }
                          ],
                          "layout": [
                            "object",
                            {
                              "height": "number",
                              "width": "number",
                              "x": "number",
                              "y": "number"
                            }
                          ]
                        }
                      ]
                    ]
                  ]
                }
              ]
            }
          ],
          "cpu_mem_k8s": [
            "object",
            {
              "definition": [
                "object",
                {
                  "has_search_bar": "string",
                  "requests": [
                    "tuple",
                    [
                      [
                        "object",
                        {
                          "formulas": [
                            "tuple",
                            [
                              [
                                "object",
                                {
                                  "alias": "string",
                                  "cell_display_mode": "string",
                                  "formula": "string"
                                }
                              ],
                              [
                                "object",
                                {
                                  "alias": "string",
                                  "cell_display_mode": "string",
                                  "formula": "string"
                                }
                              ],
                              [
                                "object",
                                {
                                  "alias": "string",
                                  "formula": "string"
                                }
                              ],
                              [
                                "object",
                                {
                                  "alias": "string",
                                  "formula": "string"
                                }
                              ],
                              [
                                "object",
                                {
                                  "alias": "string",
                                  "conditional_formats": [
                                    "tuple",
                                    [
                                      [
                                        "object",
                                        {
                                          "comparator": "string",
                                          "palette": "string",
                                          "value": "number"
                                        }
                                      ]
                                    ]
                                  ],
                                  "formula": "string"
                                }
                              ],
                              [
                                "object",
                                {
                                  "alias": "string",
                                  "conditional_formats": [
                                    "tuple",
                                    [
                                      [
                                        "object",
                                        {
                                          "comparator": "string",
                                          "palette": "string",
                                          "value": "number"
                                        }
                                      ]
                                    ]
                                  ],
                                  "formula": "string"
                                }
                              ]
                            ]
                          ],
                          "queries": [
                            "tuple",
                            [
                              [
                                "object",
                                {
                                  "aggregator": "string",
                                  "data_source": "string",
                                  "name": "string",
                                  "query": "string"
                                }
                              ],
                              [
                                "object",
                                {
                                  "aggregator": "string",
                                  "data_source": "string",
                                  "name": "string",
                                  "query": "string"
                                }
                              ],
                              [
                                "object",
                                {
                                  "aggregator": "string",
                                  "data_source": "string",
                                  "name": "string",
                                  "query": "string"
                                }
                              ],
                              [
                                "object",
                                {
                                  "aggregator": "string",
                                  "data_source": "string",
                                  "name": "string",
                                  "query": "string"
                                }
                              ],
                              [
                                "object",
                                {
                                  "aggregator": "string",
                                  "data_source": "string",
                                  "name": "string",
                                  "query": "string"
                                }
                              ],
                              [
                                "object",
                                {
                                  "aggregator": "string",
                                  "data_source": "string",
                                  "name": "string",
                                  "query": "string"
                                }
                              ]
                            ]
                          ],
                          "response_format": "string",
                          "sort": [
                            "object",
                            {
                              "count": "number",
                              "order_by": [
                                "tuple",
                                [
                                  [
                                    "object",
                                    {
                                      "index": "number",
                                      "order": "string",
                                      "type": "string"
                                    }
                                  ]
                                ]
                              ]
                            }
                          ]
                        }
                      ]
                    ]
                  ],
                  "title": "string",
                  "title_align": "string",
                  "title_size": "string",
                  "type": "string"
                }
              ],
              "id": "number",
              "layout": [
                "object",
                {
                  "height": "number",
                  "width": "number",
                  "x": "number",
                  "y": "number"
                }
              ]
            }
          ],
          "system_load_disk_group": [
            "object",
            {
              "definition": [
                "object",
                {
                  "layout_type": "string",
                  "show_title": "bool",
                  "title": "string",
                  "type": "string",
                  "widgets": [
                    "tuple",
                    [
                      [
                        "object",
                        {
                          "definition": [
                            "object",
                            {
                              "requests": [
                                "tuple",
                                [
                                  [
                                    "object",
                                    {
                                      "display_type": "string",
                                      "on_right_yaxis": "bool",
                                      "queries": [
                                        "tuple",
                                        [
                                          [
                                            "object",
                                            {
                                              "data_source": "string",
                                              "name": "string",
                                              "query": "string"
                                            }
                                          ]
                                        ]
                                      ],
                                      "response_format": "string"
                                    }
                                  ]
                                ]
                              ],
                              "show_legend": "bool",
                              "title": "string",
                              "type": "string"
                            }
                          ],
                          "layout": [
                            "object",
                            {
                              "height": "number",
                              "width": "number",
                              "x": "number",
                              "y": "number"
                            }
                          ]
                        }
                      ],
                      [
                        "object",
                        {
                          "definition": [
                            "object",
                            {
                              "requests": [
                                "tuple",
                                [
                                  [
                                    "object",
                                    {
                                      "display_type": "string",
                                      "on_right_yaxis": "bool",
                                      "queries": [
                                        "tuple",
                                        [
                                          [
                                            "object",
                                            {
                                              "data_source": "string",
                                              "name": "string",
                                              "query": "string"
                                            }
                                          ]
                                        ]
                                      ],
                                      "response_format": "string"
                                    }
                                  ]
                                ]
                              ],
                              "show_legend": "bool",
                              "title": "string",
                              "type": "string"
                            }
                          ],
                          "layout": [
                            "object",
                            {
                              "height": "number",
                              "width": "number",
                              "x": "number",
                              "y": "number"
                            }
                          ]
                        }
                      ]
                    ]
                  ]
                }
              ]
            }
          ]
        }
      ]
    },
    "widgets_path": {
      "value": "./dashboard_widgets",
      "type": "string"
    },
    "yaml_parsed": {
      "value": {
        "description": "Simple dashboard for testing",
        "is_read_only": false,
        "layout_type": "ordered",
        "tags": [
          "env:test"
        ],
        "title": "Test Dashboard",
        "widgets": [
          {
            "definition": {
              "background_color": "yellow",
              "content": "Hello YAML → JSON",
              "type": "note"
            },
            "layout": {
              "height": 4,
              "width": 24,
              "x": 0,
              "y": 0
            }
          }
        ]
      },
      "type": [
        "object",
        {
          "description": "string",
          "is_read_only": "bool",
          "layout_type": "string",
          "tags": [
            "tuple",
            [
              "string"
            ]
          ],
          "title": "string",
          "widgets": [
            "tuple",
            [
              [
                "object",
                {
                  "definition": [
                    "object",
                    {
                      "background_color": "string",
                      "content": "string",
                      "type": "string"
                    }
                  ],
                  "layout": [
                    "object",
                    {
                      "height": "number",
                      "width": "number",
                      "x": "number",
                      "y": "number"
                    }
                  ]
                }
              ]
            ]
          ]
        }
      ]
    }
  },
  "resources": [
    {
      "mode": "managed",
      "type": "local_file",
      "name": "dashboard_json_output",
      "provider": "provider[\"registry.terraform.io/hashicorp/local\"]",
      "instances": [
        {
          "schema_version": 0,
          "attributes": {
            "content": "{\"franky_testing_main_dashboard\":{\"description\":\"FrankyTesting dashboard with configurable groups\",\"layout_type\":\"ordered\",\"notify_list\":[],\"reflow_type\":\"fixed\",\"tags\":[],\"template_variables\":[{\"available_values\":[],\"default\":\"prod\",\"name\":\"env\",\"prefix\":\"env\"},{\"available_values\":[],\"default\":\"asset-accounting\",\"name\":\"team\",\"prefix\":\"team\"},{\"available_values\":[],\"default\":\"prod-asset-accounting\",\"name\":\"namespace\",\"prefix\":\"namespace\"},{\"available_values\":[],\"default\":\"asset-accounting-backend\",\"name\":\"service\",\"prefix\":\"service\"},{\"available_values\":[],\"default\":\"*\",\"name\":\"account\",\"prefix\":\"aws_account\"},{\"available_values\":[],\"default\":\"*\",\"name\":\"region\",\"prefix\":\"region\"},{\"available_values\":[],\"default\":\"prod-asset-accounting-20241109-01-0\",\"name\":\"dbinstance\",\"prefix\":\"dbinstanceidentifier\"},{\"available_values\":[],\"default\":\"*\",\"name\":\"dbcluster\",\"prefix\":\"dbclusteridentifier\"}],\"title\":\"[FrankyTesting] Main Dashboard 222222I think we don't need to...\",\"widgets\":[{\"definition\":{\"layout_type\":\"ordered\",\"show_title\":true,\"title\":\"[FrankyTesting] System Load \\u0026 Disk\",\"type\":\"group\",\"widgets\":[{\"definition\":{\"requests\":[{\"display_type\":\"line\",\"on_right_yaxis\":false,\"queries\":[{\"data_source\":\"metrics\",\"name\":\"query1\",\"query\":\"sum:system.load.1{*} by {host}\"}],\"response_format\":\"timeseries\"}],\"show_legend\":false,\"title\":\"[System] Load by Host\",\"type\":\"timeseries\"},\"layout\":{\"height\":3,\"width\":6,\"x\":0,\"y\":0}},{\"definition\":{\"requests\":[{\"display_type\":\"line\",\"on_right_yaxis\":false,\"queries\":[{\"data_source\":\"metrics\",\"name\":\"query1\",\"query\":\"sum:system.disk.used{*} by {host,device}\"}],\"response_format\":\"timeseries\"}],\"show_legend\":false,\"title\":\"[System] Disk Usage by Host and Device\",\"type\":\"timeseries\"},\"layout\":{\"height\":3,\"width\":6,\"x\":6,\"y\":0}}]},\"layout\":{\"height\":4,\"width\":12,\"x\":0,\"y\":0}},{\"definition\":{\"layout_type\":\"ordered\",\"show_title\":true,\"title\":\"[Custom][FrankyTesting] Business Metrics\",\"type\":\"group\",\"widgets\":[{\"definition\":{\"requests\":[{\"display_type\":\"line\",\"on_right_yaxis\":false,\"queries\":[{\"data_source\":\"metrics\",\"name\":\"query1\",\"query\":\"sum:app.franky.transactions{*} by {service}\"}],\"response_format\":\"timeseries\"}],\"show_legend\":false,\"title\":\"[Custom][FrankyTesting] Transaction Volume by Service\",\"type\":\"timeseries\"},\"layout\":{\"height\":3,\"width\":6,\"x\":0,\"y\":0}},{\"definition\":{\"requests\":[{\"display_type\":\"line\",\"on_right_yaxis\":false,\"queries\":[{\"data_source\":\"metrics\",\"name\":\"query1\",\"query\":\"avg:app.franky.revenue{*} by {service}\"}],\"response_format\":\"timeseries\"}],\"show_legend\":false,\"title\":\"[Custom][FrankyTesting] Revenue by Service\",\"type\":\"timeseries\"},\"layout\":{\"height\":3,\"width\":6,\"x\":6,\"y\":0}}]},\"layout\":{\"height\":4,\"width\":12,\"x\":0,\"y\":4}},{\"definition\":{\"background_color\":\"vivid_blue\",\"layout_type\":\"ordered\",\"show_title\":true,\"title\":\"Services\",\"type\":\"group\",\"widgets\":[{\"definition\":{\"background_color\":\"blue\",\"content\":\"## Health \\u0026 Event\",\"font_size\":\"36\",\"has_padding\":true,\"show_tick\":true,\"text_align\":\"center\",\"tick_edge\":\"left\",\"tick_pos\":\"50%\",\"type\":\"note\",\"vertical_align\":\"center\"},\"id\":1736323808171077,\"layout\":{\"height\":1,\"width\":12,\"x\":0,\"y\":0}},{\"definition\":{\"color_preference\":\"background\",\"count\":50,\"display_format\":\"countsAndList\",\"hide_zero_counts\":true,\"last_triggered_format\":\"relative\",\"query\":\"$team $env\",\"show_last_triggered\":false,\"show_priority\":true,\"show_status\":true,\"sort\":\"status,asc\",\"start\":0,\"summary_type\":\"monitors\",\"title\":\"Service Monitors\",\"type\":\"manage_status\"},\"id\":3833959094031737,\"layout\":{\"height\":3,\"width\":5,\"x\":2,\"y\":1}},{\"definition\":{\"requests\":[{\"query\":{\"data_source\":\"service_map\",\"filters\":[\"$env\"],\"query_string\":\"service:($service.value)\",\"service\":\"$service\"},\"request_type\":\"topology\"}],\"title\":\"Dependency Map\",\"title_align\":\"left\",\"title_size\":\"16\",\"type\":\"topology_map\"},\"id\":106805208976973,\"layout\":{\"height\":3,\"width\":5,\"x\":7,\"y\":1}},{\"definition\":{\"background_color\":\"orange\",\"content\":\"## Resource Utilization\",\"font_size\":\"36\",\"has_padding\":true,\"show_tick\":true,\"text_align\":\"center\",\"tick_edge\":\"left\",\"tick_pos\":\"50%\",\"type\":\"note\",\"vertical_align\":\"center\"},\"id\":7074867250317244,\"layout\":{\"height\":1,\"width\":10,\"x\":2,\"y\":4}},{\"definition\":{\"legend_columns\":[\"avg\",\"min\",\"max\",\"value\",\"sum\"],\"legend_layout\":\"auto\",\"markers\":[{\"display_type\":\"ok dashed\",\"label\":\"y \\u003e 2\",\"value\":\"y \\u003e 2\"},{\"display_type\":\"error dashed\",\"label\":\"y \\u003c 2\",\"value\":\"y \\u003c 2\"}],\"requests\":[{\"display_type\":\"bars\",\"formulas\":[{\"formula\":\"query1\"}],\"queries\":[{\"data_source\":\"metrics\",\"name\":\"query1\",\"query\":\"sum:kubernetes.pods.running{$env,kube_namespace:$namespace.value, $service} by {kube_app_name}\"}],\"response_format\":\"timeseries\",\"style\":{\"color_order\":\"shuffled\",\"line_type\":\"solid\",\"line_width\":\"normal\",\"order_by\":\"values\",\"palette\":\"dog_classic\"}}],\"show_legend\":true,\"title\":\"Pods Number\",\"title_align\":\"left\",\"title_size\":\"16\",\"type\":\"timeseries\"},\"id\":2129964225235122,\"layout\":{\"height\":2,\"width\":5,\"x\":2,\"y\":5}},{\"definition\":{\"legend_columns\":[\"avg\",\"min\",\"max\",\"value\",\"sum\"],\"legend_layout\":\"auto\",\"markers\":[{\"display_type\":\"error dashed\",\"label\":\"y \\u003e 2\",\"value\":\"y \\u003e 2\"},{\"display_type\":\"ok dashed\",\"label\":\"y \\u003c 2\",\"value\":\"y \\u003c 2\"}],\"requests\":[{\"display_type\":\"bars\",\"formulas\":[{\"formula\":\"query1\"}],\"queries\":[{\"data_source\":\"metrics\",\"name\":\"query1\",\"query\":\"sum:kubernetes.containers.restarts{$env,service:asset-accounting-backend} by {kube_container_name}\"}],\"response_format\":\"timeseries\",\"style\":{\"color_order\":\"shuffled\",\"line_type\":\"solid\",\"line_width\":\"normal\",\"order_by\":\"values\",\"palette\":\"dog_classic\"}}],\"show_legend\":true,\"title\":\"Pods Restart\",\"title_align\":\"left\",\"title_size\":\"16\",\"type\":\"timeseries\"},\"id\":6780386267187339,\"layout\":{\"height\":2,\"width\":5,\"x\":7,\"y\":5}},{\"definition\":{\"legend_columns\":[\"avg\",\"min\",\"max\",\"value\",\"sum\"],\"legend_layout\":\"auto\",\"markers\":[{\"display_type\":\"ok dashed\",\"label\":\"y \\u003c 4831838208\",\"value\":\"y \\u003c 4831838208\"},{\"display_type\":\"warning dashed\",\"label\":\"4831838208 \\u003c y \\u003c 5368709120\",\"value\":\"4831838208 \\u003c y \\u003c 5368709120\"},{\"display_type\":\"error dashed\",\"label\":\"y \\u003e 5368709120\",\"value\":\"y \\u003e 5368709120\"}],\"requests\":[{\"display_type\":\"line\",\"formulas\":[{\"alias\":\"mem_usage\",\"formula\":\"query1\"},{\"alias\":\"mem_request\",\"formula\":\"query2\"}],\"queries\":[{\"data_source\":\"metrics\",\"name\":\"query1\",\"query\":\"avg:kubernetes.memory.usage{kube_namespace:$namespace.value,$env,service:$service.value} by {display_container_name}\"},{\"data_source\":\"metrics\",\"name\":\"query2\",\"query\":\"max:kubernetes.memory.requests{kube_namespace:$namespace.value,$env,service:$service.value} by {container_name}\"}],\"response_format\":\"timeseries\",\"style\":{\"color_order\":\"shuffled\",\"line_type\":\"solid\",\"line_width\":\"normal\",\"order_by\":\"values\",\"palette\":\"dog_classic\"}}],\"show_legend\":true,\"title\":\"Memory (remove)\",\"title_align\":\"left\",\"title_size\":\"16\",\"type\":\"timeseries\"},\"id\":300813272500088,\"layout\":{\"height\":2,\"width\":5,\"x\":2,\"y\":7}},{\"definition\":{\"legend_columns\":[\"avg\",\"min\",\"max\",\"value\",\"sum\"],\"legend_layout\":\"auto\",\"markers\":[{\"display_type\":\"ok dashed\",\"label\":\" 75% \",\"value\":\"y \\u003c 0.75\"},{\"display_type\":\"warning dashed\",\"label\":\" 75%-85% \",\"value\":\"0.75 \\u003c y \\u003c 0.85\"},{\"display_type\":\"error dashed\",\"label\":\" 85% \",\"value\":\"y \\u003e 0.85\"}],\"requests\":[{\"display_type\":\"line\",\"formulas\":[{\"formula\":\"query1\"}],\"queries\":[{\"data_source\":\"metrics\",\"name\":\"query1\",\"query\":\"avg:kubernetes.memory.usage_pct{kube_namespace:*asset-accounting*,container_name:aa-backend,$env} by {display_container_name}\"}],\"response_format\":\"timeseries\",\"style\":{\"color_order\":\"shuffled\",\"line_type\":\"solid\",\"line_width\":\"normal\",\"order_by\":\"values\",\"palette\":\"dog_classic\"}}],\"show_legend\":true,\"title\":\"Memory Percent\",\"title_align\":\"left\",\"title_size\":\"16\",\"type\":\"timeseries\"},\"id\":6981182833900402,\"layout\":{\"height\":2,\"width\":5,\"x\":7,\"y\":7}},{\"definition\":{\"legend_columns\":[\"avg\",\"min\",\"max\",\"value\",\"sum\"],\"legend_layout\":\"auto\",\"markers\":[{\"display_type\":\"ok dashed\",\"label\":\"y \\u003c 1.6\",\"value\":\"y \\u003c 1.6\"},{\"display_type\":\"warning dashed\",\"label\":\"1.6 \\u003c y \\u003c 1.8\",\"value\":\"1.6 \\u003c y \\u003c 1.8\"},{\"display_type\":\"error dashed\",\"label\":\"y \\u003e 1.8\",\"value\":\"y \\u003e 1.8\"}],\"requests\":[{\"display_type\":\"line\",\"formulas\":[{\"alias\":\"cpu_usage\",\"formula\":\"query1\"},{\"alias\":\"cpu_request\",\"formula\":\"query2\",\"style\":{\"palette\":\"red\"}}],\"queries\":[{\"data_source\":\"metrics\",\"name\":\"query1\",\"query\":\"avg:kubernetes.cpu.usage.total{$env,$service,kube_namespace:$namespace.value} by {display_container_name}\"},{\"data_source\":\"metrics\",\"name\":\"query2\",\"query\":\"max:kubernetes.cpu.requests{$env,$service,kube_namespace:$namespace.value} by {container_name}\"}],\"response_format\":\"timeseries\",\"style\":{\"color_order\":\"shuffled\",\"line_type\":\"solid\",\"line_width\":\"normal\",\"order_by\":\"values\",\"palette\":\"dog_classic\"}}],\"show_legend\":true,\"title\":\"CPU (change to percentage)\",\"title_align\":\"left\",\"title_size\":\"16\",\"type\":\"timeseries\"},\"id\":286630901699322,\"layout\":{\"height\":2,\"width\":5,\"x\":2,\"y\":9}},{\"definition\":{\"legend_columns\":[\"avg\",\"min\",\"max\",\"value\",\"sum\"],\"legend_layout\":\"auto\",\"markers\":[],\"requests\":[{\"display_type\":\"line\",\"formulas\":[{\"alias\":\"cpu_usage\",\"formula\":\"query1\",\"style\":{\"palette\":\"dog_classic\"}},{\"alias\":\"cpu_request\",\"formula\":\"query2\"}],\"queries\":[{\"data_source\":\"metrics\",\"name\":\"query1\",\"query\":\"avg:kubernetes.io.read_bytes{kube_namespace:*asset-accounting*,container_name:aa-backend,$env} by {display_container_name}\"},{\"data_source\":\"metrics\",\"name\":\"query2\",\"query\":\"avg:kubernetes.io.write_bytes{kube_namespace:*asset-accounting*,container_name:aa-backend,$env} by {display_container_name}\"}],\"response_format\":\"timeseries\",\"style\":{\"color_order\":\"shuffled\",\"line_type\":\"solid\",\"line_width\":\"normal\",\"order_by\":\"values\",\"palette\":\"dog_classic\"}}],\"show_legend\":true,\"title\":\"Disk IO Read/Write\",\"title_align\":\"left\",\"title_size\":\"16\",\"type\":\"timeseries\"},\"id\":5871113813390191,\"layout\":{\"height\":2,\"width\":5,\"x\":7,\"y\":9}},{\"definition\":{\"legend_columns\":[\"avg\",\"min\",\"max\",\"value\",\"sum\"],\"legend_layout\":\"auto\",\"markers\":[],\"requests\":[{\"display_type\":\"line\",\"formulas\":[{\"alias\":\"receive\",\"formula\":\"query1\"},{\"alias\":\"transmit\",\"formula\":\"query2\"}],\"queries\":[{\"data_source\":\"metrics\",\"name\":\"query1\",\"query\":\"sum:kubernetes.network.rx_bytes{$env, $service}\"},{\"data_source\":\"metrics\",\"name\":\"query2\",\"query\":\"sum:kubernetes.network.tx_bytes{$env, $service}\"}],\"response_format\":\"timeseries\",\"style\":{\"color_order\":\"shuffled\",\"line_type\":\"solid\",\"line_width\":\"normal\",\"order_by\":\"values\",\"palette\":\"dog_classic\"}}],\"show_legend\":true,\"title\":\"Network Receive and Transmit\",\"title_align\":\"left\",\"title_size\":\"16\",\"type\":\"timeseries\"},\"id\":5454379352059804,\"layout\":{\"height\":2,\"width\":5,\"x\":2,\"y\":11}},{\"definition\":{\"legend_columns\":[\"avg\",\"min\",\"max\",\"value\",\"sum\"],\"legend_layout\":\"auto\",\"markers\":[],\"requests\":[{\"display_type\":\"line\",\"formulas\":[{\"alias\":\"receive\",\"formula\":\"query1\"},{\"alias\":\"transmit\",\"formula\":\"query2\"}],\"queries\":[{\"data_source\":\"metrics\",\"name\":\"query1\",\"query\":\"sum:kubernetes.network.rx_errors{$env, $service}\"},{\"data_source\":\"metrics\",\"name\":\"query2\",\"query\":\"sum:kubernetes.network.tx_errors{$env, $service}\"}],\"response_format\":\"timeseries\",\"style\":{\"color_order\":\"shuffled\",\"line_type\":\"solid\",\"line_width\":\"normal\",\"order_by\":\"values\",\"palette\":\"dog_classic\"}}],\"show_legend\":true,\"title\":\"Network Errors Receive and Transmit\",\"title_align\":\"left\",\"title_size\":\"16\",\"type\":\"timeseries\"},\"id\":8883377818799084,\"layout\":{\"height\":2,\"width\":5,\"x\":7,\"y\":11}},{\"definition\":{\"background_color\":\"pink\",\"content\":\"## Application performance\",\"font_size\":\"36\",\"has_padding\":true,\"show_tick\":true,\"text_align\":\"center\",\"tick_edge\":\"left\",\"tick_pos\":\"50%\",\"type\":\"note\",\"vertical_align\":\"center\"},\"id\":1127155075950384,\"layout\":{\"height\":1,\"width\":10,\"x\":2,\"y\":13}},{\"definition\":{\"autoscale\":false,\"precision\":4,\"requests\":[{\"conditional_formats\":[{\"comparator\":\"\\u003e=\",\"palette\":\"white_on_yellow\",\"value\":0.001},{\"comparator\":\"\\u003e=\",\"palette\":\"white_on_red\",\"value\":0.003},{\"comparator\":\"\\u003c\",\"palette\":\"white_on_green\",\"value\":0.001}],\"formulas\":[{\"formula\":\"((query1 + query2) / query3) * 100\"}],\"queries\":[{\"aggregator\":\"sum\",\"data_source\":\"metrics\",\"name\":\"query1\",\"query\":\"sum:aws.applicationelb.httpcode_elb_5xx{ingress.k8s.aws/stack:*asset-accounting/aa-alb-public,$env}.as_count()\"},{\"aggregator\":\"sum\",\"data_source\":\"metrics\",\"name\":\"query2\",\"query\":\"sum:aws.applicationelb.httpcode_target_5xx{ingress.k8s.aws/stack:*asset-accounting/aa-alb-public,$env}.as_count()\"},{\"aggregator\":\"sum\",\"data_source\":\"metrics\",\"name\":\"query3\",\"query\":\"sum:aws.applicationelb.request_count{ingress.k8s.aws/stack:*asset-accounting/aa-alb-public,$env}.as_count()\"}],\"response_format\":\"scalar\"}],\"text_align\":\"center\",\"timeseries_background\":{\"type\":\"area\",\"yaxis\":{\"include_zero\":false}},\"title\":\"ALB: API Error Rate\",\"title_align\":\"left\",\"title_size\":\"16\",\"type\":\"query_value\"},\"id\":87152102965845,\"layout\":{\"height\":2,\"width\":5,\"x\":2,\"y\":14}},{\"definition\":{\"autoscale\":true,\"precision\":2,\"requests\":[{\"conditional_formats\":[{\"comparator\":\"\\u003e=\",\"palette\":\"white_on_yellow\",\"value\":0.2},{\"comparator\":\"\\u003e=\",\"palette\":\"white_on_red\",\"value\":0.5},{\"comparator\":\"\\u003c\",\"palette\":\"white_on_green\",\"value\":2}],\"formulas\":[{\"formula\":\"query1\"}],\"queries\":[{\"aggregator\":\"avg\",\"data_source\":\"metrics\",\"name\":\"query1\",\"query\":\"avg:aws.applicationelb.target_response_time.p95{$env,ingress.k8s.aws/stack:*asset-accounting/aa-alb-public}\"}],\"response_format\":\"scalar\"}],\"timeseries_background\":{\"type\":\"area\",\"yaxis\":{\"include_zero\":false}},\"title\":\"ALB: API latency P95\",\"title_align\":\"left\",\"title_size\":\"16\",\"type\":\"query_value\"},\"id\":3115870752647582,\"layout\":{\"height\":2,\"width\":5,\"x\":7,\"y\":14}},{\"definition\":{\"legend_columns\":[\"avg\",\"min\",\"max\",\"value\",\"sum\"],\"legend_layout\":\"auto\",\"requests\":[{\"display_type\":\"bars\",\"formulas\":[{\"alias\":\"alb\",\"formula\":\"query1\"}],\"queries\":[{\"data_source\":\"metrics\",\"name\":\"query1\",\"query\":\"avg:aws.applicationelb.request_count{$env,$team} by {loadbalancer}.as_count()\"}],\"response_format\":\"timeseries\",\"style\":{\"palette\":\"blue\"}}],\"show_legend\":true,\"title\":\"ALB: Request Count (remove)\",\"title_align\":\"left\",\"title_size\":\"16\",\"type\":\"timeseries\"},\"id\":5666851836132190,\"layout\":{\"height\":2,\"width\":5,\"x\":2,\"y\":16}},{\"definition\":{\"autoscale\":true,\"precision\":2,\"requests\":[{\"formulas\":[{\"formula\":\"query1\"}],\"queries\":[{\"aggregator\":\"max\",\"data_source\":\"metrics\",\"name\":\"query1\",\"query\":\"sum:aws.applicationelb.request_count{$env,$team}.as_rate()\"}],\"response_format\":\"scalar\"}],\"timeseries_background\":{\"type\":\"area\"},\"title\":\"ALB: Request Rate\",\"title_align\":\"left\",\"title_size\":\"16\",\"type\":\"query_value\"},\"id\":1305836082603362,\"layout\":{\"height\":2,\"width\":5,\"x\":7,\"y\":16}},{\"definition\":{\"legend_columns\":[\"avg\",\"min\",\"max\",\"value\",\"sum\"],\"legend_layout\":\"auto\",\"requests\":[{\"display_type\":\"bars\",\"formulas\":[{\"formula\":\"query1\"}],\"queries\":[{\"data_source\":\"metrics\",\"name\":\"query1\",\"query\":\"sum:trace.http.request.hits.by_http_status{$env,service:asset-accounting-backend} by {http.status_code}.as_count()\"}],\"response_format\":\"timeseries\",\"style\":{\"color_order\":\"shuffled\",\"line_type\":\"solid\",\"line_width\":\"normal\",\"order_by\":\"values\",\"order_reverse\":false,\"palette\":\"semantic\"}}],\"show_legend\":true,\"title\":\"Application: Request Hits By Http Status (remove)\",\"title_align\":\"left\",\"title_size\":\"16\",\"type\":\"timeseries\"},\"id\":1997678994766062,\"layout\":{\"height\":3,\"width\":5,\"x\":2,\"y\":18}},{\"definition\":{\"hide_total\":false,\"legend\":{\"type\":\"automatic\"},\"requests\":[{\"formulas\":[{\"formula\":\"query1\"}],\"queries\":[{\"aggregator\":\"last\",\"data_source\":\"metrics\",\"name\":\"query1\",\"query\":\"sum:trace.http.request.hits.by_http_status{service:asset-accounting-backend,$env} by {http.status_code}.as_count()\"}],\"response_format\":\"scalar\",\"sort\":{\"count\":500,\"order_by\":[{\"index\":0,\"order\":\"desc\",\"type\":\"formula\"}]},\"style\":{\"palette\":\"semantic\"}}],\"title\":\"Application: Distribution of HTTP response codes\",\"title_align\":\"left\",\"title_size\":\"16\",\"type\":\"sunburst\"},\"id\":2600285935494018,\"layout\":{\"height\":3,\"width\":5,\"x\":7,\"y\":18}},{\"definition\":{\"legend_columns\":[\"avg\",\"min\",\"max\",\"value\",\"sum\"],\"legend_layout\":\"auto\",\"requests\":[{\"display_type\":\"bars\",\"formulas\":[{\"formula\":\"query1\"},{\"formula\":\"query2\"}],\"queries\":[{\"data_source\":\"metrics\",\"name\":\"query1\",\"query\":\"sum:trace.http.request.hits{$env,service:asset-accounting-backend}.as_count()\"},{\"data_source\":\"metrics\",\"name\":\"query2\",\"query\":\"avg:aws.applicationelb.request_count{$env,$team} by {loadbalancer}.as_count()\"}],\"response_format\":\"timeseries\",\"style\":{\"color_order\":\"shuffled\",\"line_type\":\"solid\",\"line_width\":\"normal\",\"order_by\":\"values\",\"order_reverse\":false,\"palette\":\"cool\"}}],\"show_legend\":true,\"title\":\"Application: Request Hits (need to be updated)\",\"title_align\":\"left\",\"title_size\":\"16\",\"type\":\"timeseries\"},\"id\":165366499120846,\"layout\":{\"height\":2,\"width\":5,\"x\":2,\"y\":21}},{\"definition\":{\"requests\":[{\"conditional_formats\":[{\"comparator\":\"\\u003c=\",\"palette\":\"white_on_green\",\"value\":0.2},{\"comparator\":\"\\u003c=\",\"palette\":\"white_on_yellow\",\"value\":0.5},{\"comparator\":\"\\u003e\",\"palette\":\"white_on_red\",\"value\":0.5}],\"formulas\":[{\"formula\":\"query1\"}],\"queries\":[{\"aggregator\":\"avg\",\"data_source\":\"metrics\",\"name\":\"query1\",\"query\":\"avg:trace.http.request{$env,service:asset-accounting-backend*} by {resource_name}\"}],\"response_format\":\"scalar\",\"sort\":{\"count\":10,\"order_by\":[{\"index\":0,\"order\":\"desc\",\"type\":\"formula\"}]}}],\"style\":{\"display\":{\"legend\":\"automatic\",\"type\":\"stacked\"},\"palette\":\"dog_classic\",\"scaling\":\"absolute\"},\"title\":\"Application: Request Latency Top 10\",\"title_align\":\"left\",\"title_size\":\"16\",\"type\":\"toplist\"},\"id\":5371479232141822,\"layout\":{\"height\":2,\"width\":5,\"x\":7,\"y\":21}}]},\"layout\":{\"height\":15,\"width\":12,\"x\":0,\"y\":8}},{\"definition\":{\"has_search_bar\":\"auto\",\"requests\":[{\"formulas\":[{\"alias\":\"CPU requests\",\"cell_display_mode\":\"number\",\"formula\":\"query1\"},{\"alias\":\"CPU usage\",\"cell_display_mode\":\"number\",\"formula\":\"query7\"},{\"alias\":\"MEM requests\",\"formula\":\"query5\"},{\"alias\":\"MEM usage\",\"formula\":\"query8\"},{\"alias\":\"% CPU requests\",\"conditional_formats\":[{\"comparator\":\"\\u003c\",\"palette\":\"white_on_red\",\"value\":60}],\"formula\":\"query7 / (query1 * 1000000000) * 100\"},{\"alias\":\"% MEM requests\",\"conditional_formats\":[{\"comparator\":\"\\u003c\",\"palette\":\"white_on_red\",\"value\":60}],\"formula\":\"query8 / query5 * 100\"}],\"queries\":[{\"aggregator\":\"avg\",\"data_source\":\"metrics\",\"name\":\"query1\",\"query\":\"sum:kubernetes.cpu.requests{$env,kube_namespace:$namespace.value} by {kube_namespace,env,kube_deployment,kube_stateful_set}\"},{\"aggregator\":\"avg\",\"data_source\":\"metrics\",\"name\":\"query7\",\"query\":\"sum:kubernetes.cpu.usage.total{$env,kube_namespace:$namespace.value} by {kube_namespace,env,kube_deployment,kube_stateful_set}\"},{\"aggregator\":\"avg\",\"data_source\":\"metrics\",\"name\":\"query5\",\"query\":\"sum:kubernetes.memory.requests{$env,kube_namespace:$namespace.value} by {kube_namespace,env,kube_deployment,kube_stateful_set}\"},{\"aggregator\":\"avg\",\"data_source\":\"metrics\",\"name\":\"query8\",\"query\":\"sum:kubernetes.memory.usage{$env,kube_namespace:$namespace.value} by {kube_namespace,env,kube_deployment,kube_stateful_set}\"},{\"aggregator\":\"avg\",\"data_source\":\"metrics\",\"name\":\"query2\",\"query\":\"sum:kubernetes.cpu.limits{$env,kube_namespace:$namespace.value} by {kube_namespace,env,kube_deployment,kube_stateful_set}\"},{\"aggregator\":\"avg\",\"data_source\":\"metrics\",\"name\":\"query6\",\"query\":\"sum:kubernetes.memory.limits{$env,kube_namespace:$namespace.value} by {kube_namespace,env,kube_deployment,kube_stateful_set}\"}],\"response_format\":\"scalar\",\"sort\":{\"count\":500,\"order_by\":[{\"index\":0,\"order\":\"desc\",\"type\":\"formula\"}]}}],\"title\":\"CPU and Mem by Kubernetes Objects\",\"title_align\":\"left\",\"title_size\":\"16\",\"type\":\"query_table\"},\"layout\":{\"height\":50,\"width\":12,\"x\":0,\"y\":30}}]}}",
            "content_base64": null,
            "content_base64sha256": "lhYlYt52z8BxoG+IkCloXkcQiU6tD8FGCqekFPQJlqc=",
            "content_base64sha512": "1MBukuvQxZqxvrH1MIvOe2nRbB/T5u9nZVK1i7REf10Ho+d5vocK6uhO+7MuXjUrBPGM8PoMLbNHdEpbXuIRdA==",
            "content_md5": "dc455f1e906456034edfeb03e2125d98",
            "content_sha1": "3a69aa6287b79571ea5eef9cbb23b37e9d446999",
            "content_sha256": "96162562de76cfc071a06f889029685e4710894ead0fc1460aa7a414f40996a7",
            "content_sha512": "d4c06e92ebd0c59ab1beb1f5308bce7b69d16c1fd3e6ef676552b58bb4447f5d07a3e779be870aeae84efbb32e5e352b04f18cf0fa0c2db347744a5b5ee21174",
            "directory_permission": "0777",
            "file_permission": "0777",
            "filename": "./dashboard_json_output.json",
            "id": "3a69aa6287b79571ea5eef9cbb23b37e9d446999",
            "sensitive_content": null,
            "source": null
          },
          "sensitive_attributes": []
        }
      ]
    },
    {
      "mode": "managed",
      "type": "local_file",
      "name": "yaml_to_json",
      "provider": "provider[\"registry.terraform.io/hashicorp/local\"]",
      "instances": [
        {
          "schema_version": 0,
          "attributes": {
            "content": "{\"description\":\"Simple dashboard for testing\",\"is_read_only\":false,\"layout_type\":\"ordered\",\"tags\":[\"env:test\"],\"title\":\"Test Dashboard\",\"widgets\":[{\"definition\":{\"background_color\":\"yellow\",\"content\":\"Hello YAML → JSON\",\"type\":\"note\"},\"layout\":{\"height\":4,\"width\":24,\"x\":0,\"y\":0}}]}",
            "content_base64": null,
            "content_base64sha256": "hV5Afofi3XsuQJWG5d33DUR6txAVtUMD3tbGeCR1O3c=",
            "content_base64sha512": "437RAipz0Jtj/nhtseA654tHdPnx4JC/K0ai8qnB6PfLyhby2DTxEgE0XMqGnlZcikdScMKZ/VK+ZYeBMpTdJg==",
            "content_md5": "5c0551f6a72c1a0a8d6f5cf4e17468ac",
            "content_sha1": "d6a0875f637d2b65ce768ce3780476f1c427b5a9",
            "content_sha256": "855e407e87e2dd7b2e409586e5ddf70d447ab71015b54303ded6c67824753b77",
            "content_sha512": "e37ed1022a73d09b63fe786db1e03ae78b4774f9f1e090bf2b46a2f2a9c1e8f7cbca16f2d834f11201345cca869e565c8a475270c299fd52be6587813294dd26",
            "directory_permission": "0777",
            "file_permission": "0777",
            "filename": "./yaml_to_json_data_result.json",
            "id": "d6a0875f637d2b65ce768ce3780476f1c427b5a9",
            "sensitive_content": null,
            "source": null
          },
          "sensitive_attributes": []
        }
      ]
    }
  ],
  "check_results": null
}
