{
  "version": 4,
  "terraform_version": "1.5.7",
  "serial": 16,
  "lineage": "4585fcca-d6a1-8a85-c00a-0bc1e288a954",
  "outputs": {
    "dashboard_files": {
      "value": [
        "franky_testing_main_dashboard.yaml"
      ],
      "type": [
        "set",
        "string"
      ]
    },
    "dashboard_json": {
      "value": {
        "franky_testing_main_dashboard": {
          "description": "FrankyTesting dashboard with configurable groups",
          "layout_type": "ordered",
          "notify_list": [],
          "reflow_type": "fixed",
          "tags": [],
          "template_variables": [
            {
              "available_values": [],
              "default": "prod",
              "name": "env",
              "prefix": "env"
            },
            {
              "available_values": [],
              "default": "asset-accounting",
              "name": "team",
              "prefix": "team"
            },
            {
              "available_values": [],
              "default": "prod-asset-accounting",
              "name": "namespace",
              "prefix": "namespace"
            },
            {
              "available_values": [],
              "default": "asset-accounting-backend",
              "name": "service",
              "prefix": "service"
            },
            {
              "available_values": [],
              "default": "*",
              "name": "account",
              "prefix": "aws_account"
            },
            {
              "available_values": [],
              "default": "*",
              "name": "region",
              "prefix": "region"
            },
            {
              "available_values": [],
              "default": "prod-asset-accounting-20241109-01-0",
              "name": "dbinstance",
              "prefix": "dbinstanceidentifier"
            },
            {
              "available_values": [],
              "default": "*",
              "name": "dbcluster",
              "prefix": "dbclusteridentifier"
            }
          ],
          "title": "[FrankyTesting] Main Dashboard 222222I think we don't need to...",
          "widgets": [
            {
              "definition": {
                "layout_type": "ordered",
                "show_title": true,
                "title": "[FrankyTesting] System Load \u0026 Disk",
                "type": "group",
                "widgets": [
                  {
                    "definition": {
                      "requests": [
                        {
                          "display_type": "line",
                          "on_right_yaxis": false,
                          "queries": [
                            {
                              "data_source": "metrics",
                              "name": "query1",
                              "query": "sum:system.load.1{*} by {host}"
                            }
                          ],
                          "response_format": "timeseries"
                        }
                      ],
                      "show_legend": false,
                      "title": "[System] Load by Host",
                      "type": "timeseries"
                    },
                    "layout": {
                      "height": 3,
                      "width": 6,
                      "x": 0,
                      "y": 0
                    }
                  },
                  {
                    "definition": {
                      "requests": [
                        {
                          "display_type": "line",
                          "on_right_yaxis": false,
                          "queries": [
                            {
                              "data_source": "metrics",
                              "name": "query1",
                              "query": "sum:system.disk.used{*} by {host,device}"
                            }
                          ],
                          "response_format": "timeseries"
                        }
                      ],
                      "show_legend": false,
                      "title": "[System] Disk Usage by Host and Device",
                      "type": "timeseries"
                    },
                    "layout": {
                      "height": 3,
                      "width": 6,
                      "x": 6,
                      "y": 0
                    }
                  }
                ]
              },
              "layout": {
                "height": 4,
                "width": 12,
                "x": 0,
                "y": 0
              }
            },
            {
              "definition": {
                "layout_type": "ordered",
                "show_title": true,
                "title": "[Custom][FrankyTesting] Business Metrics",
                "type": "group",
                "widgets": [
                  {
                    "definition": {
                      "requests": [
                        {
                          "display_type": "line",
                          "on_right_yaxis": false,
                          "queries": [
                            {
                              "data_source": "metrics",
                              "name": "query1",
                              "query": "sum:app.franky.transactions{*} by {service}"
                            }
                          ],
                          "response_format": "timeseries"
                        }
                      ],
                      "show_legend": false,
                      "title": "[Custom][FrankyTesting] Transaction Volume by Service",
                      "type": "timeseries"
                    },
                    "layout": {
                      "height": 3,
                      "width": 6,
                      "x": 0,
                      "y": 0
                    }
                  },
                  {
                    "definition": {
                      "requests": [
                        {
                          "display_type": "line",
                          "on_right_yaxis": false,
                          "queries": [
                            {
                              "data_source": "metrics",
                              "name": "query1",
                              "query": "avg:app.franky.revenue{*} by {service}"
                            }
                          ],
                          "response_format": "timeseries"
                        }
                      ],
                      "show_legend": false,
                      "title": "[Custom][FrankyTesting] Revenue by Service",
                      "type": "timeseries"
                    },
                    "layout": {
                      "height": 3,
                      "width": 6,
                      "x": 6,
                      "y": 0
                    }
                  }
                ]
              },
              "layout": {
                "height": 4,
                "width": 12,
                "x": 0,
                "y": 4
              }
            },
            {
              "definition": {
                "requests": [
                  {
                    "display_type": "line",
                    "on_right_yaxis": false,
                    "queries": [
                      {
                        "data_source": "metrics",
                        "name": "query1",
                        "query": "avg:app.franky.requests{*} by {service}"
                      }
                    ],
                    "response_format": "timeseries"
                  }
                ],
                "show_legend": false,
                "title": "[FrankyTesting] Application Requests",
                "type": "timeseries"
              },
              "layout": {
                "height": 6,
                "width": 6,
                "x": 0,
                "y": 8
              }
            }
          ]
        }
      },
      "type": [
        "object",
        {
          "franky_testing_main_dashboard": [
            "object",
            {
              "description": "string",
              "layout_type": "string",
              "notify_list": [
                "tuple",
                []
              ],
              "reflow_type": "string",
              "tags": [
                "tuple",
                []
              ],
              "template_variables": [
                "tuple",
                [
                  [
                    "object",
                    {
                      "available_values": [
                        "tuple",
                        []
                      ],
                      "default": "string",
                      "name": "string",
                      "prefix": "string"
                    }
                  ],
                  [
                    "object",
                    {
                      "available_values": [
                        "tuple",
                        []
                      ],
                      "default": "string",
                      "name": "string",
                      "prefix": "string"
                    }
                  ],
                  [
                    "object",
                    {
                      "available_values": [
                        "tuple",
                        []
                      ],
                      "default": "string",
                      "name": "string",
                      "prefix": "string"
                    }
                  ],
                  [
                    "object",
                    {
                      "available_values": [
                        "tuple",
                        []
                      ],
                      "default": "string",
                      "name": "string",
                      "prefix": "string"
                    }
                  ],
                  [
                    "object",
                    {
                      "available_values": [
                        "tuple",
                        []
                      ],
                      "default": "string",
                      "name": "string",
                      "prefix": "string"
                    }
                  ],
                  [
                    "object",
                    {
                      "available_values": [
                        "tuple",
                        []
                      ],
                      "default": "string",
                      "name": "string",
                      "prefix": "string"
                    }
                  ],
                  [
                    "object",
                    {
                      "available_values": [
                        "tuple",
                        []
                      ],
                      "default": "string",
                      "name": "string",
                      "prefix": "string"
                    }
                  ],
                  [
                    "object",
                    {
                      "available_values": [
                        "tuple",
                        []
                      ],
                      "default": "string",
                      "name": "string",
                      "prefix": "string"
                    }
                  ]
                ]
              ],
              "title": "string",
              "widgets": [
                "tuple",
                [
                  [
                    "object",
                    {
                      "definition": [
                        "object",
                        {
                          "layout_type": "string",
                          "show_title": "bool",
                          "title": "string",
                          "type": "string",
                          "widgets": [
                            "tuple",
                            [
                              [
                                "object",
                                {
                                  "definition": [
                                    "object",
                                    {
                                      "requests": [
                                        "tuple",
                                        [
                                          [
                                            "object",
                                            {
                                              "display_type": "string",
                                              "on_right_yaxis": "bool",
                                              "queries": [
                                                "tuple",
                                                [
                                                  [
                                                    "object",
                                                    {
                                                      "data_source": "string",
                                                      "name": "string",
                                                      "query": "string"
                                                    }
                                                  ]
                                                ]
                                              ],
                                              "response_format": "string"
                                            }
                                          ]
                                        ]
                                      ],
                                      "show_legend": "bool",
                                      "title": "string",
                                      "type": "string"
                                    }
                                  ],
                                  "layout": [
                                    "object",
                                    {
                                      "height": "number",
                                      "width": "number",
                                      "x": "number",
                                      "y": "number"
                                    }
                                  ]
                                }
                              ],
                              [
                                "object",
                                {
                                  "definition": [
                                    "object",
                                    {
                                      "requests": [
                                        "tuple",
                                        [
                                          [
                                            "object",
                                            {
                                              "display_type": "string",
                                              "on_right_yaxis": "bool",
                                              "queries": [
                                                "tuple",
                                                [
                                                  [
                                                    "object",
                                                    {
                                                      "data_source": "string",
                                                      "name": "string",
                                                      "query": "string"
                                                    }
                                                  ]
                                                ]
                                              ],
                                              "response_format": "string"
                                            }
                                          ]
                                        ]
                                      ],
                                      "show_legend": "bool",
                                      "title": "string",
                                      "type": "string"
                                    }
                                  ],
                                  "layout": [
                                    "object",
                                    {
                                      "height": "number",
                                      "width": "number",
                                      "x": "number",
                                      "y": "number"
                                    }
                                  ]
                                }
                              ]
                            ]
                          ]
                        }
                      ],
                      "layout": [
                        "object",
                        {
                          "height": "number",
                          "width": "number",
                          "x": "number",
                          "y": "number"
                        }
                      ]
                    }
                  ],
                  [
                    "object",
                    {
                      "definition": [
                        "object",
                        {
                          "layout_type": "string",
                          "show_title": "bool",
                          "title": "string",
                          "type": "string",
                          "widgets": [
                            "tuple",
                            [
                              [
                                "object",
                                {
                                  "definition": [
                                    "object",
                                    {
                                      "requests": [
                                        "tuple",
                                        [
                                          [
                                            "object",
                                            {
                                              "display_type": "string",
                                              "on_right_yaxis": "bool",
                                              "queries": [
                                                "tuple",
                                                [
                                                  [
                                                    "object",
                                                    {
                                                      "data_source": "string",
                                                      "name": "string",
                                                      "query": "string"
                                                    }
                                                  ]
                                                ]
                                              ],
                                              "response_format": "string"
                                            }
                                          ]
                                        ]
                                      ],
                                      "show_legend": "bool",
                                      "title": "string",
                                      "type": "string"
                                    }
                                  ],
                                  "layout": [
                                    "object",
                                    {
                                      "height": "number",
                                      "width": "number",
                                      "x": "number",
                                      "y": "number"
                                    }
                                  ]
                                }
                              ],
                              [
                                "object",
                                {
                                  "definition": [
                                    "object",
                                    {
                                      "requests": [
                                        "tuple",
                                        [
                                          [
                                            "object",
                                            {
                                              "display_type": "string",
                                              "on_right_yaxis": "bool",
                                              "queries": [
                                                "tuple",
                                                [
                                                  [
                                                    "object",
                                                    {
                                                      "data_source": "string",
                                                      "name": "string",
                                                      "query": "string"
                                                    }
                                                  ]
                                                ]
                                              ],
                                              "response_format": "string"
                                            }
                                          ]
                                        ]
                                      ],
                                      "show_legend": "bool",
                                      "title": "string",
                                      "type": "string"
                                    }
                                  ],
                                  "layout": [
                                    "object",
                                    {
                                      "height": "number",
                                      "width": "number",
                                      "x": "number",
                                      "y": "number"
                                    }
                                  ]
                                }
                              ]
                            ]
                          ]
                        }
                      ],
                      "layout": [
                        "object",
                        {
                          "height": "number",
                          "width": "number",
                          "x": "number",
                          "y": "number"
                        }
                      ]
                    }
                  ],
                  [
                    "object",
                    {
                      "definition": [
                        "object",
                        {
                          "requests": [
                            "tuple",
                            [
                              [
                                "object",
                                {
                                  "display_type": "string",
                                  "on_right_yaxis": "bool",
                                  "queries": [
                                    "tuple",
                                    [
                                      [
                                        "object",
                                        {
                                          "data_source": "string",
                                          "name": "string",
                                          "query": "string"
                                        }
                                      ]
                                    ]
                                  ],
                                  "response_format": "string"
                                }
                              ]
                            ]
                          ],
                          "show_legend": "bool",
                          "title": "string",
                          "type": "string"
                        }
                      ],
                      "layout": [
                        "object",
                        {
                          "height": "number",
                          "width": "number",
                          "x": "number",
                          "y": "number"
                        }
                      ]
                    }
                  ]
                ]
              ]
            }
          ]
        }
      ]
    },
    "dashboard_outlines": {
      "value": {
        "franky_testing_main_dashboard": {
          "description": "FrankyTesting dashboard with configurable groups",
          "layout_type": "ordered",
          "notify_list": [],
          "reflow_type": "fixed",
          "tags": [],
          "template_variables": [
            {
              "available_values": [],
              "default": "prod",
              "name": "env",
              "prefix": "env"
            },
            {
              "available_values": [],
              "default": "asset-accounting",
              "name": "team",
              "prefix": "team"
            },
            {
              "available_values": [],
              "default": "prod-asset-accounting",
              "name": "namespace",
              "prefix": "namespace"
            },
            {
              "available_values": [],
              "default": "asset-accounting-backend",
              "name": "service",
              "prefix": "service"
            },
            {
              "available_values": [],
              "default": "*",
              "name": "account",
              "prefix": "aws_account"
            },
            {
              "available_values": [],
              "default": "*",
              "name": "region",
              "prefix": "region"
            },
            {
              "available_values": [],
              "default": "prod-asset-accounting-20241109-01-0",
              "name": "dbinstance",
              "prefix": "dbinstanceidentifier"
            },
            {
              "available_values": [],
              "default": "*",
              "name": "dbcluster",
              "prefix": "dbclusteridentifier"
            }
          ],
          "title": "[FrankyTesting] Main Dashboard 222222I think we don't need to...",
          "widgets": [
            {
              "layout": {
                "height": 4,
                "width": 12,
                "x": 0,
                "y": 0
              },
              "widget_file": "system_load_disk_group.yaml"
            },
            {
              "layout": {
                "height": 4,
                "width": 12,
                "x": 0,
                "y": 4
              },
              "widget_file": "business_metrics_group.yaml"
            },
            {
              "layout": {
                "height": 6,
                "width": 6,
                "x": 0,
                "y": 8
              },
              "widget_file": "application_requests.yaml"
            }
          ]
        }
      },
      "type": [
        "object",
        {
          "franky_testing_main_dashboard": [
            "object",
            {
              "description": "string",
              "layout_type": "string",
              "notify_list": [
                "tuple",
                []
              ],
              "reflow_type": "string",
              "tags": [
                "tuple",
                []
              ],
              "template_variables": [
                "tuple",
                [
                  [
                    "object",
                    {
                      "available_values": [
                        "tuple",
                        []
                      ],
                      "default": "string",
                      "name": "string",
                      "prefix": "string"
                    }
                  ],
                  [
                    "object",
                    {
                      "available_values": [
                        "tuple",
                        []
                      ],
                      "default": "string",
                      "name": "string",
                      "prefix": "string"
                    }
                  ],
                  [
                    "object",
                    {
                      "available_values": [
                        "tuple",
                        []
                      ],
                      "default": "string",
                      "name": "string",
                      "prefix": "string"
                    }
                  ],
                  [
                    "object",
                    {
                      "available_values": [
                        "tuple",
                        []
                      ],
                      "default": "string",
                      "name": "string",
                      "prefix": "string"
                    }
                  ],
                  [
                    "object",
                    {
                      "available_values": [
                        "tuple",
                        []
                      ],
                      "default": "string",
                      "name": "string",
                      "prefix": "string"
                    }
                  ],
                  [
                    "object",
                    {
                      "available_values": [
                        "tuple",
                        []
                      ],
                      "default": "string",
                      "name": "string",
                      "prefix": "string"
                    }
                  ],
                  [
                    "object",
                    {
                      "available_values": [
                        "tuple",
                        []
                      ],
                      "default": "string",
                      "name": "string",
                      "prefix": "string"
                    }
                  ],
                  [
                    "object",
                    {
                      "available_values": [
                        "tuple",
                        []
                      ],
                      "default": "string",
                      "name": "string",
                      "prefix": "string"
                    }
                  ]
                ]
              ],
              "title": "string",
              "widgets": [
                "tuple",
                [
                  [
                    "object",
                    {
                      "layout": [
                        "object",
                        {
                          "height": "number",
                          "width": "number",
                          "x": "number",
                          "y": "number"
                        }
                      ],
                      "widget_file": "string"
                    }
                  ],
                  [
                    "object",
                    {
                      "layout": [
                        "object",
                        {
                          "height": "number",
                          "width": "number",
                          "x": "number",
                          "y": "number"
                        }
                      ],
                      "widget_file": "string"
                    }
                  ],
                  [
                    "object",
                    {
                      "layout": [
                        "object",
                        {
                          "height": "number",
                          "width": "number",
                          "x": "number",
                          "y": "number"
                        }
                      ],
                      "widget_file": "string"
                    }
                  ]
                ]
              ]
            }
          ]
        }
      ]
    },
    "dashboard_path": {
      "value": "./dashboard",
      "type": "string"
    },
    "json_result": {
      "value": "{\"description\":\"Simple dashboard for testing\",\"is_read_only\":false,\"layout_type\":\"ordered\",\"tags\":[\"env:test\"],\"title\":\"Test Dashboard\",\"widgets\":[{\"definition\":{\"background_color\":\"yellow\",\"content\":\"Hello YAML → JSON\",\"type\":\"note\"},\"layout\":{\"height\":4,\"width\":24,\"x\":0,\"y\":0}}]}",
      "type": "string"
    },
    "widget_files": {
      "value": [
        "application_requests.yaml",
        "business_metrics_group.yaml",
        "system_load_disk_group.yaml"
      ],
      "type": [
        "set",
        "string"
      ]
    },
    "widgets": {
      "value": {
        "application_requests": {
          "requests": [
            {
              "display_type": "line",
              "on_right_yaxis": false,
              "queries": [
                {
                  "data_source": "metrics",
                  "name": "query1",
                  "query": "avg:app.franky.requests{*} by {service}"
                }
              ],
              "response_format": "timeseries"
            }
          ],
          "show_legend": false,
          "title": "[FrankyTesting] Application Requests",
          "type": "timeseries"
        },
        "business_metrics_group": {
          "layout_type": "ordered",
          "show_title": true,
          "title": "[Custom][FrankyTesting] Business Metrics",
          "type": "group",
          "widgets": [
            {
              "definition": {
                "requests": [
                  {
                    "display_type": "line",
                    "on_right_yaxis": false,
                    "queries": [
                      {
                        "data_source": "metrics",
                        "name": "query1",
                        "query": "sum:app.franky.transactions{*} by {service}"
                      }
                    ],
                    "response_format": "timeseries"
                  }
                ],
                "show_legend": false,
                "title": "[Custom][FrankyTesting] Transaction Volume by Service",
                "type": "timeseries"
              },
              "layout": {
                "height": 3,
                "width": 6,
                "x": 0,
                "y": 0
              }
            },
            {
              "definition": {
                "requests": [
                  {
                    "display_type": "line",
                    "on_right_yaxis": false,
                    "queries": [
                      {
                        "data_source": "metrics",
                        "name": "query1",
                        "query": "avg:app.franky.revenue{*} by {service}"
                      }
                    ],
                    "response_format": "timeseries"
                  }
                ],
                "show_legend": false,
                "title": "[Custom][FrankyTesting] Revenue by Service",
                "type": "timeseries"
              },
              "layout": {
                "height": 3,
                "width": 6,
                "x": 6,
                "y": 0
              }
            }
          ]
        },
        "system_load_disk_group": {
          "layout_type": "ordered",
          "show_title": true,
          "title": "[FrankyTesting] System Load \u0026 Disk",
          "type": "group",
          "widgets": [
            {
              "definition": {
                "requests": [
                  {
                    "display_type": "line",
                    "on_right_yaxis": false,
                    "queries": [
                      {
                        "data_source": "metrics",
                        "name": "query1",
                        "query": "sum:system.load.1{*} by {host}"
                      }
                    ],
                    "response_format": "timeseries"
                  }
                ],
                "show_legend": false,
                "title": "[System] Load by Host",
                "type": "timeseries"
              },
              "layout": {
                "height": 3,
                "width": 6,
                "x": 0,
                "y": 0
              }
            },
            {
              "definition": {
                "requests": [
                  {
                    "display_type": "line",
                    "on_right_yaxis": false,
                    "queries": [
                      {
                        "data_source": "metrics",
                        "name": "query1",
                        "query": "sum:system.disk.used{*} by {host,device}"
                      }
                    ],
                    "response_format": "timeseries"
                  }
                ],
                "show_legend": false,
                "title": "[System] Disk Usage by Host and Device",
                "type": "timeseries"
              },
              "layout": {
                "height": 3,
                "width": 6,
                "x": 6,
                "y": 0
              }
            }
          ]
        }
      },
      "type": [
        "object",
        {
          "application_requests": [
            "object",
            {
              "requests": [
                "tuple",
                [
                  [
                    "object",
                    {
                      "display_type": "string",
                      "on_right_yaxis": "bool",
                      "queries": [
                        "tuple",
                        [
                          [
                            "object",
                            {
                              "data_source": "string",
                              "name": "string",
                              "query": "string"
                            }
                          ]
                        ]
                      ],
                      "response_format": "string"
                    }
                  ]
                ]
              ],
              "show_legend": "bool",
              "title": "string",
              "type": "string"
            }
          ],
          "business_metrics_group": [
            "object",
            {
              "layout_type": "string",
              "show_title": "bool",
              "title": "string",
              "type": "string",
              "widgets": [
                "tuple",
                [
                  [
                    "object",
                    {
                      "definition": [
                        "object",
                        {
                          "requests": [
                            "tuple",
                            [
                              [
                                "object",
                                {
                                  "display_type": "string",
                                  "on_right_yaxis": "bool",
                                  "queries": [
                                    "tuple",
                                    [
                                      [
                                        "object",
                                        {
                                          "data_source": "string",
                                          "name": "string",
                                          "query": "string"
                                        }
                                      ]
                                    ]
                                  ],
                                  "response_format": "string"
                                }
                              ]
                            ]
                          ],
                          "show_legend": "bool",
                          "title": "string",
                          "type": "string"
                        }
                      ],
                      "layout": [
                        "object",
                        {
                          "height": "number",
                          "width": "number",
                          "x": "number",
                          "y": "number"
                        }
                      ]
                    }
                  ],
                  [
                    "object",
                    {
                      "definition": [
                        "object",
                        {
                          "requests": [
                            "tuple",
                            [
                              [
                                "object",
                                {
                                  "display_type": "string",
                                  "on_right_yaxis": "bool",
                                  "queries": [
                                    "tuple",
                                    [
                                      [
                                        "object",
                                        {
                                          "data_source": "string",
                                          "name": "string",
                                          "query": "string"
                                        }
                                      ]
                                    ]
                                  ],
                                  "response_format": "string"
                                }
                              ]
                            ]
                          ],
                          "show_legend": "bool",
                          "title": "string",
                          "type": "string"
                        }
                      ],
                      "layout": [
                        "object",
                        {
                          "height": "number",
                          "width": "number",
                          "x": "number",
                          "y": "number"
                        }
                      ]
                    }
                  ]
                ]
              ]
            }
          ],
          "system_load_disk_group": [
            "object",
            {
              "layout_type": "string",
              "show_title": "bool",
              "title": "string",
              "type": "string",
              "widgets": [
                "tuple",
                [
                  [
                    "object",
                    {
                      "definition": [
                        "object",
                        {
                          "requests": [
                            "tuple",
                            [
                              [
                                "object",
                                {
                                  "display_type": "string",
                                  "on_right_yaxis": "bool",
                                  "queries": [
                                    "tuple",
                                    [
                                      [
                                        "object",
                                        {
                                          "data_source": "string",
                                          "name": "string",
                                          "query": "string"
                                        }
                                      ]
                                    ]
                                  ],
                                  "response_format": "string"
                                }
                              ]
                            ]
                          ],
                          "show_legend": "bool",
                          "title": "string",
                          "type": "string"
                        }
                      ],
                      "layout": [
                        "object",
                        {
                          "height": "number",
                          "width": "number",
                          "x": "number",
                          "y": "number"
                        }
                      ]
                    }
                  ],
                  [
                    "object",
                    {
                      "definition": [
                        "object",
                        {
                          "requests": [
                            "tuple",
                            [
                              [
                                "object",
                                {
                                  "display_type": "string",
                                  "on_right_yaxis": "bool",
                                  "queries": [
                                    "tuple",
                                    [
                                      [
                                        "object",
                                        {
                                          "data_source": "string",
                                          "name": "string",
                                          "query": "string"
                                        }
                                      ]
                                    ]
                                  ],
                                  "response_format": "string"
                                }
                              ]
                            ]
                          ],
                          "show_legend": "bool",
                          "title": "string",
                          "type": "string"
                        }
                      ],
                      "layout": [
                        "object",
                        {
                          "height": "number",
                          "width": "number",
                          "x": "number",
                          "y": "number"
                        }
                      ]
                    }
                  ]
                ]
              ]
            }
          ]
        }
      ]
    },
    "widgets_path": {
      "value": "./dashboard_widgets",
      "type": "string"
    },
    "yaml_parsed": {
      "value": {
        "description": "Simple dashboard for testing",
        "is_read_only": false,
        "layout_type": "ordered",
        "tags": [
          "env:test"
        ],
        "title": "Test Dashboard",
        "widgets": [
          {
            "definition": {
              "background_color": "yellow",
              "content": "Hello YAML → JSON",
              "type": "note"
            },
            "layout": {
              "height": 4,
              "width": 24,
              "x": 0,
              "y": 0
            }
          }
        ]
      },
      "type": [
        "object",
        {
          "description": "string",
          "is_read_only": "bool",
          "layout_type": "string",
          "tags": [
            "tuple",
            [
              "string"
            ]
          ],
          "title": "string",
          "widgets": [
            "tuple",
            [
              [
                "object",
                {
                  "definition": [
                    "object",
                    {
                      "background_color": "string",
                      "content": "string",
                      "type": "string"
                    }
                  ],
                  "layout": [
                    "object",
                    {
                      "height": "number",
                      "width": "number",
                      "x": "number",
                      "y": "number"
                    }
                  ]
                }
              ]
            ]
          ]
        }
      ]
    }
  },
  "resources": [
    {
      "mode": "managed",
      "type": "local_file",
      "name": "dashboard_json_output",
      "provider": "provider[\"registry.terraform.io/hashicorp/local\"]",
      "instances": [
        {
          "schema_version": 0,
          "attributes": {
            "content": "{\"franky_testing_main_dashboard\":{\"description\":\"FrankyTesting dashboard with configurable groups\",\"layout_type\":\"ordered\",\"notify_list\":[],\"reflow_type\":\"fixed\",\"tags\":[],\"template_variables\":[{\"available_values\":[],\"default\":\"prod\",\"name\":\"env\",\"prefix\":\"env\"},{\"available_values\":[],\"default\":\"asset-accounting\",\"name\":\"team\",\"prefix\":\"team\"},{\"available_values\":[],\"default\":\"prod-asset-accounting\",\"name\":\"namespace\",\"prefix\":\"namespace\"},{\"available_values\":[],\"default\":\"asset-accounting-backend\",\"name\":\"service\",\"prefix\":\"service\"},{\"available_values\":[],\"default\":\"*\",\"name\":\"account\",\"prefix\":\"aws_account\"},{\"available_values\":[],\"default\":\"*\",\"name\":\"region\",\"prefix\":\"region\"},{\"available_values\":[],\"default\":\"prod-asset-accounting-20241109-01-0\",\"name\":\"dbinstance\",\"prefix\":\"dbinstanceidentifier\"},{\"available_values\":[],\"default\":\"*\",\"name\":\"dbcluster\",\"prefix\":\"dbclusteridentifier\"}],\"title\":\"[FrankyTesting] Main Dashboard 222222I think we don't need to...\",\"widgets\":[{\"definition\":{\"layout_type\":\"ordered\",\"show_title\":true,\"title\":\"[FrankyTesting] System Load \\u0026 Disk\",\"type\":\"group\",\"widgets\":[{\"definition\":{\"requests\":[{\"display_type\":\"line\",\"on_right_yaxis\":false,\"queries\":[{\"data_source\":\"metrics\",\"name\":\"query1\",\"query\":\"sum:system.load.1{*} by {host}\"}],\"response_format\":\"timeseries\"}],\"show_legend\":false,\"title\":\"[System] Load by Host\",\"type\":\"timeseries\"},\"layout\":{\"height\":3,\"width\":6,\"x\":0,\"y\":0}},{\"definition\":{\"requests\":[{\"display_type\":\"line\",\"on_right_yaxis\":false,\"queries\":[{\"data_source\":\"metrics\",\"name\":\"query1\",\"query\":\"sum:system.disk.used{*} by {host,device}\"}],\"response_format\":\"timeseries\"}],\"show_legend\":false,\"title\":\"[System] Disk Usage by Host and Device\",\"type\":\"timeseries\"},\"layout\":{\"height\":3,\"width\":6,\"x\":6,\"y\":0}}]},\"layout\":{\"height\":4,\"width\":12,\"x\":0,\"y\":0}},{\"definition\":{\"layout_type\":\"ordered\",\"show_title\":true,\"title\":\"[Custom][FrankyTesting] Business Metrics\",\"type\":\"group\",\"widgets\":[{\"definition\":{\"requests\":[{\"display_type\":\"line\",\"on_right_yaxis\":false,\"queries\":[{\"data_source\":\"metrics\",\"name\":\"query1\",\"query\":\"sum:app.franky.transactions{*} by {service}\"}],\"response_format\":\"timeseries\"}],\"show_legend\":false,\"title\":\"[Custom][FrankyTesting] Transaction Volume by Service\",\"type\":\"timeseries\"},\"layout\":{\"height\":3,\"width\":6,\"x\":0,\"y\":0}},{\"definition\":{\"requests\":[{\"display_type\":\"line\",\"on_right_yaxis\":false,\"queries\":[{\"data_source\":\"metrics\",\"name\":\"query1\",\"query\":\"avg:app.franky.revenue{*} by {service}\"}],\"response_format\":\"timeseries\"}],\"show_legend\":false,\"title\":\"[Custom][FrankyTesting] Revenue by Service\",\"type\":\"timeseries\"},\"layout\":{\"height\":3,\"width\":6,\"x\":6,\"y\":0}}]},\"layout\":{\"height\":4,\"width\":12,\"x\":0,\"y\":4}},{\"definition\":{\"requests\":[{\"display_type\":\"line\",\"on_right_yaxis\":false,\"queries\":[{\"data_source\":\"metrics\",\"name\":\"query1\",\"query\":\"avg:app.franky.requests{*} by {service}\"}],\"response_format\":\"timeseries\"}],\"show_legend\":false,\"title\":\"[FrankyTesting] Application Requests\",\"type\":\"timeseries\"},\"layout\":{\"height\":6,\"width\":6,\"x\":0,\"y\":8}}]}}",
            "content_base64": null,
            "content_base64sha256": "oMidvI6zewf2zQ1WpxlpFTihUhQO+950kDQJ6Gcu6UA=",
            "content_base64sha512": "hM63sbPHjj/PDeRabWp509rLZ5swi+NwrP/647e7S9TPbuDdAm6hJa6MUNon8Ih7j11+TCwpjjLLQG3KNuD0GA==",
            "content_md5": "9bec3c00cb758517507706909caecbed",
            "content_sha1": "e1e02ab5888863841b81aa8e9235cf3011b8d444",
            "content_sha256": "a0c89dbc8eb37b07f6cd0d56a719691538a152140efbde74903409e8672ee940",
            "content_sha512": "84ceb7b1b3c78e3fcf0de45a6d6a79d3dacb679b308be370acfffae3b7bb4bd4cf6ee0dd026ea125ae8c50da27f0887b8f5d7e4c2c298e32cb406dca36e0f418",
            "directory_permission": "0777",
            "file_permission": "0777",
            "filename": "./dashboard_json_output.json",
            "id": "e1e02ab5888863841b81aa8e9235cf3011b8d444",
            "sensitive_content": null,
            "source": null
          },
          "sensitive_attributes": []
        }
      ]
    },
    {
      "mode": "managed",
      "type": "local_file",
      "name": "yaml_to_json",
      "provider": "provider[\"registry.terraform.io/hashicorp/local\"]",
      "instances": [
        {
          "schema_version": 0,
          "attributes": {
            "content": "{\"description\":\"Simple dashboard for testing\",\"is_read_only\":false,\"layout_type\":\"ordered\",\"tags\":[\"env:test\"],\"title\":\"Test Dashboard\",\"widgets\":[{\"definition\":{\"background_color\":\"yellow\",\"content\":\"Hello YAML → JSON\",\"type\":\"note\"},\"layout\":{\"height\":4,\"width\":24,\"x\":0,\"y\":0}}]}",
            "content_base64": null,
            "content_base64sha256": "hV5Afofi3XsuQJWG5d33DUR6txAVtUMD3tbGeCR1O3c=",
            "content_base64sha512": "437RAipz0Jtj/nhtseA654tHdPnx4JC/K0ai8qnB6PfLyhby2DTxEgE0XMqGnlZcikdScMKZ/VK+ZYeBMpTdJg==",
            "content_md5": "5c0551f6a72c1a0a8d6f5cf4e17468ac",
            "content_sha1": "d6a0875f637d2b65ce768ce3780476f1c427b5a9",
            "content_sha256": "855e407e87e2dd7b2e409586e5ddf70d447ab71015b54303ded6c67824753b77",
            "content_sha512": "e37ed1022a73d09b63fe786db1e03ae78b4774f9f1e090bf2b46a2f2a9c1e8f7cbca16f2d834f11201345cca869e565c8a475270c299fd52be6587813294dd26",
            "directory_permission": "0777",
            "file_permission": "0777",
            "filename": "./yaml_to_json_data_result.json",
            "id": "d6a0875f637d2b65ce768ce3780476f1c427b5a9",
            "sensitive_content": null,
            "source": null
          },
          "sensitive_attributes": []
        }
      ]
    }
  ],
  "check_results": null
}
